
Microsoft Visual Studio Solution File, Format Version 12.00
# Visual Studio Version 17
VisualStudioVersion = 17.0.31919.166
MinimumVisualStudioVersion = 10.0.40219.1
Project("{8BC9CEB8-8B4A-11D0-8D11-00A0C91BC942}") = "ViewFace", "ViewFace\ViewFace.vcxproj", "{D02E4767-E346-4990-A857-8084E372E85F}"
EndProject
Project("{9A19103F-16F7-4668-BE54-9A1E7A4F7556}") = "ViewFaceCore", "ViewFaceCore\ViewFaceCore.csproj", "{1F7CD1A5-AF69-4F8B-AF45-59271BADDC9A}"
EndProject
Project("{2150E333-8FDC-42A3-9474-1A3956D46DE8}") = "Linux", "Linux", "{C8DBFA0D-C8CB-4A5C-BBF0-BD38DE503A61}"
EndProject
Project("{2150E333-8FDC-42A3-9474-1A3956D46DE8}") = "Windows", "Windows", "{580497C1-4829-45EB-A8A9-E410D7B5BE53}"
EndProject
Project("{2150E333-8FDC-42A3-9474-1A3956D46DE8}") = "Bridges", "Bridges", "{2F1F2732-0D42-4F78-9FDF-AD971C5B5D32}"
EndProject
Project("{8BC9CEB8-8B4A-11D0-8D11-00A0C91BC942}") = "ViewFaceBridge", "Bridges\Windows\ViewFaceBridge\ViewFaceBridge.vcxproj", "{88E8AE97-D78C-4DC3-9823-FAAD5FC4110F}"
EndProject
Project("{8BC9CEB8-8B4A-11D0-8D11-00A0C91BC942}") = "ViewFaceBridge", "Bridges\Linux\ViewFaceBridge\ViewFaceBridge.vcxproj", "{C2228FA7-AAE7-40A9-B858-DD2B62871928}"
EndProject
Project("{2150E333-8FDC-42A3-9474-1A3956D46DE8}") = "Tests", "Tests", "{605C6ABB-B888-4B76-A91C-F4D877903AD0}"
EndProject
Project("{2150E333-8FDC-42A3-9474-1A3956D46DE8}") = "Simples", "Simples", "{FD1136FA-C385-4C7E-A2D2-04065C0AFFDD}"
EndProject
Project("{9A19103F-16F7-4668-BE54-9A1E7A4F7556}") = "ConsoleSimple", "Simples\ConsoleSimple\ConsoleSimple.csproj", "{9B0E1590-0B2A-4FFD-A258-95E3FCC70295}"
EndProject
Project("{9A19103F-16F7-4668-BE54-9A1E7A4F7556}") = "ConsoleSimple.Package", "Simples\ConsoleSimple.Package\ConsoleSimple.Package.csproj", "{A69BDDA3-FBD0-4D2F-B614-CC69F6077E92}"
EndProject
Project("{9A19103F-16F7-4668-BE54-9A1E7A4F7556}") = "ViewFaceCoreTest", "Tests\ViewFaceCoreTest\ViewFaceCoreTest.csproj", "{04A6CB99-1D0F-42AC-AECB-EB71BAB00E8A}"
EndProject
Project("{9A19103F-16F7-4668-BE54-9A1E7A4F7556}") = "ViewFaceBridgeTest", "Tests\ViewFaceBridgeTest\ViewFaceBridgeTest.csproj", "{4D2C2ACD-3FC2-40F7-BEF5-E8CA2BDD3D29}"
EndProject
Project("{8BC9CEB8-8B4A-11D0-8D11-00A0C91BC942}") = "Shared", "Bridges\Shared\Shared.vcxitems", "{59D7F386-8018-44BC-B2BD-6AB32A264EE1}"
EndProject
Global
	GlobalSection(SharedMSBuildProjectFiles) = preSolution
		Bridges\Shared\Shared.vcxitems*{59d7f386-8018-44bc-b2bd-6ab32a264ee1}*SharedItemsImports = 9
		Bridges\Shared\Shared.vcxitems*{88e8ae97-d78c-4dc3-9823-faad5fc4110f}*SharedItemsImports = 4
		Bridges\Shared\Shared.vcxitems*{c2228fa7-aae7-40a9-b858-dd2b62871928}*SharedItemsImports = 4
	EndGlobalSection
	GlobalSection(SolutionConfigurationPlatforms) = preSolution
		Debug|Any CPU = Debug|Any CPU
		Debug|ARM = Debug|ARM
		Debug|ARM64 = Debug|ARM64
		Debug|x64 = Debug|x64
		Debug|x86 = Debug|x86
		Release|Any CPU = Release|Any CPU
		Release|ARM = Release|ARM
		Release|ARM64 = Release|ARM64
		Release|x64 = Release|x64
		Release|x86 = Release|x86
	EndGlobalSection
	GlobalSection(ProjectConfigurationPlatforms) = postSolution
		{D02E4767-E346-4990-A857-8084E372E85F}.Debug|Any CPU.ActiveCfg = Debug|x64
		{D02E4767-E346-4990-A857-8084E372E85F}.Debug|Any CPU.Build.0 = Debug|x64
		{D02E4767-E346-4990-A857-8084E372E85F}.Debug|ARM.ActiveCfg = Debug|x64
		{D02E4767-E346-4990-A857-8084E372E85F}.Debug|ARM64.ActiveCfg = Debug|x64
		{D02E4767-E346-4990-A857-8084E372E85F}.Debug|x64.ActiveCfg = Debug|x64
		{D02E4767-E346-4990-A857-8084E372E85F}.Debug|x64.Build.0 = Debug|x64
		{D02E4767-E346-4990-A857-8084E372E85F}.Debug|x86.ActiveCfg = Debug|Win32
		{D02E4767-E346-4990-A857-8084E372E85F}.Debug|x86.Build.0 = Debug|Win32
		{D02E4767-E346-4990-A857-8084E372E85F}.Release|Any CPU.ActiveCfg = Release|x64
		{D02E4767-E346-4990-A857-8084E372E85F}.Release|Any CPU.Build.0 = Release|x64
		{D02E4767-E346-4990-A857-8084E372E85F}.Release|ARM.ActiveCfg = Release|x64
		{D02E4767-E346-4990-A857-8084E372E85F}.Release|ARM64.ActiveCfg = Release|x64
		{D02E4767-E346-4990-A857-8084E372E85F}.Release|x64.ActiveCfg = Release|x64
		{D02E4767-E346-4990-A857-8084E372E85F}.Release|x64.Build.0 = Release|x64
		{D02E4767-E346-4990-A857-8084E372E85F}.Release|x86.ActiveCfg = Release|Win32
		{D02E4767-E346-4990-A857-8084E372E85F}.Release|x86.Build.0 = Release|Win32
		{1F7CD1A5-AF69-4F8B-AF45-59271BADDC9A}.Debug|Any CPU.ActiveCfg = Debug|Any CPU
		{1F7CD1A5-AF69-4F8B-AF45-59271BADDC9A}.Debug|Any CPU.Build.0 = Debug|Any CPU
		{1F7CD1A5-AF69-4F8B-AF45-59271BADDC9A}.Debug|ARM.ActiveCfg = Debug|Any CPU
		{1F7CD1A5-AF69-4F8B-AF45-59271BADDC9A}.Debug|ARM64.ActiveCfg = Debug|Any CPU
		{1F7CD1A5-AF69-4F8B-AF45-59271BADDC9A}.Debug|x64.ActiveCfg = Debug|Any CPU
		{1F7CD1A5-AF69-4F8B-AF45-59271BADDC9A}.Debug|x64.Build.0 = Debug|Any CPU
		{1F7CD1A5-AF69-4F8B-AF45-59271BADDC9A}.Debug|x86.ActiveCfg = Debug|Any CPU
		{1F7CD1A5-AF69-4F8B-AF45-59271BADDC9A}.Debug|x86.Build.0 = Debug|Any CPU
		{1F7CD1A5-AF69-4F8B-AF45-59271BADDC9A}.Release|Any CPU.ActiveCfg = Release|Any CPU
		{1F7CD1A5-AF69-4F8B-AF45-59271BADDC9A}.Release|Any CPU.Build.0 = Release|Any CPU
		{1F7CD1A5-AF69-4F8B-AF45-59271BADDC9A}.Release|ARM.ActiveCfg = Release|Any CPU
		{1F7CD1A5-AF69-4F8B-AF45-59271BADDC9A}.Release|ARM64.ActiveCfg = Release|Any CPU
		{1F7CD1A5-AF69-4F8B-AF45-59271BADDC9A}.Release|x64.ActiveCfg = Release|Any CPU
		{1F7CD1A5-AF69-4F8B-AF45-59271BADDC9A}.Release|x64.Build.0 = Release|Any CPU
		{1F7CD1A5-AF69-4F8B-AF45-59271BADDC9A}.Release|x86.ActiveCfg = Release|Any CPU
		{1F7CD1A5-AF69-4F8B-AF45-59271BADDC9A}.Release|x86.Build.0 = Release|Any CPU
		{88E8AE97-D78C-4DC3-9823-FAAD5FC4110F}.Debug|Any CPU.ActiveCfg = Debug|x64
		{88E8AE97-D78C-4DC3-9823-FAAD5FC4110F}.Debug|Any CPU.Build.0 = Debug|x64
		{88E8AE97-D78C-4DC3-9823-FAAD5FC4110F}.Debug|ARM.ActiveCfg = Debug|x64
		{88E8AE97-D78C-4DC3-9823-FAAD5FC4110F}.Debug|ARM64.ActiveCfg = Debug|x64
		{88E8AE97-D78C-4DC3-9823-FAAD5FC4110F}.Debug|x64.ActiveCfg = Debug|x64
		{88E8AE97-D78C-4DC3-9823-FAAD5FC4110F}.Debug|x64.Build.0 = Debug|x64
		{88E8AE97-D78C-4DC3-9823-FAAD5FC4110F}.Debug|x86.ActiveCfg = Debug|Win32
		{88E8AE97-D78C-4DC3-9823-FAAD5FC4110F}.Debug|x86.Build.0 = Debug|Win32
		{88E8AE97-D78C-4DC3-9823-FAAD5FC4110F}.Release|Any CPU.ActiveCfg = Release|x64
		{88E8AE97-D78C-4DC3-9823-FAAD5FC4110F}.Release|Any CPU.Build.0 = Release|x64
		{88E8AE97-D78C-4DC3-9823-FAAD5FC4110F}.Release|ARM.ActiveCfg = Release|x64
		{88E8AE97-D78C-4DC3-9823-FAAD5FC4110F}.Release|ARM64.ActiveCfg = Release|x64
		{88E8AE97-D78C-4DC3-9823-FAAD5FC4110F}.Release|x64.ActiveCfg = Release|x64
		{88E8AE97-D78C-4DC3-9823-FAAD5FC4110F}.Release|x64.Build.0 = Release|x64
		{88E8AE97-D78C-4DC3-9823-FAAD5FC4110F}.Release|x86.ActiveCfg = Release|Win32
		{88E8AE97-D78C-4DC3-9823-FAAD5FC4110F}.Release|x86.Build.0 = Release|Win32
		{C2228FA7-AAE7-40A9-B858-DD2B62871928}.Debug|Any CPU.ActiveCfg = Debug|x64
		{C2228FA7-AAE7-40A9-B858-DD2B62871928}.Debug|Any CPU.Build.0 = Debug|x64
		{C2228FA7-AAE7-40A9-B858-DD2B62871928}.Debug|Any CPU.Deploy.0 = Debug|x64
		{C2228FA7-AAE7-40A9-B858-DD2B62871928}.Debug|ARM.ActiveCfg = Debug|ARM
		{C2228FA7-AAE7-40A9-B858-DD2B62871928}.Debug|ARM64.ActiveCfg = Debug|ARM64
		{C2228FA7-AAE7-40A9-B858-DD2B62871928}.Debug|x64.ActiveCfg = Debug|x64
		{C2228FA7-AAE7-40A9-B858-DD2B62871928}.Debug|x64.Build.0 = Debug|x64
		{C2228FA7-AAE7-40A9-B858-DD2B62871928}.Debug|x64.Deploy.0 = Debug|x64
		{C2228FA7-AAE7-40A9-B858-DD2B62871928}.Debug|x86.ActiveCfg = Debug|x86
		{C2228FA7-AAE7-40A9-B858-DD2B62871928}.Debug|x86.Deploy.0 = Debug|x86
		{C2228FA7-AAE7-40A9-B858-DD2B62871928}.Release|Any CPU.ActiveCfg = Release|x64
		{C2228FA7-AAE7-40A9-B858-DD2B62871928}.Release|Any CPU.Build.0 = Release|x64
		{C2228FA7-AAE7-40A9-B858-DD2B62871928}.Release|Any CPU.Deploy.0 = Release|x64
		{C2228FA7-AAE7-40A9-B858-DD2B62871928}.Release|ARM.ActiveCfg = Release|ARM
		{C2228FA7-AAE7-40A9-B858-DD2B62871928}.Release|ARM64.ActiveCfg = Release|ARM64
		{C2228FA7-AAE7-40A9-B858-DD2B62871928}.Release|x64.ActiveCfg = Release|x64
		{C2228FA7-AAE7-40A9-B858-DD2B62871928}.Release|x64.Build.0 = Release|x64
		{C2228FA7-AAE7-40A9-B858-DD2B62871928}.Release|x64.Deploy.0 = Release|x64
		{C2228FA7-AAE7-40A9-B858-DD2B62871928}.Release|x86.ActiveCfg = Release|x86
		{C2228FA7-AAE7-40A9-B858-DD2B62871928}.Release|x86.Deploy.0 = Release|x86
		{9B0E1590-0B2A-4FFD-A258-95E3FCC70295}.Debug|Any CPU.ActiveCfg = Debug|Any CPU
		{9B0E1590-0B2A-4FFD-A258-95E3FCC70295}.Debug|Any CPU.Build.0 = Debug|Any CPU
		{9B0E1590-0B2A-4FFD-A258-95E3FCC70295}.Debug|ARM.ActiveCfg = Debug|Any CPU
		{9B0E1590-0B2A-4FFD-A258-95E3FCC70295}.Debug|ARM.Build.0 = Debug|Any CPU
		{9B0E1590-0B2A-4FFD-A258-95E3FCC70295}.Debug|ARM64.ActiveCfg = Debug|Any CPU
		{9B0E1590-0B2A-4FFD-A258-95E3FCC70295}.Debug|ARM64.Build.0 = Debug|Any CPU
		{9B0E1590-0B2A-4FFD-A258-95E3FCC70295}.Debug|x64.ActiveCfg = Debug|Any CPU
		{9B0E1590-0B2A-4FFD-A258-95E3FCC70295}.Debug|x64.Build.0 = Debug|Any CPU
		{9B0E1590-0B2A-4FFD-A258-95E3FCC70295}.Debug|x86.ActiveCfg = Debug|Any CPU
		{9B0E1590-0B2A-4FFD-A258-95E3FCC70295}.Debug|x86.Build.0 = Debug|Any CPU
		{9B0E1590-0B2A-4FFD-A258-95E3FCC70295}.Release|Any CPU.ActiveCfg = Release|Any CPU
		{9B0E1590-0B2A-4FFD-A258-95E3FCC70295}.Release|Any CPU.Build.0 = Release|Any CPU
		{9B0E1590-0B2A-4FFD-A258-95E3FCC70295}.Release|ARM.ActiveCfg = Release|Any CPU
		{9B0E1590-0B2A-4FFD-A258-95E3FCC70295}.Release|ARM.Build.0 = Release|Any CPU
		{9B0E1590-0B2A-4FFD-A258-95E3FCC70295}.Release|ARM64.ActiveCfg = Release|Any CPU
		{9B0E1590-0B2A-4FFD-A258-95E3FCC70295}.Release|ARM64.Build.0 = Release|Any CPU
		{9B0E1590-0B2A-4FFD-A258-95E3FCC70295}.Release|x64.ActiveCfg = Release|Any CPU
		{9B0E1590-0B2A-4FFD-A258-95E3FCC70295}.Release|x64.Build.0 = Release|Any CPU
		{9B0E1590-0B2A-4FFD-A258-95E3FCC70295}.Release|x86.ActiveCfg = Release|Any CPU
		{9B0E1590-0B2A-4FFD-A258-95E3FCC70295}.Release|x86.Build.0 = Release|Any CPU
		{A69BDDA3-FBD0-4D2F-B614-CC69F6077E92}.Debug|Any CPU.ActiveCfg = Debug|Any CPU
		{A69BDDA3-FBD0-4D2F-B614-CC69F6077E92}.Debug|Any CPU.Build.0 = Debug|Any CPU
		{A69BDDA3-FBD0-4D2F-B614-CC69F6077E92}.Debug|ARM.ActiveCfg = Debug|Any CPU
		{A69BDDA3-FBD0-4D2F-B614-CC69F6077E92}.Debug|ARM.Build.0 = Debug|Any CPU
		{A69BDDA3-FBD0-4D2F-B614-CC69F6077E92}.Debug|ARM64.ActiveCfg = Debug|Any CPU
		{A69BDDA3-FBD0-4D2F-B614-CC69F6077E92}.Debug|ARM64.Build.0 = Debug|Any CPU
		{A69BDDA3-FBD0-4D2F-B614-CC69F6077E92}.Debug|x64.ActiveCfg = Debug|Any CPU
		{A69BDDA3-FBD0-4D2F-B614-CC69F6077E92}.Debug|x64.Build.0 = Debug|Any CPU
		{A69BDDA3-FBD0-4D2F-B614-CC69F6077E92}.Debug|x86.ActiveCfg = Debug|Any CPU
		{A69BDDA3-FBD0-4D2F-B614-CC69F6077E92}.Debug|x86.Build.0 = Debug|Any CPU
		{A69BDDA3-FBD0-4D2F-B614-CC69F6077E92}.Release|Any CPU.ActiveCfg = Release|Any CPU
		{A69BDDA3-FBD0-4D2F-B614-CC69F6077E92}.Release|Any CPU.Build.0 = Release|Any CPU
		{A69BDDA3-FBD0-4D2F-B614-CC69F6077E92}.Release|ARM.ActiveCfg = Release|Any CPU
		{A69BDDA3-FBD0-4D2F-B614-CC69F6077E92}.Release|ARM.Build.0 = Release|Any CPU
		{A69BDDA3-FBD0-4D2F-B614-CC69F6077E92}.Release|ARM64.ActiveCfg = Release|Any CPU
		{A69BDDA3-FBD0-4D2F-B614-CC69F6077E92}.Release|ARM64.Build.0 = Release|Any CPU
		{A69BDDA3-FBD0-4D2F-B614-CC69F6077E92}.Release|x64.ActiveCfg = Release|Any CPU
		{A69BDDA3-FBD0-4D2F-B614-CC69F6077E92}.Release|x64.Build.0 = Release|Any CPU
		{A69BDDA3-FBD0-4D2F-B614-CC69F6077E92}.Release|x86.ActiveCfg = Release|Any CPU
		{A69BDDA3-FBD0-4D2F-B614-CC69F6077E92}.Release|x86.Build.0 = Release|Any CPU
		{04A6CB99-1D0F-42AC-AECB-EB71BAB00E8A}.Debug|Any CPU.ActiveCfg = Debug|Any CPU
		{04A6CB99-1D0F-42AC-AECB-EB71BAB00E8A}.Debug|Any CPU.Build.0 = Debug|Any CPU
		{04A6CB99-1D0F-42AC-AECB-EB71BAB00E8A}.Debug|ARM.ActiveCfg = Debug|Any CPU
		{04A6CB99-1D0F-42AC-AECB-EB71BAB00E8A}.Debug|ARM.Build.0 = Debug|Any CPU
		{04A6CB99-1D0F-42AC-AECB-EB71BAB00E8A}.Debug|ARM64.ActiveCfg = Debug|Any CPU
		{04A6CB99-1D0F-42AC-AECB-EB71BAB00E8A}.Debug|ARM64.Build.0 = Debug|Any CPU
		{04A6CB99-1D0F-42AC-AECB-EB71BAB00E8A}.Debug|x64.ActiveCfg = Debug|Any CPU
		{04A6CB99-1D0F-42AC-AECB-EB71BAB00E8A}.Debug|x64.Build.0 = Debug|Any CPU
		{04A6CB99-1D0F-42AC-AECB-EB71BAB00E8A}.Debug|x86.ActiveCfg = Debug|Any CPU
		{04A6CB99-1D0F-42AC-AECB-EB71BAB00E8A}.Debug|x86.Build.0 = Debug|Any CPU
		{04A6CB99-1D0F-42AC-AECB-EB71BAB00E8A}.Release|Any CPU.ActiveCfg = Release|Any CPU
		{04A6CB99-1D0F-42AC-AECB-EB71BAB00E8A}.Release|Any CPU.Build.0 = Release|Any CPU
		{04A6CB99-1D0F-42AC-AECB-EB71BAB00E8A}.Release|ARM.ActiveCfg = Release|Any CPU
		{04A6CB99-1D0F-42AC-AECB-EB71BAB00E8A}.Release|ARM.Build.0 = Release|Any CPU
		{04A6CB99-1D0F-42AC-AECB-EB71BAB00E8A}.Release|ARM64.ActiveCfg = Release|Any CPU
		{04A6CB99-1D0F-42AC-AECB-EB71BAB00E8A}.Release|ARM64.Build.0 = Release|Any CPU
		{04A6CB99-1D0F-42AC-AECB-EB71BAB00E8A}.Release|x64.ActiveCfg = Release|Any CPU
		{04A6CB99-1D0F-42AC-AECB-EB71BAB00E8A}.Release|x64.Build.0 = Release|Any CPU
		{04A6CB99-1D0F-42AC-AECB-EB71BAB00E8A}.Release|x86.ActiveCfg = Release|Any CPU
		{04A6CB99-1D0F-42AC-AECB-EB71BAB00E8A}.Release|x86.Build.0 = Release|Any CPU
		{4D2C2ACD-3FC2-40F7-BEF5-E8CA2BDD3D29}.Debug|Any CPU.ActiveCfg = Debug|Any CPU
		{4D2C2ACD-3FC2-40F7-BEF5-E8CA2BDD3D29}.Debug|Any CPU.Build.0 = Debug|Any CPU
		{4D2C2ACD-3FC2-40F7-BEF5-E8CA2BDD3D29}.Debug|ARM.ActiveCfg = Debug|Any CPU
		{4D2C2ACD-3FC2-40F7-BEF5-E8CA2BDD3D29}.Debug|ARM.Build.0 = Debug|Any CPU
		{4D2C2ACD-3FC2-40F7-BEF5-E8CA2BDD3D29}.Debug|ARM64.ActiveCfg = Debug|Any CPU
		{4D2C2ACD-3FC2-40F7-BEF5-E8CA2BDD3D29}.Debug|ARM64.Build.0 = Debug|Any CPU
		{4D2C2ACD-3FC2-40F7-BEF5-E8CA2BDD3D29}.Debug|x64.ActiveCfg = Debug|Any CPU
		{4D2C2ACD-3FC2-40F7-BEF5-E8CA2BDD3D29}.Debug|x64.Build.0 = Debug|Any CPU
		{4D2C2ACD-3FC2-40F7-BEF5-E8CA2BDD3D29}.Debug|x86.ActiveCfg = Debug|Any CPU
		{4D2C2ACD-3FC2-40F7-BEF5-E8CA2BDD3D29}.Debug|x86.Build.0 = Debug|Any CPU
		{4D2C2ACD-3FC2-40F7-BEF5-E8CA2BDD3D29}.Release|Any CPU.ActiveCfg = Release|Any CPU
		{4D2C2ACD-3FC2-40F7-BEF5-E8CA2BDD3D29}.Release|Any CPU.Build.0 = Release|Any CPU
		{4D2C2ACD-3FC2-40F7-BEF5-E8CA2BDD3D29}.Release|ARM.ActiveCfg = Release|Any CPU
		{4D2C2ACD-3FC2-40F7-BEF5-E8CA2BDD3D29}.Release|ARM.Build.0 = Release|Any CPU
		{4D2C2ACD-3FC2-40F7-BEF5-E8CA2BDD3D29}.Release|ARM64.ActiveCfg = Release|Any CPU
		{4D2C2ACD-3FC2-40F7-BEF5-E8CA2BDD3D29}.Release|ARM64.Build.0 = Release|Any CPU
		{4D2C2ACD-3FC2-40F7-BEF5-E8CA2BDD3D29}.Release|x64.ActiveCfg = Release|Any CPU
		{4D2C2ACD-3FC2-40F7-BEF5-E8CA2BDD3D29}.Release|x64.Build.0 = Release|Any CPU
		{4D2C2ACD-3FC2-40F7-BEF5-E8CA2BDD3D29}.Release|x86.ActiveCfg = Release|Any CPU
		{4D2C2ACD-3FC2-40F7-BEF5-E8CA2BDD3D29}.Release|x86.Build.0 = Release|Any CPU
	EndGlobalSection
	GlobalSection(SolutionProperties) = preSolution
		HideSolutionNode = FALSE
	EndGlobalSection
	GlobalSection(NestedProjects) = preSolution
		{C8DBFA0D-C8CB-4A5C-BBF0-BD38DE503A61} = {2F1F2732-0D42-4F78-9FDF-AD971C5B5D32}
		{580497C1-4829-45EB-A8A9-E410D7B5BE53} = {2F1F2732-0D42-4F78-9FDF-AD971C5B5D32}
		{88E8AE97-D78C-4DC3-9823-FAAD5FC4110F} = {580497C1-4829-45EB-A8A9-E410D7B5BE53}
		{C2228FA7-AAE7-40A9-B858-DD2B62871928} = {C8DBFA0D-C8CB-4A5C-BBF0-BD38DE503A61}
		{9B0E1590-0B2A-4FFD-A258-95E3FCC70295} = {FD1136FA-C385-4C7E-A2D2-04065C0AFFDD}
		{A69BDDA3-FBD0-4D2F-B614-CC69F6077E92} = {FD1136FA-C385-4C7E-A2D2-04065C0AFFDD}
		{04A6CB99-1D0F-42AC-AECB-EB71BAB00E8A} = {605C6ABB-B888-4B76-A91C-F4D877903AD0}
		{4D2C2ACD-3FC2-40F7-BEF5-E8CA2BDD3D29} = {605C6ABB-B888-4B76-A91C-F4D877903AD0}
		{59D7F386-8018-44BC-B2BD-6AB32A264EE1} = {2F1F2732-0D42-4F78-9FDF-AD971C5B5D32}
	EndGlobalSection
	GlobalSection(ExtensibilityGlobals) = postSolution
		SolutionGuid = {3578CA19-CBB6-40E9-A4CF-AF7440E45274}
	EndGlobalSection
EndGlobal
