
Microsoft Visual Studio Solution File, Format Version 12.00
# Visual Studio Version 16
VisualStudioVersion = 16.0.30104.148
MinimumVisualStudioVersion = 10.0.40219.1
Project("{8BC9CEB8-8B4A-11D0-8D11-00A0C91BC942}") = "ViewFace", "ViewFace\ViewFace.vcxproj", "{D02E4767-E346-4990-A857-8084E372E85F}"
EndProject
Project("{9A19103F-16F7-4668-BE54-9A1E7A4F7556}") = "ViewFaceCore", "ViewFaceCore\ViewFaceCore.csproj", "{1F7CD1A5-AF69-4F8B-AF45-59271BADDC9A}"
EndProject
Project("{9A19103F-16F7-4668-BE54-9A1E7A4F7556}") = "ViewFaceTest", "ViewFaceTest\ViewFaceTest.csproj", "{8286F760-5F52-4CE6-9D9F-E61013B65BCA}"
EndProject
Project("{9A19103F-16F7-4668-BE54-9A1E7A4F7556}") = "ViewFaceTestPackage", "ViewFaceTestPackage\ViewFaceTestPackage.csproj", "{8AD0171A-E515-4F8F-BCB2-B9B8AA0D1B15}"
EndProject
Project("{2150E333-8FDC-42A3-9474-1A3956D46DE8}") = "Solution Items", "Solution Items", "{DAC7014C-CE2E-4CDA-89D7-496A53AAEBBC}"
	ProjectSection(SolutionItems) = preProject
		LICENSE = LICENSE
		README.md = README.md
		README_API.md = README_API.md
		ReBuild.bat = ReBuild.bat
	EndProjectSection
EndProject
Global
	GlobalSection(SolutionConfigurationPlatforms) = preSolution
		Debug|Any CPU = Debug|Any CPU
		Debug|x64 = Debug|x64
		Debug|x86 = Debug|x86
		Release|Any CPU = Release|Any CPU
		Release|x64 = Release|x64
		Release|x86 = Release|x86
	EndGlobalSection
	GlobalSection(ProjectConfigurationPlatforms) = postSolution
		{D02E4767-E346-4990-A857-8084E372E85F}.Debug|Any CPU.ActiveCfg = Debug|x64
		{D02E4767-E346-4990-A857-8084E372E85F}.Debug|Any CPU.Build.0 = Debug|x64
		{D02E4767-E346-4990-A857-8084E372E85F}.Debug|x64.ActiveCfg = Debug|x64
		{D02E4767-E346-4990-A857-8084E372E85F}.Debug|x64.Build.0 = Debug|x64
		{D02E4767-E346-4990-A857-8084E372E85F}.Debug|x86.ActiveCfg = Debug|Win32
		{D02E4767-E346-4990-A857-8084E372E85F}.Debug|x86.Build.0 = Debug|Win32
		{D02E4767-E346-4990-A857-8084E372E85F}.Release|Any CPU.ActiveCfg = Release|x64
		{D02E4767-E346-4990-A857-8084E372E85F}.Release|Any CPU.Build.0 = Release|x64
		{D02E4767-E346-4990-A857-8084E372E85F}.Release|x64.ActiveCfg = Release|x64
		{D02E4767-E346-4990-A857-8084E372E85F}.Release|x64.Build.0 = Release|x64
		{D02E4767-E346-4990-A857-8084E372E85F}.Release|x86.ActiveCfg = Release|Win32
		{D02E4767-E346-4990-A857-8084E372E85F}.Release|x86.Build.0 = Release|Win32
		{1F7CD1A5-AF69-4F8B-AF45-59271BADDC9A}.Debug|Any CPU.ActiveCfg = Debug|Any CPU
		{1F7CD1A5-AF69-4F8B-AF45-59271BADDC9A}.Debug|Any CPU.Build.0 = Debug|Any CPU
		{1F7CD1A5-AF69-4F8B-AF45-59271BADDC9A}.Debug|x64.ActiveCfg = Debug|Any CPU
		{1F7CD1A5-AF69-4F8B-AF45-59271BADDC9A}.Debug|x64.Build.0 = Debug|Any CPU
		{1F7CD1A5-AF69-4F8B-AF45-59271BADDC9A}.Debug|x86.ActiveCfg = Debug|Any CPU
		{1F7CD1A5-AF69-4F8B-AF45-59271BADDC9A}.Debug|x86.Build.0 = Debug|Any CPU
		{1F7CD1A5-AF69-4F8B-AF45-59271BADDC9A}.Release|Any CPU.ActiveCfg = Release|Any CPU
		{1F7CD1A5-AF69-4F8B-AF45-59271BADDC9A}.Release|Any CPU.Build.0 = Release|Any CPU
		{1F7CD1A5-AF69-4F8B-AF45-59271BADDC9A}.Release|x64.ActiveCfg = Release|Any CPU
		{1F7CD1A5-AF69-4F8B-AF45-59271BADDC9A}.Release|x64.Build.0 = Release|Any CPU
		{1F7CD1A5-AF69-4F8B-AF45-59271BADDC9A}.Release|x86.ActiveCfg = Release|Any CPU
		{1F7CD1A5-AF69-4F8B-AF45-59271BADDC9A}.Release|x86.Build.0 = Release|Any CPU
		{8286F760-5F52-4CE6-9D9F-E61013B65BCA}.Debug|Any CPU.ActiveCfg = Debug|Any CPU
		{8286F760-5F52-4CE6-9D9F-E61013B65BCA}.Debug|Any CPU.Build.0 = Debug|Any CPU
		{8286F760-5F52-4CE6-9D9F-E61013B65BCA}.Debug|x64.ActiveCfg = Debug|Any CPU
		{8286F760-5F52-4CE6-9D9F-E61013B65BCA}.Debug|x64.Build.0 = Debug|Any CPU
		{8286F760-5F52-4CE6-9D9F-E61013B65BCA}.Debug|x86.ActiveCfg = Debug|Any CPU
		{8286F760-5F52-4CE6-9D9F-E61013B65BCA}.Debug|x86.Build.0 = Debug|Any CPU
		{8286F760-5F52-4CE6-9D9F-E61013B65BCA}.Release|Any CPU.ActiveCfg = Release|Any CPU
		{8286F760-5F52-4CE6-9D9F-E61013B65BCA}.Release|Any CPU.Build.0 = Release|Any CPU
		{8286F760-5F52-4CE6-9D9F-E61013B65BCA}.Release|x64.ActiveCfg = Release|Any CPU
		{8286F760-5F52-4CE6-9D9F-E61013B65BCA}.Release|x64.Build.0 = Release|Any CPU
		{8286F760-5F52-4CE6-9D9F-E61013B65BCA}.Release|x86.ActiveCfg = Release|Any CPU
		{8286F760-5F52-4CE6-9D9F-E61013B65BCA}.Release|x86.Build.0 = Release|Any CPU
		{8AD0171A-E515-4F8F-BCB2-B9B8AA0D1B15}.Debug|Any CPU.ActiveCfg = Debug|Any CPU
		{8AD0171A-E515-4F8F-BCB2-B9B8AA0D1B15}.Debug|Any CPU.Build.0 = Debug|Any CPU
		{8AD0171A-E515-4F8F-BCB2-B9B8AA0D1B15}.Debug|x64.ActiveCfg = Debug|Any CPU
		{8AD0171A-E515-4F8F-BCB2-B9B8AA0D1B15}.Debug|x64.Build.0 = Debug|Any CPU
		{8AD0171A-E515-4F8F-BCB2-B9B8AA0D1B15}.Debug|x86.ActiveCfg = Debug|Any CPU
		{8AD0171A-E515-4F8F-BCB2-B9B8AA0D1B15}.Debug|x86.Build.0 = Debug|Any CPU
		{8AD0171A-E515-4F8F-BCB2-B9B8AA0D1B15}.Release|Any CPU.ActiveCfg = Release|Any CPU
		{8AD0171A-E515-4F8F-BCB2-B9B8AA0D1B15}.Release|Any CPU.Build.0 = Release|Any CPU
		{8AD0171A-E515-4F8F-BCB2-B9B8AA0D1B15}.Release|x64.ActiveCfg = Release|Any CPU
		{8AD0171A-E515-4F8F-BCB2-B9B8AA0D1B15}.Release|x64.Build.0 = Release|Any CPU
		{8AD0171A-E515-4F8F-BCB2-B9B8AA0D1B15}.Release|x86.ActiveCfg = Release|Any CPU
		{8AD0171A-E515-4F8F-BCB2-B9B8AA0D1B15}.Release|x86.Build.0 = Release|Any CPU
	EndGlobalSection
	GlobalSection(SolutionProperties) = preSolution
		HideSolutionNode = FALSE
	EndGlobalSection
	GlobalSection(ExtensibilityGlobals) = postSolution
		SolutionGuid = {3578CA19-CBB6-40E9-A4CF-AF7440E45274}
	EndGlobalSection
EndGlobal
