
Microsoft Visual Studio Solution File, Format Version 12.00
# Visual Studio Version 17
VisualStudioVersion = 17.0.31919.166
MinimumVisualStudioVersion = 10.0.40219.1
Project("{9A19103F-16F7-4668-BE54-9A1E7A4F7556}") = "ViewFaceCore", "ViewFaceCore\ViewFaceCore.csproj", "{1F7CD1A5-AF69-4F8B-AF45-59271BADDC9A}"
EndProject
Project("{2150E333-8FDC-42A3-9474-1A3956D46DE8}") = "Linux", "Linux", "{C8DBFA0D-C8CB-4A5C-BBF0-BD38DE503A61}"
EndProject
Project("{2150E333-8FDC-42A3-9474-1A3956D46DE8}") = "Windows", "Windows", "{580497C1-4829-45EB-A8A9-E410D7B5BE53}"
EndProject
Project("{2150E333-8FDC-42A3-9474-1A3956D46DE8}") = "Bridges", "Bridges", "{2F1F2732-0D42-4F78-9FDF-AD971C5B5D32}"
EndProject
Project("{8BC9CEB8-8B4A-11D0-8D11-00A0C91BC942}") = "ViewFaceBridge", "Bridges\Windows\ViewFaceBridge\ViewFaceBridge.vcxproj", "{88E8AE97-D78C-4DC3-9823-FAAD5FC4110F}"
EndProject
Project("{8BC9CEB8-8B4A-11D0-8D11-00A0C91BC942}") = "ViewFaceBridge", "Bridges\Linux\ViewFaceBridge\ViewFaceBridge.vcxproj", "{C2228FA7-AAE7-40A9-B858-DD2B62871928}"
EndProject
Project("{2150E333-8FDC-42A3-9474-1A3956D46DE8}") = "Tests", "Tests", "{605C6ABB-B888-4B76-A91C-F4D877903AD0}"
EndProject
Project("{2150E333-8FDC-42A3-9474-1A3956D46DE8}") = "Simples", "Simples", "{FD1136FA-C385-4C7E-A2D2-04065C0AFFDD}"
EndProject
Project("{9A19103F-16F7-4668-BE54-9A1E7A4F7556}") = "ConsoleSimple.Package", "Simples\ConsoleSimple.Package\ConsoleSimple.Package.csproj", "{A69BDDA3-FBD0-4D2F-B614-CC69F6077E92}"
EndProject
Project("{9A19103F-16F7-4668-BE54-9A1E7A4F7556}") = "ViewFaceCoreTest", "Tests\ViewFaceCoreTest\ViewFaceCoreTest.csproj", "{04A6CB99-1D0F-42AC-AECB-EB71BAB00E8A}"
EndProject
Project("{9A19103F-16F7-4668-BE54-9A1E7A4F7556}") = "ViewFaceBridgeTest", "Tests\ViewFaceBridgeTest\ViewFaceBridgeTest.csproj", "{4D2C2ACD-3FC2-40F7-BEF5-E8CA2BDD3D29}"
EndProject
Project("{8BC9CEB8-8B4A-11D0-8D11-00A0C91BC942}") = "Shared", "Bridges\Shared\Shared.vcxitems", "{59D7F386-8018-44BC-B2BD-6AB32A264EE1}"
EndProject
Project("{2150E333-8FDC-42A3-9474-1A3956D46DE8}") = "Models", "Models", "{41C16385-E0AC-4C89-A355-BA390B994F49}"
	ProjectSection(SolutionItems) = preProject
		Models\pack.all.bat = Models\pack.all.bat
	EndProjectSection
EndProject
Project("{9A19103F-16F7-4668-BE54-9A1E7A4F7556}") = "ViewFaceCore.model.face_detector", "Models\ViewFaceCore.model.face_detector\ViewFaceCore.model.face_detector.csproj", "{3196B90B-84BF-40BF-8EBF-F25CBE683266}"
EndProject
Project("{9A19103F-16F7-4668-BE54-9A1E7A4F7556}") = "ViewFaceCore.model.age_predictor", "Models\ViewFaceCore.model.age_predictor\ViewFaceCore.model.age_predictor.csproj", "{F66BB9F4-ACBA-4766-8D7D-A6C7A3C817D0}"
EndProject
Project("{9A19103F-16F7-4668-BE54-9A1E7A4F7556}") = "ViewFaceCore.model.eye_state", "Models\ViewFaceCore.model.eye_state\ViewFaceCore.model.eye_state.csproj", "{504A3771-9987-4225-8843-07554EC7F714}"
EndProject
Project("{9A19103F-16F7-4668-BE54-9A1E7A4F7556}") = "ViewFaceCore.model.face_landmarker_mask_pts5", "Models\ViewFaceCore.model.face_landmarker_mask_pts5\ViewFaceCore.model.face_landmarker_mask_pts5.csproj", "{329B2BBB-6E09-4932-AE2B-7D200BDEF627}"
EndProject
Project("{9A19103F-16F7-4668-BE54-9A1E7A4F7556}") = "ViewFaceCore.model.face_landmarker_pts5", "Models\ViewFaceCore.model.face_landmarker_pts5\ViewFaceCore.model.face_landmarker_pts5.csproj", "{9A150E68-CF3A-4B08-822D-AA897DEDB44C}"
EndProject
Project("{9A19103F-16F7-4668-BE54-9A1E7A4F7556}") = "ViewFaceCore.model.face_landmarker_pts68", "Models\ViewFaceCore.model.face_landmarker_pts68\ViewFaceCore.model.face_landmarker_pts68.csproj", "{3FBD3FA5-B4C9-4C24-BBEA-8C08752F93E3}"
EndProject
Project("{9A19103F-16F7-4668-BE54-9A1E7A4F7556}") = "ViewFaceCore.model.face_recognizer", "Models\ViewFaceCore.model.face_recognizer\ViewFaceCore.model.face_recognizer.csproj", "{334E6B0D-7E5C-4222-8A73-968B2BEBAFA4}"
EndProject
Project("{9A19103F-16F7-4668-BE54-9A1E7A4F7556}") = "ViewFaceCore.model.face_recognizer_light", "Models\ViewFaceCore.model.face_recognizer_light\ViewFaceCore.model.face_recognizer_light.csproj", "{42B422BB-4CD7-4F94-BAA6-51DDD5C8B82F}"
EndProject
Project("{9A19103F-16F7-4668-BE54-9A1E7A4F7556}") = "ViewFaceCore.model.face_recognizer_mask", "Models\ViewFaceCore.model.face_recognizer_mask\ViewFaceCore.model.face_recognizer_mask.csproj", "{0723A6DA-6CD7-427C-908E-FA475F42B996}"
EndProject
Project("{9A19103F-16F7-4668-BE54-9A1E7A4F7556}") = "ViewFaceCore.model.fas_first", "Models\ViewFaceCore.model.fas_first\ViewFaceCore.model.fas_first.csproj", "{C70A5298-499A-4DF8-8E3A-86ECE0C65165}"
EndProject
Project("{9A19103F-16F7-4668-BE54-9A1E7A4F7556}") = "ViewFaceCore.model.fas_second", "Models\ViewFaceCore.model.fas_second\ViewFaceCore.model.fas_second.csproj", "{4754884F-0F04-4F11-8411-CEA878C00077}"
EndProject
Project("{9A19103F-16F7-4668-BE54-9A1E7A4F7556}") = "ViewFaceCore.model.gender_predictor", "Models\ViewFaceCore.model.gender_predictor\ViewFaceCore.model.gender_predictor.csproj", "{E36E1E56-C26D-4792-91E3-F4B84DFB313C}"
EndProject
Project("{9A19103F-16F7-4668-BE54-9A1E7A4F7556}") = "ViewFaceCore.model.mask_detector", "Models\ViewFaceCore.model.mask_detector\ViewFaceCore.model.mask_detector.csproj", "{34A3190F-3971-4E04-A6CF-0098257643B7}"
EndProject
Project("{9A19103F-16F7-4668-BE54-9A1E7A4F7556}") = "ViewFaceCore.model.pose_estimation", "Models\ViewFaceCore.model.pose_estimation\ViewFaceCore.model.pose_estimation.csproj", "{D883863C-6C8E-4EA5-99F3-B153F6E25FFC}"
EndProject
Project("{9A19103F-16F7-4668-BE54-9A1E7A4F7556}") = "ViewFaceCore.model.quality_lbn", "Models\ViewFaceCore.model.quality_lbn\ViewFaceCore.model.quality_lbn.csproj", "{9E299165-5094-447E-98BB-5FC7FB653D95}"
EndProject
Project("{9A19103F-16F7-4668-BE54-9A1E7A4F7556}") = "ViewFaceCore.all_models", "Models\ViewFaceCore.all_models\ViewFaceCore.all_models.csproj", "{76FB6F35-E3D9-4B8C-9A88-EB4DFB940E54}"
EndProject
Project("{2150E333-8FDC-42A3-9474-1A3956D46DE8}") = "Libraries", "Libraries", "{831C2E64-7E48-4DFC-93D8-CAF6061E008D}"
	ProjectSection(SolutionItems) = preProject
		Libraries\pack.all.bat = Libraries\pack.all.bat
	EndProjectSection
EndProject
Project("{9A19103F-16F7-4668-BE54-9A1E7A4F7556}") = "ViewFaceCore.runtime.win.x64", "Libraries\ViewFaceCore.runtime.win.x64\ViewFaceCore.runtime.win.x64.csproj", "{55253C44-E367-49A0-8D23-2710B0FBCDDF}"
EndProject
Project("{9A19103F-16F7-4668-BE54-9A1E7A4F7556}") = "ViewFaceCore.runtime.win.x86", "Libraries\ViewFaceCore.runtime.win.x86\ViewFaceCore.runtime.win.x86.csproj", "{342FF263-E09B-43E5-9A9C-FE4A50B934A2}"
EndProject
Project("{9A19103F-16F7-4668-BE54-9A1E7A4F7556}") = "ViewFaceCore.runtime.ubuntu.20.04.x64", "Libraries\ViewFaceCore.runtime.ubuntu.20.04.x64\ViewFaceCore.runtime.ubuntu.20.04.x64.csproj", "{E42ADC92-E019-43A0-BA49-54A8AE0AEFE3}"
EndProject
Project("{9A19103F-16F7-4668-BE54-9A1E7A4F7556}") = "ViewFaceCore.runtime.linux.arm64", "Libraries\ViewFaceCore.runtime.linux.arm64\ViewFaceCore.runtime.linux.arm64.csproj", "{5A557BEA-254B-4990-B11F-7B6021800628}"
EndProject
Project("{9A19103F-16F7-4668-BE54-9A1E7A4F7556}") = "ViewFaceCore.runtime.linux.arm", "Libraries\ViewFaceCore.runtime.linux.arm\ViewFaceCore.runtime.linux.arm.csproj", "{B64A4E49-1C78-4D60-B11D-71D56CF2F7D4}"
EndProject
Global
	GlobalSection(SharedMSBuildProjectFiles) = preSolution
		Bridges\Shared\Shared.vcxitems*{59d7f386-8018-44bc-b2bd-6ab32a264ee1}*SharedItemsImports = 9
		Bridges\Shared\Shared.vcxitems*{88e8ae97-d78c-4dc3-9823-faad5fc4110f}*SharedItemsImports = 4
		Bridges\Shared\Shared.vcxitems*{c2228fa7-aae7-40a9-b858-dd2b62871928}*SharedItemsImports = 4
	EndGlobalSection
	GlobalSection(SolutionConfigurationPlatforms) = preSolution
		Debug|Any CPU = Debug|Any CPU
		Debug|ARM = Debug|ARM
		Debug|ARM64 = Debug|ARM64
		Debug|x64 = Debug|x64
		Debug|x86 = Debug|x86
		Release|Any CPU = Release|Any CPU
		Release|ARM = Release|ARM
		Release|ARM64 = Release|ARM64
		Release|x64 = Release|x64
		Release|x86 = Release|x86
	EndGlobalSection
	GlobalSection(ProjectConfigurationPlatforms) = postSolution
		{1F7CD1A5-AF69-4F8B-AF45-59271BADDC9A}.Debug|Any CPU.ActiveCfg = Debug|Any CPU
		{1F7CD1A5-AF69-4F8B-AF45-59271BADDC9A}.Debug|Any CPU.Build.0 = Debug|Any CPU
		{1F7CD1A5-AF69-4F8B-AF45-59271BADDC9A}.Debug|ARM.ActiveCfg = Debug|Any CPU
		{1F7CD1A5-AF69-4F8B-AF45-59271BADDC9A}.Debug|ARM64.ActiveCfg = Debug|Any CPU
		{1F7CD1A5-AF69-4F8B-AF45-59271BADDC9A}.Debug|x64.ActiveCfg = Debug|Any CPU
		{1F7CD1A5-AF69-4F8B-AF45-59271BADDC9A}.Debug|x64.Build.0 = Debug|Any CPU
		{1F7CD1A5-AF69-4F8B-AF45-59271BADDC9A}.Debug|x86.ActiveCfg = Debug|Any CPU
		{1F7CD1A5-AF69-4F8B-AF45-59271BADDC9A}.Debug|x86.Build.0 = Debug|Any CPU
		{1F7CD1A5-AF69-4F8B-AF45-59271BADDC9A}.Release|Any CPU.ActiveCfg = Release|Any CPU
		{1F7CD1A5-AF69-4F8B-AF45-59271BADDC9A}.Release|Any CPU.Build.0 = Release|Any CPU
		{1F7CD1A5-AF69-4F8B-AF45-59271BADDC9A}.Release|ARM.ActiveCfg = Release|Any CPU
		{1F7CD1A5-AF69-4F8B-AF45-59271BADDC9A}.Release|ARM64.ActiveCfg = Release|Any CPU
		{1F7CD1A5-AF69-4F8B-AF45-59271BADDC9A}.Release|x64.ActiveCfg = Release|Any CPU
		{1F7CD1A5-AF69-4F8B-AF45-59271BADDC9A}.Release|x64.Build.0 = Release|Any CPU
		{1F7CD1A5-AF69-4F8B-AF45-59271BADDC9A}.Release|x86.ActiveCfg = Release|Any CPU
		{1F7CD1A5-AF69-4F8B-AF45-59271BADDC9A}.Release|x86.Build.0 = Release|Any CPU
		{88E8AE97-D78C-4DC3-9823-FAAD5FC4110F}.Debug|Any CPU.ActiveCfg = Debug|x64
		{88E8AE97-D78C-4DC3-9823-FAAD5FC4110F}.Debug|ARM.ActiveCfg = Debug|Win32
		{88E8AE97-D78C-4DC3-9823-FAAD5FC4110F}.Debug|ARM64.ActiveCfg = Debug|x64
		{88E8AE97-D78C-4DC3-9823-FAAD5FC4110F}.Debug|x64.ActiveCfg = Debug|x64
		{88E8AE97-D78C-4DC3-9823-FAAD5FC4110F}.Debug|x64.Build.0 = Debug|x64
		{88E8AE97-D78C-4DC3-9823-FAAD5FC4110F}.Debug|x86.ActiveCfg = Debug|Win32
		{88E8AE97-D78C-4DC3-9823-FAAD5FC4110F}.Debug|x86.Build.0 = Debug|Win32
		{88E8AE97-D78C-4DC3-9823-FAAD5FC4110F}.Release|Any CPU.ActiveCfg = Release|x64
		{88E8AE97-D78C-4DC3-9823-FAAD5FC4110F}.Release|Any CPU.Build.0 = Release|x64
		{88E8AE97-D78C-4DC3-9823-FAAD5FC4110F}.Release|ARM.ActiveCfg = Release|Win32
		{88E8AE97-D78C-4DC3-9823-FAAD5FC4110F}.Release|ARM64.ActiveCfg = Release|x64
		{88E8AE97-D78C-4DC3-9823-FAAD5FC4110F}.Release|x64.ActiveCfg = Release|x64
		{88E8AE97-D78C-4DC3-9823-FAAD5FC4110F}.Release|x64.Build.0 = Release|x64
		{88E8AE97-D78C-4DC3-9823-FAAD5FC4110F}.Release|x86.ActiveCfg = Release|Win32
		{88E8AE97-D78C-4DC3-9823-FAAD5FC4110F}.Release|x86.Build.0 = Release|Win32
		{C2228FA7-AAE7-40A9-B858-DD2B62871928}.Debug|Any CPU.ActiveCfg = Debug|x64
		{C2228FA7-AAE7-40A9-B858-DD2B62871928}.Debug|Any CPU.Deploy.0 = Debug|x64
		{C2228FA7-AAE7-40A9-B858-DD2B62871928}.Debug|ARM.ActiveCfg = Debug|ARM
		{C2228FA7-AAE7-40A9-B858-DD2B62871928}.Debug|ARM.Build.0 = Debug|ARM
		{C2228FA7-AAE7-40A9-B858-DD2B62871928}.Debug|ARM64.ActiveCfg = Debug|ARM64
		{C2228FA7-AAE7-40A9-B858-DD2B62871928}.Debug|ARM64.Build.0 = Debug|ARM64
		{C2228FA7-AAE7-40A9-B858-DD2B62871928}.Debug|x64.ActiveCfg = Debug|x64
		{C2228FA7-AAE7-40A9-B858-DD2B62871928}.Debug|x64.Build.0 = Debug|x64
		{C2228FA7-AAE7-40A9-B858-DD2B62871928}.Debug|x64.Deploy.0 = Debug|x64
		{C2228FA7-AAE7-40A9-B858-DD2B62871928}.Debug|x86.ActiveCfg = Debug|x86
		{C2228FA7-AAE7-40A9-B858-DD2B62871928}.Debug|x86.Deploy.0 = Debug|x86
		{C2228FA7-AAE7-40A9-B858-DD2B62871928}.Release|Any CPU.ActiveCfg = Release|x64
		{C2228FA7-AAE7-40A9-B858-DD2B62871928}.Release|Any CPU.Build.0 = Release|x64
		{C2228FA7-AAE7-40A9-B858-DD2B62871928}.Release|Any CPU.Deploy.0 = Release|x64
		{C2228FA7-AAE7-40A9-B858-DD2B62871928}.Release|ARM.ActiveCfg = Release|ARM
		{C2228FA7-AAE7-40A9-B858-DD2B62871928}.Release|ARM.Build.0 = Release|ARM
		{C2228FA7-AAE7-40A9-B858-DD2B62871928}.Release|ARM64.ActiveCfg = Release|ARM64
		{C2228FA7-AAE7-40A9-B858-DD2B62871928}.Release|ARM64.Build.0 = Release|ARM64
		{C2228FA7-AAE7-40A9-B858-DD2B62871928}.Release|x64.ActiveCfg = Release|x64
		{C2228FA7-AAE7-40A9-B858-DD2B62871928}.Release|x64.Build.0 = Release|x64
		{C2228FA7-AAE7-40A9-B858-DD2B62871928}.Release|x64.Deploy.0 = Release|x64
		{C2228FA7-AAE7-40A9-B858-DD2B62871928}.Release|x86.ActiveCfg = Release|x86
		{C2228FA7-AAE7-40A9-B858-DD2B62871928}.Release|x86.Deploy.0 = Release|x86
		{A69BDDA3-FBD0-4D2F-B614-CC69F6077E92}.Debug|Any CPU.ActiveCfg = Debug|Any CPU
		{A69BDDA3-FBD0-4D2F-B614-CC69F6077E92}.Debug|Any CPU.Build.0 = Debug|Any CPU
		{A69BDDA3-FBD0-4D2F-B614-CC69F6077E92}.Debug|ARM.ActiveCfg = Debug|Any CPU
		{A69BDDA3-FBD0-4D2F-B614-CC69F6077E92}.Debug|ARM.Build.0 = Debug|Any CPU
		{A69BDDA3-FBD0-4D2F-B614-CC69F6077E92}.Debug|ARM64.ActiveCfg = Debug|Any CPU
		{A69BDDA3-FBD0-4D2F-B614-CC69F6077E92}.Debug|ARM64.Build.0 = Debug|Any CPU
		{A69BDDA3-FBD0-4D2F-B614-CC69F6077E92}.Debug|x64.ActiveCfg = Debug|Any CPU
		{A69BDDA3-FBD0-4D2F-B614-CC69F6077E92}.Debug|x64.Build.0 = Debug|Any CPU
		{A69BDDA3-FBD0-4D2F-B614-CC69F6077E92}.Debug|x86.ActiveCfg = Debug|Any CPU
		{A69BDDA3-FBD0-4D2F-B614-CC69F6077E92}.Debug|x86.Build.0 = Debug|Any CPU
		{A69BDDA3-FBD0-4D2F-B614-CC69F6077E92}.Release|Any CPU.ActiveCfg = Release|Any CPU
		{A69BDDA3-FBD0-4D2F-B614-CC69F6077E92}.Release|Any CPU.Build.0 = Release|Any CPU
		{A69BDDA3-FBD0-4D2F-B614-CC69F6077E92}.Release|ARM.ActiveCfg = Release|Any CPU
		{A69BDDA3-FBD0-4D2F-B614-CC69F6077E92}.Release|ARM.Build.0 = Release|Any CPU
		{A69BDDA3-FBD0-4D2F-B614-CC69F6077E92}.Release|ARM64.ActiveCfg = Release|Any CPU
		{A69BDDA3-FBD0-4D2F-B614-CC69F6077E92}.Release|ARM64.Build.0 = Release|Any CPU
		{A69BDDA3-FBD0-4D2F-B614-CC69F6077E92}.Release|x64.ActiveCfg = Release|Any CPU
		{A69BDDA3-FBD0-4D2F-B614-CC69F6077E92}.Release|x64.Build.0 = Release|Any CPU
		{A69BDDA3-FBD0-4D2F-B614-CC69F6077E92}.Release|x86.ActiveCfg = Release|Any CPU
		{A69BDDA3-FBD0-4D2F-B614-CC69F6077E92}.Release|x86.Build.0 = Release|Any CPU
		{04A6CB99-1D0F-42AC-AECB-EB71BAB00E8A}.Debug|Any CPU.ActiveCfg = Debug|Any CPU
		{04A6CB99-1D0F-42AC-AECB-EB71BAB00E8A}.Debug|Any CPU.Build.0 = Debug|Any CPU
		{04A6CB99-1D0F-42AC-AECB-EB71BAB00E8A}.Debug|ARM.ActiveCfg = Debug|Any CPU
		{04A6CB99-1D0F-42AC-AECB-EB71BAB00E8A}.Debug|ARM.Build.0 = Debug|Any CPU
		{04A6CB99-1D0F-42AC-AECB-EB71BAB00E8A}.Debug|ARM64.ActiveCfg = Debug|Any CPU
		{04A6CB99-1D0F-42AC-AECB-EB71BAB00E8A}.Debug|ARM64.Build.0 = Debug|Any CPU
		{04A6CB99-1D0F-42AC-AECB-EB71BAB00E8A}.Debug|x64.ActiveCfg = Debug|Any CPU
		{04A6CB99-1D0F-42AC-AECB-EB71BAB00E8A}.Debug|x64.Build.0 = Debug|Any CPU
		{04A6CB99-1D0F-42AC-AECB-EB71BAB00E8A}.Debug|x86.ActiveCfg = Debug|Any CPU
		{04A6CB99-1D0F-42AC-AECB-EB71BAB00E8A}.Debug|x86.Build.0 = Debug|Any CPU
		{04A6CB99-1D0F-42AC-AECB-EB71BAB00E8A}.Release|Any CPU.ActiveCfg = Release|Any CPU
		{04A6CB99-1D0F-42AC-AECB-EB71BAB00E8A}.Release|Any CPU.Build.0 = Release|Any CPU
		{04A6CB99-1D0F-42AC-AECB-EB71BAB00E8A}.Release|ARM.ActiveCfg = Release|Any CPU
		{04A6CB99-1D0F-42AC-AECB-EB71BAB00E8A}.Release|ARM.Build.0 = Release|Any CPU
		{04A6CB99-1D0F-42AC-AECB-EB71BAB00E8A}.Release|ARM64.ActiveCfg = Release|Any CPU
		{04A6CB99-1D0F-42AC-AECB-EB71BAB00E8A}.Release|ARM64.Build.0 = Release|Any CPU
		{04A6CB99-1D0F-42AC-AECB-EB71BAB00E8A}.Release|x64.ActiveCfg = Release|Any CPU
		{04A6CB99-1D0F-42AC-AECB-EB71BAB00E8A}.Release|x64.Build.0 = Release|Any CPU
		{04A6CB99-1D0F-42AC-AECB-EB71BAB00E8A}.Release|x86.ActiveCfg = Release|Any CPU
		{04A6CB99-1D0F-42AC-AECB-EB71BAB00E8A}.Release|x86.Build.0 = Release|Any CPU
		{4D2C2ACD-3FC2-40F7-BEF5-E8CA2BDD3D29}.Debug|Any CPU.ActiveCfg = Debug|Any CPU
		{4D2C2ACD-3FC2-40F7-BEF5-E8CA2BDD3D29}.Debug|Any CPU.Build.0 = Debug|Any CPU
		{4D2C2ACD-3FC2-40F7-BEF5-E8CA2BDD3D29}.Debug|ARM.ActiveCfg = Debug|Any CPU
		{4D2C2ACD-3FC2-40F7-BEF5-E8CA2BDD3D29}.Debug|ARM.Build.0 = Debug|Any CPU
		{4D2C2ACD-3FC2-40F7-BEF5-E8CA2BDD3D29}.Debug|ARM64.ActiveCfg = Debug|Any CPU
		{4D2C2ACD-3FC2-40F7-BEF5-E8CA2BDD3D29}.Debug|ARM64.Build.0 = Debug|Any CPU
		{4D2C2ACD-3FC2-40F7-BEF5-E8CA2BDD3D29}.Debug|x64.ActiveCfg = Debug|Any CPU
		{4D2C2ACD-3FC2-40F7-BEF5-E8CA2BDD3D29}.Debug|x64.Build.0 = Debug|Any CPU
		{4D2C2ACD-3FC2-40F7-BEF5-E8CA2BDD3D29}.Debug|x86.ActiveCfg = Debug|Any CPU
		{4D2C2ACD-3FC2-40F7-BEF5-E8CA2BDD3D29}.Debug|x86.Build.0 = Debug|Any CPU
		{4D2C2ACD-3FC2-40F7-BEF5-E8CA2BDD3D29}.Release|Any CPU.ActiveCfg = Release|Any CPU
		{4D2C2ACD-3FC2-40F7-BEF5-E8CA2BDD3D29}.Release|Any CPU.Build.0 = Release|Any CPU
		{4D2C2ACD-3FC2-40F7-BEF5-E8CA2BDD3D29}.Release|ARM.ActiveCfg = Release|Any CPU
		{4D2C2ACD-3FC2-40F7-BEF5-E8CA2BDD3D29}.Release|ARM.Build.0 = Release|Any CPU
		{4D2C2ACD-3FC2-40F7-BEF5-E8CA2BDD3D29}.Release|ARM64.ActiveCfg = Release|Any CPU
		{4D2C2ACD-3FC2-40F7-BEF5-E8CA2BDD3D29}.Release|ARM64.Build.0 = Release|Any CPU
		{4D2C2ACD-3FC2-40F7-BEF5-E8CA2BDD3D29}.Release|x64.ActiveCfg = Release|Any CPU
		{4D2C2ACD-3FC2-40F7-BEF5-E8CA2BDD3D29}.Release|x64.Build.0 = Release|Any CPU
		{4D2C2ACD-3FC2-40F7-BEF5-E8CA2BDD3D29}.Release|x86.ActiveCfg = Release|Any CPU
		{4D2C2ACD-3FC2-40F7-BEF5-E8CA2BDD3D29}.Release|x86.Build.0 = Release|Any CPU
		{3196B90B-84BF-40BF-8EBF-F25CBE683266}.Debug|Any CPU.ActiveCfg = Debug|Any CPU
		{3196B90B-84BF-40BF-8EBF-F25CBE683266}.Debug|Any CPU.Build.0 = Debug|Any CPU
		{3196B90B-84BF-40BF-8EBF-F25CBE683266}.Debug|ARM.ActiveCfg = Debug|Any CPU
		{3196B90B-84BF-40BF-8EBF-F25CBE683266}.Debug|ARM.Build.0 = Debug|Any CPU
		{3196B90B-84BF-40BF-8EBF-F25CBE683266}.Debug|ARM64.ActiveCfg = Debug|Any CPU
		{3196B90B-84BF-40BF-8EBF-F25CBE683266}.Debug|ARM64.Build.0 = Debug|Any CPU
		{3196B90B-84BF-40BF-8EBF-F25CBE683266}.Debug|x64.ActiveCfg = Debug|Any CPU
		{3196B90B-84BF-40BF-8EBF-F25CBE683266}.Debug|x64.Build.0 = Debug|Any CPU
		{3196B90B-84BF-40BF-8EBF-F25CBE683266}.Debug|x86.ActiveCfg = Debug|Any CPU
		{3196B90B-84BF-40BF-8EBF-F25CBE683266}.Debug|x86.Build.0 = Debug|Any CPU
		{3196B90B-84BF-40BF-8EBF-F25CBE683266}.Release|Any CPU.ActiveCfg = Release|Any CPU
		{3196B90B-84BF-40BF-8EBF-F25CBE683266}.Release|Any CPU.Build.0 = Release|Any CPU
		{3196B90B-84BF-40BF-8EBF-F25CBE683266}.Release|ARM.ActiveCfg = Release|Any CPU
		{3196B90B-84BF-40BF-8EBF-F25CBE683266}.Release|ARM.Build.0 = Release|Any CPU
		{3196B90B-84BF-40BF-8EBF-F25CBE683266}.Release|ARM64.ActiveCfg = Release|Any CPU
		{3196B90B-84BF-40BF-8EBF-F25CBE683266}.Release|ARM64.Build.0 = Release|Any CPU
		{3196B90B-84BF-40BF-8EBF-F25CBE683266}.Release|x64.ActiveCfg = Release|Any CPU
		{3196B90B-84BF-40BF-8EBF-F25CBE683266}.Release|x64.Build.0 = Release|Any CPU
		{3196B90B-84BF-40BF-8EBF-F25CBE683266}.Release|x86.ActiveCfg = Release|Any CPU
		{3196B90B-84BF-40BF-8EBF-F25CBE683266}.Release|x86.Build.0 = Release|Any CPU
		{F66BB9F4-ACBA-4766-8D7D-A6C7A3C817D0}.Debug|Any CPU.ActiveCfg = Debug|Any CPU
		{F66BB9F4-ACBA-4766-8D7D-A6C7A3C817D0}.Debug|Any CPU.Build.0 = Debug|Any CPU
		{F66BB9F4-ACBA-4766-8D7D-A6C7A3C817D0}.Debug|ARM.ActiveCfg = Debug|Any CPU
		{F66BB9F4-ACBA-4766-8D7D-A6C7A3C817D0}.Debug|ARM.Build.0 = Debug|Any CPU
		{F66BB9F4-ACBA-4766-8D7D-A6C7A3C817D0}.Debug|ARM64.ActiveCfg = Debug|Any CPU
		{F66BB9F4-ACBA-4766-8D7D-A6C7A3C817D0}.Debug|ARM64.Build.0 = Debug|Any CPU
		{F66BB9F4-ACBA-4766-8D7D-A6C7A3C817D0}.Debug|x64.ActiveCfg = Debug|Any CPU
		{F66BB9F4-ACBA-4766-8D7D-A6C7A3C817D0}.Debug|x64.Build.0 = Debug|Any CPU
		{F66BB9F4-ACBA-4766-8D7D-A6C7A3C817D0}.Debug|x86.ActiveCfg = Debug|Any CPU
		{F66BB9F4-ACBA-4766-8D7D-A6C7A3C817D0}.Debug|x86.Build.0 = Debug|Any CPU
		{F66BB9F4-ACBA-4766-8D7D-A6C7A3C817D0}.Release|Any CPU.ActiveCfg = Release|Any CPU
		{F66BB9F4-ACBA-4766-8D7D-A6C7A3C817D0}.Release|Any CPU.Build.0 = Release|Any CPU
		{F66BB9F4-ACBA-4766-8D7D-A6C7A3C817D0}.Release|ARM.ActiveCfg = Release|Any CPU
		{F66BB9F4-ACBA-4766-8D7D-A6C7A3C817D0}.Release|ARM.Build.0 = Release|Any CPU
		{F66BB9F4-ACBA-4766-8D7D-A6C7A3C817D0}.Release|ARM64.ActiveCfg = Release|Any CPU
		{F66BB9F4-ACBA-4766-8D7D-A6C7A3C817D0}.Release|ARM64.Build.0 = Release|Any CPU
		{F66BB9F4-ACBA-4766-8D7D-A6C7A3C817D0}.Release|x64.ActiveCfg = Release|Any CPU
		{F66BB9F4-ACBA-4766-8D7D-A6C7A3C817D0}.Release|x64.Build.0 = Release|Any CPU
		{F66BB9F4-ACBA-4766-8D7D-A6C7A3C817D0}.Release|x86.ActiveCfg = Release|Any CPU
		{F66BB9F4-ACBA-4766-8D7D-A6C7A3C817D0}.Release|x86.Build.0 = Release|Any CPU
		{504A3771-9987-4225-8843-07554EC7F714}.Debug|Any CPU.ActiveCfg = Debug|Any CPU
		{504A3771-9987-4225-8843-07554EC7F714}.Debug|Any CPU.Build.0 = Debug|Any CPU
		{504A3771-9987-4225-8843-07554EC7F714}.Debug|ARM.ActiveCfg = Debug|Any CPU
		{504A3771-9987-4225-8843-07554EC7F714}.Debug|ARM.Build.0 = Debug|Any CPU
		{504A3771-9987-4225-8843-07554EC7F714}.Debug|ARM64.ActiveCfg = Debug|Any CPU
		{504A3771-9987-4225-8843-07554EC7F714}.Debug|ARM64.Build.0 = Debug|Any CPU
		{504A3771-9987-4225-8843-07554EC7F714}.Debug|x64.ActiveCfg = Debug|Any CPU
		{504A3771-9987-4225-8843-07554EC7F714}.Debug|x64.Build.0 = Debug|Any CPU
		{504A3771-9987-4225-8843-07554EC7F714}.Debug|x86.ActiveCfg = Debug|Any CPU
		{504A3771-9987-4225-8843-07554EC7F714}.Debug|x86.Build.0 = Debug|Any CPU
		{504A3771-9987-4225-8843-07554EC7F714}.Release|Any CPU.ActiveCfg = Release|Any CPU
		{504A3771-9987-4225-8843-07554EC7F714}.Release|Any CPU.Build.0 = Release|Any CPU
		{504A3771-9987-4225-8843-07554EC7F714}.Release|ARM.ActiveCfg = Release|Any CPU
		{504A3771-9987-4225-8843-07554EC7F714}.Release|ARM.Build.0 = Release|Any CPU
		{504A3771-9987-4225-8843-07554EC7F714}.Release|ARM64.ActiveCfg = Release|Any CPU
		{504A3771-9987-4225-8843-07554EC7F714}.Release|ARM64.Build.0 = Release|Any CPU
		{504A3771-9987-4225-8843-07554EC7F714}.Release|x64.ActiveCfg = Release|Any CPU
		{504A3771-9987-4225-8843-07554EC7F714}.Release|x64.Build.0 = Release|Any CPU
		{504A3771-9987-4225-8843-07554EC7F714}.Release|x86.ActiveCfg = Release|Any CPU
		{504A3771-9987-4225-8843-07554EC7F714}.Release|x86.Build.0 = Release|Any CPU
		{329B2BBB-6E09-4932-AE2B-7D200BDEF627}.Debug|Any CPU.ActiveCfg = Debug|Any CPU
		{329B2BBB-6E09-4932-AE2B-7D200BDEF627}.Debug|Any CPU.Build.0 = Debug|Any CPU
		{329B2BBB-6E09-4932-AE2B-7D200BDEF627}.Debug|ARM.ActiveCfg = Debug|Any CPU
		{329B2BBB-6E09-4932-AE2B-7D200BDEF627}.Debug|ARM.Build.0 = Debug|Any CPU
		{329B2BBB-6E09-4932-AE2B-7D200BDEF627}.Debug|ARM64.ActiveCfg = Debug|Any CPU
		{329B2BBB-6E09-4932-AE2B-7D200BDEF627}.Debug|ARM64.Build.0 = Debug|Any CPU
		{329B2BBB-6E09-4932-AE2B-7D200BDEF627}.Debug|x64.ActiveCfg = Debug|Any CPU
		{329B2BBB-6E09-4932-AE2B-7D200BDEF627}.Debug|x64.Build.0 = Debug|Any CPU
		{329B2BBB-6E09-4932-AE2B-7D200BDEF627}.Debug|x86.ActiveCfg = Debug|Any CPU
		{329B2BBB-6E09-4932-AE2B-7D200BDEF627}.Debug|x86.Build.0 = Debug|Any CPU
		{329B2BBB-6E09-4932-AE2B-7D200BDEF627}.Release|Any CPU.ActiveCfg = Release|Any CPU
		{329B2BBB-6E09-4932-AE2B-7D200BDEF627}.Release|Any CPU.Build.0 = Release|Any CPU
		{329B2BBB-6E09-4932-AE2B-7D200BDEF627}.Release|ARM.ActiveCfg = Release|Any CPU
		{329B2BBB-6E09-4932-AE2B-7D200BDEF627}.Release|ARM.Build.0 = Release|Any CPU
		{329B2BBB-6E09-4932-AE2B-7D200BDEF627}.Release|ARM64.ActiveCfg = Release|Any CPU
		{329B2BBB-6E09-4932-AE2B-7D200BDEF627}.Release|ARM64.Build.0 = Release|Any CPU
		{329B2BBB-6E09-4932-AE2B-7D200BDEF627}.Release|x64.ActiveCfg = Release|Any CPU
		{329B2BBB-6E09-4932-AE2B-7D200BDEF627}.Release|x64.Build.0 = Release|Any CPU
		{329B2BBB-6E09-4932-AE2B-7D200BDEF627}.Release|x86.ActiveCfg = Release|Any CPU
		{329B2BBB-6E09-4932-AE2B-7D200BDEF627}.Release|x86.Build.0 = Release|Any CPU
		{9A150E68-CF3A-4B08-822D-AA897DEDB44C}.Debug|Any CPU.ActiveCfg = Debug|Any CPU
		{9A150E68-CF3A-4B08-822D-AA897DEDB44C}.Debug|Any CPU.Build.0 = Debug|Any CPU
		{9A150E68-CF3A-4B08-822D-AA897DEDB44C}.Debug|ARM.ActiveCfg = Debug|Any CPU
		{9A150E68-CF3A-4B08-822D-AA897DEDB44C}.Debug|ARM.Build.0 = Debug|Any CPU
		{9A150E68-CF3A-4B08-822D-AA897DEDB44C}.Debug|ARM64.ActiveCfg = Debug|Any CPU
		{9A150E68-CF3A-4B08-822D-AA897DEDB44C}.Debug|ARM64.Build.0 = Debug|Any CPU
		{9A150E68-CF3A-4B08-822D-AA897DEDB44C}.Debug|x64.ActiveCfg = Debug|Any CPU
		{9A150E68-CF3A-4B08-822D-AA897DEDB44C}.Debug|x64.Build.0 = Debug|Any CPU
		{9A150E68-CF3A-4B08-822D-AA897DEDB44C}.Debug|x86.ActiveCfg = Debug|Any CPU
		{9A150E68-CF3A-4B08-822D-AA897DEDB44C}.Debug|x86.Build.0 = Debug|Any CPU
		{9A150E68-CF3A-4B08-822D-AA897DEDB44C}.Release|Any CPU.ActiveCfg = Release|Any CPU
		{9A150E68-CF3A-4B08-822D-AA897DEDB44C}.Release|Any CPU.Build.0 = Release|Any CPU
		{9A150E68-CF3A-4B08-822D-AA897DEDB44C}.Release|ARM.ActiveCfg = Release|Any CPU
		{9A150E68-CF3A-4B08-822D-AA897DEDB44C}.Release|ARM.Build.0 = Release|Any CPU
		{9A150E68-CF3A-4B08-822D-AA897DEDB44C}.Release|ARM64.ActiveCfg = Release|Any CPU
		{9A150E68-CF3A-4B08-822D-AA897DEDB44C}.Release|ARM64.Build.0 = Release|Any CPU
		{9A150E68-CF3A-4B08-822D-AA897DEDB44C}.Release|x64.ActiveCfg = Release|Any CPU
		{9A150E68-CF3A-4B08-822D-AA897DEDB44C}.Release|x64.Build.0 = Release|Any CPU
		{9A150E68-CF3A-4B08-822D-AA897DEDB44C}.Release|x86.ActiveCfg = Release|Any CPU
		{9A150E68-CF3A-4B08-822D-AA897DEDB44C}.Release|x86.Build.0 = Release|Any CPU
		{3FBD3FA5-B4C9-4C24-BBEA-8C08752F93E3}.Debug|Any CPU.ActiveCfg = Debug|Any CPU
		{3FBD3FA5-B4C9-4C24-BBEA-8C08752F93E3}.Debug|Any CPU.Build.0 = Debug|Any CPU
		{3FBD3FA5-B4C9-4C24-BBEA-8C08752F93E3}.Debug|ARM.ActiveCfg = Debug|Any CPU
		{3FBD3FA5-B4C9-4C24-BBEA-8C08752F93E3}.Debug|ARM.Build.0 = Debug|Any CPU
		{3FBD3FA5-B4C9-4C24-BBEA-8C08752F93E3}.Debug|ARM64.ActiveCfg = Debug|Any CPU
		{3FBD3FA5-B4C9-4C24-BBEA-8C08752F93E3}.Debug|ARM64.Build.0 = Debug|Any CPU
		{3FBD3FA5-B4C9-4C24-BBEA-8C08752F93E3}.Debug|x64.ActiveCfg = Debug|Any CPU
		{3FBD3FA5-B4C9-4C24-BBEA-8C08752F93E3}.Debug|x64.Build.0 = Debug|Any CPU
		{3FBD3FA5-B4C9-4C24-BBEA-8C08752F93E3}.Debug|x86.ActiveCfg = Debug|Any CPU
		{3FBD3FA5-B4C9-4C24-BBEA-8C08752F93E3}.Debug|x86.Build.0 = Debug|Any CPU
		{3FBD3FA5-B4C9-4C24-BBEA-8C08752F93E3}.Release|Any CPU.ActiveCfg = Release|Any CPU
		{3FBD3FA5-B4C9-4C24-BBEA-8C08752F93E3}.Release|Any CPU.Build.0 = Release|Any CPU
		{3FBD3FA5-B4C9-4C24-BBEA-8C08752F93E3}.Release|ARM.ActiveCfg = Release|Any CPU
		{3FBD3FA5-B4C9-4C24-BBEA-8C08752F93E3}.Release|ARM.Build.0 = Release|Any CPU
		{3FBD3FA5-B4C9-4C24-BBEA-8C08752F93E3}.Release|ARM64.ActiveCfg = Release|Any CPU
		{3FBD3FA5-B4C9-4C24-BBEA-8C08752F93E3}.Release|ARM64.Build.0 = Release|Any CPU
		{3FBD3FA5-B4C9-4C24-BBEA-8C08752F93E3}.Release|x64.ActiveCfg = Release|Any CPU
		{3FBD3FA5-B4C9-4C24-BBEA-8C08752F93E3}.Release|x64.Build.0 = Release|Any CPU
		{3FBD3FA5-B4C9-4C24-BBEA-8C08752F93E3}.Release|x86.ActiveCfg = Release|Any CPU
		{3FBD3FA5-B4C9-4C24-BBEA-8C08752F93E3}.Release|x86.Build.0 = Release|Any CPU
		{334E6B0D-7E5C-4222-8A73-968B2BEBAFA4}.Debug|Any CPU.ActiveCfg = Debug|Any CPU
		{334E6B0D-7E5C-4222-8A73-968B2BEBAFA4}.Debug|Any CPU.Build.0 = Debug|Any CPU
		{334E6B0D-7E5C-4222-8A73-968B2BEBAFA4}.Debug|ARM.ActiveCfg = Debug|Any CPU
		{334E6B0D-7E5C-4222-8A73-968B2BEBAFA4}.Debug|ARM.Build.0 = Debug|Any CPU
		{334E6B0D-7E5C-4222-8A73-968B2BEBAFA4}.Debug|ARM64.ActiveCfg = Debug|Any CPU
		{334E6B0D-7E5C-4222-8A73-968B2BEBAFA4}.Debug|ARM64.Build.0 = Debug|Any CPU
		{334E6B0D-7E5C-4222-8A73-968B2BEBAFA4}.Debug|x64.ActiveCfg = Debug|Any CPU
		{334E6B0D-7E5C-4222-8A73-968B2BEBAFA4}.Debug|x64.Build.0 = Debug|Any CPU
		{334E6B0D-7E5C-4222-8A73-968B2BEBAFA4}.Debug|x86.ActiveCfg = Debug|Any CPU
		{334E6B0D-7E5C-4222-8A73-968B2BEBAFA4}.Debug|x86.Build.0 = Debug|Any CPU
		{334E6B0D-7E5C-4222-8A73-968B2BEBAFA4}.Release|Any CPU.ActiveCfg = Release|Any CPU
		{334E6B0D-7E5C-4222-8A73-968B2BEBAFA4}.Release|Any CPU.Build.0 = Release|Any CPU
		{334E6B0D-7E5C-4222-8A73-968B2BEBAFA4}.Release|ARM.ActiveCfg = Release|Any CPU
		{334E6B0D-7E5C-4222-8A73-968B2BEBAFA4}.Release|ARM.Build.0 = Release|Any CPU
		{334E6B0D-7E5C-4222-8A73-968B2BEBAFA4}.Release|ARM64.ActiveCfg = Release|Any CPU
		{334E6B0D-7E5C-4222-8A73-968B2BEBAFA4}.Release|ARM64.Build.0 = Release|Any CPU
		{334E6B0D-7E5C-4222-8A73-968B2BEBAFA4}.Release|x64.ActiveCfg = Release|Any CPU
		{334E6B0D-7E5C-4222-8A73-968B2BEBAFA4}.Release|x64.Build.0 = Release|Any CPU
		{334E6B0D-7E5C-4222-8A73-968B2BEBAFA4}.Release|x86.ActiveCfg = Release|Any CPU
		{334E6B0D-7E5C-4222-8A73-968B2BEBAFA4}.Release|x86.Build.0 = Release|Any CPU
		{42B422BB-4CD7-4F94-BAA6-51DDD5C8B82F}.Debug|Any CPU.ActiveCfg = Debug|Any CPU
		{42B422BB-4CD7-4F94-BAA6-51DDD5C8B82F}.Debug|Any CPU.Build.0 = Debug|Any CPU
		{42B422BB-4CD7-4F94-BAA6-51DDD5C8B82F}.Debug|ARM.ActiveCfg = Debug|Any CPU
		{42B422BB-4CD7-4F94-BAA6-51DDD5C8B82F}.Debug|ARM.Build.0 = Debug|Any CPU
		{42B422BB-4CD7-4F94-BAA6-51DDD5C8B82F}.Debug|ARM64.ActiveCfg = Debug|Any CPU
		{42B422BB-4CD7-4F94-BAA6-51DDD5C8B82F}.Debug|ARM64.Build.0 = Debug|Any CPU
		{42B422BB-4CD7-4F94-BAA6-51DDD5C8B82F}.Debug|x64.ActiveCfg = Debug|Any CPU
		{42B422BB-4CD7-4F94-BAA6-51DDD5C8B82F}.Debug|x64.Build.0 = Debug|Any CPU
		{42B422BB-4CD7-4F94-BAA6-51DDD5C8B82F}.Debug|x86.ActiveCfg = Debug|Any CPU
		{42B422BB-4CD7-4F94-BAA6-51DDD5C8B82F}.Debug|x86.Build.0 = Debug|Any CPU
		{42B422BB-4CD7-4F94-BAA6-51DDD5C8B82F}.Release|Any CPU.ActiveCfg = Release|Any CPU
		{42B422BB-4CD7-4F94-BAA6-51DDD5C8B82F}.Release|Any CPU.Build.0 = Release|Any CPU
		{42B422BB-4CD7-4F94-BAA6-51DDD5C8B82F}.Release|ARM.ActiveCfg = Release|Any CPU
		{42B422BB-4CD7-4F94-BAA6-51DDD5C8B82F}.Release|ARM.Build.0 = Release|Any CPU
		{42B422BB-4CD7-4F94-BAA6-51DDD5C8B82F}.Release|ARM64.ActiveCfg = Release|Any CPU
		{42B422BB-4CD7-4F94-BAA6-51DDD5C8B82F}.Release|ARM64.Build.0 = Release|Any CPU
		{42B422BB-4CD7-4F94-BAA6-51DDD5C8B82F}.Release|x64.ActiveCfg = Release|Any CPU
		{42B422BB-4CD7-4F94-BAA6-51DDD5C8B82F}.Release|x64.Build.0 = Release|Any CPU
		{42B422BB-4CD7-4F94-BAA6-51DDD5C8B82F}.Release|x86.ActiveCfg = Release|Any CPU
		{42B422BB-4CD7-4F94-BAA6-51DDD5C8B82F}.Release|x86.Build.0 = Release|Any CPU
		{0723A6DA-6CD7-427C-908E-FA475F42B996}.Debug|Any CPU.ActiveCfg = Debug|Any CPU
		{0723A6DA-6CD7-427C-908E-FA475F42B996}.Debug|Any CPU.Build.0 = Debug|Any CPU
		{0723A6DA-6CD7-427C-908E-FA475F42B996}.Debug|ARM.ActiveCfg = Debug|Any CPU
		{0723A6DA-6CD7-427C-908E-FA475F42B996}.Debug|ARM.Build.0 = Debug|Any CPU
		{0723A6DA-6CD7-427C-908E-FA475F42B996}.Debug|ARM64.ActiveCfg = Debug|Any CPU
		{0723A6DA-6CD7-427C-908E-FA475F42B996}.Debug|ARM64.Build.0 = Debug|Any CPU
		{0723A6DA-6CD7-427C-908E-FA475F42B996}.Debug|x64.ActiveCfg = Debug|Any CPU
		{0723A6DA-6CD7-427C-908E-FA475F42B996}.Debug|x64.Build.0 = Debug|Any CPU
		{0723A6DA-6CD7-427C-908E-FA475F42B996}.Debug|x86.ActiveCfg = Debug|Any CPU
		{0723A6DA-6CD7-427C-908E-FA475F42B996}.Debug|x86.Build.0 = Debug|Any CPU
		{0723A6DA-6CD7-427C-908E-FA475F42B996}.Release|Any CPU.ActiveCfg = Release|Any CPU
		{0723A6DA-6CD7-427C-908E-FA475F42B996}.Release|Any CPU.Build.0 = Release|Any CPU
		{0723A6DA-6CD7-427C-908E-FA475F42B996}.Release|ARM.ActiveCfg = Release|Any CPU
		{0723A6DA-6CD7-427C-908E-FA475F42B996}.Release|ARM.Build.0 = Release|Any CPU
		{0723A6DA-6CD7-427C-908E-FA475F42B996}.Release|ARM64.ActiveCfg = Release|Any CPU
		{0723A6DA-6CD7-427C-908E-FA475F42B996}.Release|ARM64.Build.0 = Release|Any CPU
		{0723A6DA-6CD7-427C-908E-FA475F42B996}.Release|x64.ActiveCfg = Release|Any CPU
		{0723A6DA-6CD7-427C-908E-FA475F42B996}.Release|x64.Build.0 = Release|Any CPU
		{0723A6DA-6CD7-427C-908E-FA475F42B996}.Release|x86.ActiveCfg = Release|Any CPU
		{0723A6DA-6CD7-427C-908E-FA475F42B996}.Release|x86.Build.0 = Release|Any CPU
		{C70A5298-499A-4DF8-8E3A-86ECE0C65165}.Debug|Any CPU.ActiveCfg = Debug|Any CPU
		{C70A5298-499A-4DF8-8E3A-86ECE0C65165}.Debug|Any CPU.Build.0 = Debug|Any CPU
		{C70A5298-499A-4DF8-8E3A-86ECE0C65165}.Debug|ARM.ActiveCfg = Debug|Any CPU
		{C70A5298-499A-4DF8-8E3A-86ECE0C65165}.Debug|ARM.Build.0 = Debug|Any CPU
		{C70A5298-499A-4DF8-8E3A-86ECE0C65165}.Debug|ARM64.ActiveCfg = Debug|Any CPU
		{C70A5298-499A-4DF8-8E3A-86ECE0C65165}.Debug|ARM64.Build.0 = Debug|Any CPU
		{C70A5298-499A-4DF8-8E3A-86ECE0C65165}.Debug|x64.ActiveCfg = Debug|Any CPU
		{C70A5298-499A-4DF8-8E3A-86ECE0C65165}.Debug|x64.Build.0 = Debug|Any CPU
		{C70A5298-499A-4DF8-8E3A-86ECE0C65165}.Debug|x86.ActiveCfg = Debug|Any CPU
		{C70A5298-499A-4DF8-8E3A-86ECE0C65165}.Debug|x86.Build.0 = Debug|Any CPU
		{C70A5298-499A-4DF8-8E3A-86ECE0C65165}.Release|Any CPU.ActiveCfg = Release|Any CPU
		{C70A5298-499A-4DF8-8E3A-86ECE0C65165}.Release|Any CPU.Build.0 = Release|Any CPU
		{C70A5298-499A-4DF8-8E3A-86ECE0C65165}.Release|ARM.ActiveCfg = Release|Any CPU
		{C70A5298-499A-4DF8-8E3A-86ECE0C65165}.Release|ARM.Build.0 = Release|Any CPU
		{C70A5298-499A-4DF8-8E3A-86ECE0C65165}.Release|ARM64.ActiveCfg = Release|Any CPU
		{C70A5298-499A-4DF8-8E3A-86ECE0C65165}.Release|ARM64.Build.0 = Release|Any CPU
		{C70A5298-499A-4DF8-8E3A-86ECE0C65165}.Release|x64.ActiveCfg = Release|Any CPU
		{C70A5298-499A-4DF8-8E3A-86ECE0C65165}.Release|x64.Build.0 = Release|Any CPU
		{C70A5298-499A-4DF8-8E3A-86ECE0C65165}.Release|x86.ActiveCfg = Release|Any CPU
		{C70A5298-499A-4DF8-8E3A-86ECE0C65165}.Release|x86.Build.0 = Release|Any CPU
		{4754884F-0F04-4F11-8411-CEA878C00077}.Debug|Any CPU.ActiveCfg = Debug|Any CPU
		{4754884F-0F04-4F11-8411-CEA878C00077}.Debug|Any CPU.Build.0 = Debug|Any CPU
		{4754884F-0F04-4F11-8411-CEA878C00077}.Debug|ARM.ActiveCfg = Debug|Any CPU
		{4754884F-0F04-4F11-8411-CEA878C00077}.Debug|ARM.Build.0 = Debug|Any CPU
		{4754884F-0F04-4F11-8411-CEA878C00077}.Debug|ARM64.ActiveCfg = Debug|Any CPU
		{4754884F-0F04-4F11-8411-CEA878C00077}.Debug|ARM64.Build.0 = Debug|Any CPU
		{4754884F-0F04-4F11-8411-CEA878C00077}.Debug|x64.ActiveCfg = Debug|Any CPU
		{4754884F-0F04-4F11-8411-CEA878C00077}.Debug|x64.Build.0 = Debug|Any CPU
		{4754884F-0F04-4F11-8411-CEA878C00077}.Debug|x86.ActiveCfg = Debug|Any CPU
		{4754884F-0F04-4F11-8411-CEA878C00077}.Debug|x86.Build.0 = Debug|Any CPU
		{4754884F-0F04-4F11-8411-CEA878C00077}.Release|Any CPU.ActiveCfg = Release|Any CPU
		{4754884F-0F04-4F11-8411-CEA878C00077}.Release|Any CPU.Build.0 = Release|Any CPU
		{4754884F-0F04-4F11-8411-CEA878C00077}.Release|ARM.ActiveCfg = Release|Any CPU
		{4754884F-0F04-4F11-8411-CEA878C00077}.Release|ARM.Build.0 = Release|Any CPU
		{4754884F-0F04-4F11-8411-CEA878C00077}.Release|ARM64.ActiveCfg = Release|Any CPU
		{4754884F-0F04-4F11-8411-CEA878C00077}.Release|ARM64.Build.0 = Release|Any CPU
		{4754884F-0F04-4F11-8411-CEA878C00077}.Release|x64.ActiveCfg = Release|Any CPU
		{4754884F-0F04-4F11-8411-CEA878C00077}.Release|x64.Build.0 = Release|Any CPU
		{4754884F-0F04-4F11-8411-CEA878C00077}.Release|x86.ActiveCfg = Release|Any CPU
		{4754884F-0F04-4F11-8411-CEA878C00077}.Release|x86.Build.0 = Release|Any CPU
		{E36E1E56-C26D-4792-91E3-F4B84DFB313C}.Debug|Any CPU.ActiveCfg = Debug|Any CPU
		{E36E1E56-C26D-4792-91E3-F4B84DFB313C}.Debug|Any CPU.Build.0 = Debug|Any CPU
		{E36E1E56-C26D-4792-91E3-F4B84DFB313C}.Debug|ARM.ActiveCfg = Debug|Any CPU
		{E36E1E56-C26D-4792-91E3-F4B84DFB313C}.Debug|ARM.Build.0 = Debug|Any CPU
		{E36E1E56-C26D-4792-91E3-F4B84DFB313C}.Debug|ARM64.ActiveCfg = Debug|Any CPU
		{E36E1E56-C26D-4792-91E3-F4B84DFB313C}.Debug|ARM64.Build.0 = Debug|Any CPU
		{E36E1E56-C26D-4792-91E3-F4B84DFB313C}.Debug|x64.ActiveCfg = Debug|Any CPU
		{E36E1E56-C26D-4792-91E3-F4B84DFB313C}.Debug|x64.Build.0 = Debug|Any CPU
		{E36E1E56-C26D-4792-91E3-F4B84DFB313C}.Debug|x86.ActiveCfg = Debug|Any CPU
		{E36E1E56-C26D-4792-91E3-F4B84DFB313C}.Debug|x86.Build.0 = Debug|Any CPU
		{E36E1E56-C26D-4792-91E3-F4B84DFB313C}.Release|Any CPU.ActiveCfg = Release|Any CPU
		{E36E1E56-C26D-4792-91E3-F4B84DFB313C}.Release|Any CPU.Build.0 = Release|Any CPU
		{E36E1E56-C26D-4792-91E3-F4B84DFB313C}.Release|ARM.ActiveCfg = Release|Any CPU
		{E36E1E56-C26D-4792-91E3-F4B84DFB313C}.Release|ARM.Build.0 = Release|Any CPU
		{E36E1E56-C26D-4792-91E3-F4B84DFB313C}.Release|ARM64.ActiveCfg = Release|Any CPU
		{E36E1E56-C26D-4792-91E3-F4B84DFB313C}.Release|ARM64.Build.0 = Release|Any CPU
		{E36E1E56-C26D-4792-91E3-F4B84DFB313C}.Release|x64.ActiveCfg = Release|Any CPU
		{E36E1E56-C26D-4792-91E3-F4B84DFB313C}.Release|x64.Build.0 = Release|Any CPU
		{E36E1E56-C26D-4792-91E3-F4B84DFB313C}.Release|x86.ActiveCfg = Release|Any CPU
		{E36E1E56-C26D-4792-91E3-F4B84DFB313C}.Release|x86.Build.0 = Release|Any CPU
		{34A3190F-3971-4E04-A6CF-0098257643B7}.Debug|Any CPU.ActiveCfg = Debug|Any CPU
		{34A3190F-3971-4E04-A6CF-0098257643B7}.Debug|Any CPU.Build.0 = Debug|Any CPU
		{34A3190F-3971-4E04-A6CF-0098257643B7}.Debug|ARM.ActiveCfg = Debug|Any CPU
		{34A3190F-3971-4E04-A6CF-0098257643B7}.Debug|ARM.Build.0 = Debug|Any CPU
		{34A3190F-3971-4E04-A6CF-0098257643B7}.Debug|ARM64.ActiveCfg = Debug|Any CPU
		{34A3190F-3971-4E04-A6CF-0098257643B7}.Debug|ARM64.Build.0 = Debug|Any CPU
		{34A3190F-3971-4E04-A6CF-0098257643B7}.Debug|x64.ActiveCfg = Debug|Any CPU
		{34A3190F-3971-4E04-A6CF-0098257643B7}.Debug|x64.Build.0 = Debug|Any CPU
		{34A3190F-3971-4E04-A6CF-0098257643B7}.Debug|x86.ActiveCfg = Debug|Any CPU
		{34A3190F-3971-4E04-A6CF-0098257643B7}.Debug|x86.Build.0 = Debug|Any CPU
		{34A3190F-3971-4E04-A6CF-0098257643B7}.Release|Any CPU.ActiveCfg = Release|Any CPU
		{34A3190F-3971-4E04-A6CF-0098257643B7}.Release|Any CPU.Build.0 = Release|Any CPU
		{34A3190F-3971-4E04-A6CF-0098257643B7}.Release|ARM.ActiveCfg = Release|Any CPU
		{34A3190F-3971-4E04-A6CF-0098257643B7}.Release|ARM.Build.0 = Release|Any CPU
		{34A3190F-3971-4E04-A6CF-0098257643B7}.Release|ARM64.ActiveCfg = Release|Any CPU
		{34A3190F-3971-4E04-A6CF-0098257643B7}.Release|ARM64.Build.0 = Release|Any CPU
		{34A3190F-3971-4E04-A6CF-0098257643B7}.Release|x64.ActiveCfg = Release|Any CPU
		{34A3190F-3971-4E04-A6CF-0098257643B7}.Release|x64.Build.0 = Release|Any CPU
		{34A3190F-3971-4E04-A6CF-0098257643B7}.Release|x86.ActiveCfg = Release|Any CPU
		{34A3190F-3971-4E04-A6CF-0098257643B7}.Release|x86.Build.0 = Release|Any CPU
		{D883863C-6C8E-4EA5-99F3-B153F6E25FFC}.Debug|Any CPU.ActiveCfg = Debug|Any CPU
		{D883863C-6C8E-4EA5-99F3-B153F6E25FFC}.Debug|Any CPU.Build.0 = Debug|Any CPU
		{D883863C-6C8E-4EA5-99F3-B153F6E25FFC}.Debug|ARM.ActiveCfg = Debug|Any CPU
		{D883863C-6C8E-4EA5-99F3-B153F6E25FFC}.Debug|ARM.Build.0 = Debug|Any CPU
		{D883863C-6C8E-4EA5-99F3-B153F6E25FFC}.Debug|ARM64.ActiveCfg = Debug|Any CPU
		{D883863C-6C8E-4EA5-99F3-B153F6E25FFC}.Debug|ARM64.Build.0 = Debug|Any CPU
		{D883863C-6C8E-4EA5-99F3-B153F6E25FFC}.Debug|x64.ActiveCfg = Debug|Any CPU
		{D883863C-6C8E-4EA5-99F3-B153F6E25FFC}.Debug|x64.Build.0 = Debug|Any CPU
		{D883863C-6C8E-4EA5-99F3-B153F6E25FFC}.Debug|x86.ActiveCfg = Debug|Any CPU
		{D883863C-6C8E-4EA5-99F3-B153F6E25FFC}.Debug|x86.Build.0 = Debug|Any CPU
		{D883863C-6C8E-4EA5-99F3-B153F6E25FFC}.Release|Any CPU.ActiveCfg = Release|Any CPU
		{D883863C-6C8E-4EA5-99F3-B153F6E25FFC}.Release|Any CPU.Build.0 = Release|Any CPU
		{D883863C-6C8E-4EA5-99F3-B153F6E25FFC}.Release|ARM.ActiveCfg = Release|Any CPU
		{D883863C-6C8E-4EA5-99F3-B153F6E25FFC}.Release|ARM.Build.0 = Release|Any CPU
		{D883863C-6C8E-4EA5-99F3-B153F6E25FFC}.Release|ARM64.ActiveCfg = Release|Any CPU
		{D883863C-6C8E-4EA5-99F3-B153F6E25FFC}.Release|ARM64.Build.0 = Release|Any CPU
		{D883863C-6C8E-4EA5-99F3-B153F6E25FFC}.Release|x64.ActiveCfg = Release|Any CPU
		{D883863C-6C8E-4EA5-99F3-B153F6E25FFC}.Release|x64.Build.0 = Release|Any CPU
		{D883863C-6C8E-4EA5-99F3-B153F6E25FFC}.Release|x86.ActiveCfg = Release|Any CPU
		{D883863C-6C8E-4EA5-99F3-B153F6E25FFC}.Release|x86.Build.0 = Release|Any CPU
		{9E299165-5094-447E-98BB-5FC7FB653D95}.Debug|Any CPU.ActiveCfg = Debug|Any CPU
		{9E299165-5094-447E-98BB-5FC7FB653D95}.Debug|Any CPU.Build.0 = Debug|Any CPU
		{9E299165-5094-447E-98BB-5FC7FB653D95}.Debug|ARM.ActiveCfg = Debug|Any CPU
		{9E299165-5094-447E-98BB-5FC7FB653D95}.Debug|ARM.Build.0 = Debug|Any CPU
		{9E299165-5094-447E-98BB-5FC7FB653D95}.Debug|ARM64.ActiveCfg = Debug|Any CPU
		{9E299165-5094-447E-98BB-5FC7FB653D95}.Debug|ARM64.Build.0 = Debug|Any CPU
		{9E299165-5094-447E-98BB-5FC7FB653D95}.Debug|x64.ActiveCfg = Debug|Any CPU
		{9E299165-5094-447E-98BB-5FC7FB653D95}.Debug|x64.Build.0 = Debug|Any CPU
		{9E299165-5094-447E-98BB-5FC7FB653D95}.Debug|x86.ActiveCfg = Debug|Any CPU
		{9E299165-5094-447E-98BB-5FC7FB653D95}.Debug|x86.Build.0 = Debug|Any CPU
		{9E299165-5094-447E-98BB-5FC7FB653D95}.Release|Any CPU.ActiveCfg = Release|Any CPU
		{9E299165-5094-447E-98BB-5FC7FB653D95}.Release|Any CPU.Build.0 = Release|Any CPU
		{9E299165-5094-447E-98BB-5FC7FB653D95}.Release|ARM.ActiveCfg = Release|Any CPU
		{9E299165-5094-447E-98BB-5FC7FB653D95}.Release|ARM.Build.0 = Release|Any CPU
		{9E299165-5094-447E-98BB-5FC7FB653D95}.Release|ARM64.ActiveCfg = Release|Any CPU
		{9E299165-5094-447E-98BB-5FC7FB653D95}.Release|ARM64.Build.0 = Release|Any CPU
		{9E299165-5094-447E-98BB-5FC7FB653D95}.Release|x64.ActiveCfg = Release|Any CPU
		{9E299165-5094-447E-98BB-5FC7FB653D95}.Release|x64.Build.0 = Release|Any CPU
		{9E299165-5094-447E-98BB-5FC7FB653D95}.Release|x86.ActiveCfg = Release|Any CPU
		{9E299165-5094-447E-98BB-5FC7FB653D95}.Release|x86.Build.0 = Release|Any CPU
		{76FB6F35-E3D9-4B8C-9A88-EB4DFB940E54}.Debug|Any CPU.ActiveCfg = Debug|Any CPU
		{76FB6F35-E3D9-4B8C-9A88-EB4DFB940E54}.Debug|Any CPU.Build.0 = Debug|Any CPU
		{76FB6F35-E3D9-4B8C-9A88-EB4DFB940E54}.Debug|ARM.ActiveCfg = Debug|Any CPU
		{76FB6F35-E3D9-4B8C-9A88-EB4DFB940E54}.Debug|ARM.Build.0 = Debug|Any CPU
		{76FB6F35-E3D9-4B8C-9A88-EB4DFB940E54}.Debug|ARM64.ActiveCfg = Debug|Any CPU
		{76FB6F35-E3D9-4B8C-9A88-EB4DFB940E54}.Debug|ARM64.Build.0 = Debug|Any CPU
		{76FB6F35-E3D9-4B8C-9A88-EB4DFB940E54}.Debug|x64.ActiveCfg = Debug|Any CPU
		{76FB6F35-E3D9-4B8C-9A88-EB4DFB940E54}.Debug|x64.Build.0 = Debug|Any CPU
		{76FB6F35-E3D9-4B8C-9A88-EB4DFB940E54}.Debug|x86.ActiveCfg = Debug|Any CPU
		{76FB6F35-E3D9-4B8C-9A88-EB4DFB940E54}.Debug|x86.Build.0 = Debug|Any CPU
		{76FB6F35-E3D9-4B8C-9A88-EB4DFB940E54}.Release|Any CPU.ActiveCfg = Release|Any CPU
		{76FB6F35-E3D9-4B8C-9A88-EB4DFB940E54}.Release|Any CPU.Build.0 = Release|Any CPU
		{76FB6F35-E3D9-4B8C-9A88-EB4DFB940E54}.Release|ARM.ActiveCfg = Release|Any CPU
		{76FB6F35-E3D9-4B8C-9A88-EB4DFB940E54}.Release|ARM.Build.0 = Release|Any CPU
		{76FB6F35-E3D9-4B8C-9A88-EB4DFB940E54}.Release|ARM64.ActiveCfg = Release|Any CPU
		{76FB6F35-E3D9-4B8C-9A88-EB4DFB940E54}.Release|ARM64.Build.0 = Release|Any CPU
		{76FB6F35-E3D9-4B8C-9A88-EB4DFB940E54}.Release|x64.ActiveCfg = Release|Any CPU
		{76FB6F35-E3D9-4B8C-9A88-EB4DFB940E54}.Release|x64.Build.0 = Release|Any CPU
		{76FB6F35-E3D9-4B8C-9A88-EB4DFB940E54}.Release|x86.ActiveCfg = Release|Any CPU
		{76FB6F35-E3D9-4B8C-9A88-EB4DFB940E54}.Release|x86.Build.0 = Release|Any CPU
		{55253C44-E367-49A0-8D23-2710B0FBCDDF}.Debug|Any CPU.ActiveCfg = Debug|Any CPU
		{55253C44-E367-49A0-8D23-2710B0FBCDDF}.Debug|Any CPU.Build.0 = Debug|Any CPU
		{55253C44-E367-49A0-8D23-2710B0FBCDDF}.Debug|ARM.ActiveCfg = Debug|Any CPU
		{55253C44-E367-49A0-8D23-2710B0FBCDDF}.Debug|ARM.Build.0 = Debug|Any CPU
		{55253C44-E367-49A0-8D23-2710B0FBCDDF}.Debug|ARM64.ActiveCfg = Debug|Any CPU
		{55253C44-E367-49A0-8D23-2710B0FBCDDF}.Debug|ARM64.Build.0 = Debug|Any CPU
		{55253C44-E367-49A0-8D23-2710B0FBCDDF}.Debug|x64.ActiveCfg = Debug|Any CPU
		{55253C44-E367-49A0-8D23-2710B0FBCDDF}.Debug|x64.Build.0 = Debug|Any CPU
		{55253C44-E367-49A0-8D23-2710B0FBCDDF}.Debug|x86.ActiveCfg = Debug|Any CPU
		{55253C44-E367-49A0-8D23-2710B0FBCDDF}.Debug|x86.Build.0 = Debug|Any CPU
		{55253C44-E367-49A0-8D23-2710B0FBCDDF}.Release|Any CPU.ActiveCfg = Release|Any CPU
		{55253C44-E367-49A0-8D23-2710B0FBCDDF}.Release|Any CPU.Build.0 = Release|Any CPU
		{55253C44-E367-49A0-8D23-2710B0FBCDDF}.Release|ARM.ActiveCfg = Release|Any CPU
		{55253C44-E367-49A0-8D23-2710B0FBCDDF}.Release|ARM.Build.0 = Release|Any CPU
		{55253C44-E367-49A0-8D23-2710B0FBCDDF}.Release|ARM64.ActiveCfg = Release|Any CPU
		{55253C44-E367-49A0-8D23-2710B0FBCDDF}.Release|ARM64.Build.0 = Release|Any CPU
		{55253C44-E367-49A0-8D23-2710B0FBCDDF}.Release|x64.ActiveCfg = Release|Any CPU
		{55253C44-E367-49A0-8D23-2710B0FBCDDF}.Release|x64.Build.0 = Release|Any CPU
		{55253C44-E367-49A0-8D23-2710B0FBCDDF}.Release|x86.ActiveCfg = Release|Any CPU
		{55253C44-E367-49A0-8D23-2710B0FBCDDF}.Release|x86.Build.0 = Release|Any CPU
		{342FF263-E09B-43E5-9A9C-FE4A50B934A2}.Debug|Any CPU.ActiveCfg = Debug|Any CPU
		{342FF263-E09B-43E5-9A9C-FE4A50B934A2}.Debug|Any CPU.Build.0 = Debug|Any CPU
		{342FF263-E09B-43E5-9A9C-FE4A50B934A2}.Debug|ARM.ActiveCfg = Debug|Any CPU
		{342FF263-E09B-43E5-9A9C-FE4A50B934A2}.Debug|ARM.Build.0 = Debug|Any CPU
		{342FF263-E09B-43E5-9A9C-FE4A50B934A2}.Debug|ARM64.ActiveCfg = Debug|Any CPU
		{342FF263-E09B-43E5-9A9C-FE4A50B934A2}.Debug|ARM64.Build.0 = Debug|Any CPU
		{342FF263-E09B-43E5-9A9C-FE4A50B934A2}.Debug|x64.ActiveCfg = Debug|Any CPU
		{342FF263-E09B-43E5-9A9C-FE4A50B934A2}.Debug|x64.Build.0 = Debug|Any CPU
		{342FF263-E09B-43E5-9A9C-FE4A50B934A2}.Debug|x86.ActiveCfg = Debug|Any CPU
		{342FF263-E09B-43E5-9A9C-FE4A50B934A2}.Debug|x86.Build.0 = Debug|Any CPU
		{342FF263-E09B-43E5-9A9C-FE4A50B934A2}.Release|Any CPU.ActiveCfg = Release|Any CPU
		{342FF263-E09B-43E5-9A9C-FE4A50B934A2}.Release|Any CPU.Build.0 = Release|Any CPU
		{342FF263-E09B-43E5-9A9C-FE4A50B934A2}.Release|ARM.ActiveCfg = Release|Any CPU
		{342FF263-E09B-43E5-9A9C-FE4A50B934A2}.Release|ARM.Build.0 = Release|Any CPU
		{342FF263-E09B-43E5-9A9C-FE4A50B934A2}.Release|ARM64.ActiveCfg = Release|Any CPU
		{342FF263-E09B-43E5-9A9C-FE4A50B934A2}.Release|ARM64.Build.0 = Release|Any CPU
		{342FF263-E09B-43E5-9A9C-FE4A50B934A2}.Release|x64.ActiveCfg = Release|Any CPU
		{342FF263-E09B-43E5-9A9C-FE4A50B934A2}.Release|x64.Build.0 = Release|Any CPU
		{342FF263-E09B-43E5-9A9C-FE4A50B934A2}.Release|x86.ActiveCfg = Release|Any CPU
		{342FF263-E09B-43E5-9A9C-FE4A50B934A2}.Release|x86.Build.0 = Release|Any CPU
		{E42ADC92-E019-43A0-BA49-54A8AE0AEFE3}.Debug|Any CPU.ActiveCfg = Debug|Any CPU
		{E42ADC92-E019-43A0-BA49-54A8AE0AEFE3}.Debug|Any CPU.Build.0 = Debug|Any CPU
		{E42ADC92-E019-43A0-BA49-54A8AE0AEFE3}.Debug|ARM.ActiveCfg = Debug|Any CPU
		{E42ADC92-E019-43A0-BA49-54A8AE0AEFE3}.Debug|ARM.Build.0 = Debug|Any CPU
		{E42ADC92-E019-43A0-BA49-54A8AE0AEFE3}.Debug|ARM64.ActiveCfg = Debug|Any CPU
		{E42ADC92-E019-43A0-BA49-54A8AE0AEFE3}.Debug|ARM64.Build.0 = Debug|Any CPU
		{E42ADC92-E019-43A0-BA49-54A8AE0AEFE3}.Debug|x64.ActiveCfg = Debug|Any CPU
		{E42ADC92-E019-43A0-BA49-54A8AE0AEFE3}.Debug|x64.Build.0 = Debug|Any CPU
		{E42ADC92-E019-43A0-BA49-54A8AE0AEFE3}.Debug|x86.ActiveCfg = Debug|Any CPU
		{E42ADC92-E019-43A0-BA49-54A8AE0AEFE3}.Debug|x86.Build.0 = Debug|Any CPU
		{E42ADC92-E019-43A0-BA49-54A8AE0AEFE3}.Release|Any CPU.ActiveCfg = Release|Any CPU
		{E42ADC92-E019-43A0-BA49-54A8AE0AEFE3}.Release|Any CPU.Build.0 = Release|Any CPU
		{E42ADC92-E019-43A0-BA49-54A8AE0AEFE3}.Release|ARM.ActiveCfg = Release|Any CPU
		{E42ADC92-E019-43A0-BA49-54A8AE0AEFE3}.Release|ARM.Build.0 = Release|Any CPU
		{E42ADC92-E019-43A0-BA49-54A8AE0AEFE3}.Release|ARM64.ActiveCfg = Release|Any CPU
		{E42ADC92-E019-43A0-BA49-54A8AE0AEFE3}.Release|ARM64.Build.0 = Release|Any CPU
		{E42ADC92-E019-43A0-BA49-54A8AE0AEFE3}.Release|x64.ActiveCfg = Release|Any CPU
		{E42ADC92-E019-43A0-BA49-54A8AE0AEFE3}.Release|x64.Build.0 = Release|Any CPU
		{E42ADC92-E019-43A0-BA49-54A8AE0AEFE3}.Release|x86.ActiveCfg = Release|Any CPU
		{E42ADC92-E019-43A0-BA49-54A8AE0AEFE3}.Release|x86.Build.0 = Release|Any CPU
		{5A557BEA-254B-4990-B11F-7B6021800628}.Debug|Any CPU.ActiveCfg = Debug|Any CPU
		{5A557BEA-254B-4990-B11F-7B6021800628}.Debug|Any CPU.Build.0 = Debug|Any CPU
		{5A557BEA-254B-4990-B11F-7B6021800628}.Debug|ARM.ActiveCfg = Debug|Any CPU
		{5A557BEA-254B-4990-B11F-7B6021800628}.Debug|ARM.Build.0 = Debug|Any CPU
		{5A557BEA-254B-4990-B11F-7B6021800628}.Debug|ARM64.ActiveCfg = Debug|Any CPU
		{5A557BEA-254B-4990-B11F-7B6021800628}.Debug|ARM64.Build.0 = Debug|Any CPU
		{5A557BEA-254B-4990-B11F-7B6021800628}.Debug|x64.ActiveCfg = Debug|Any CPU
		{5A557BEA-254B-4990-B11F-7B6021800628}.Debug|x64.Build.0 = Debug|Any CPU
		{5A557BEA-254B-4990-B11F-7B6021800628}.Debug|x86.ActiveCfg = Debug|Any CPU
		{5A557BEA-254B-4990-B11F-7B6021800628}.Debug|x86.Build.0 = Debug|Any CPU
		{5A557BEA-254B-4990-B11F-7B6021800628}.Release|Any CPU.ActiveCfg = Release|Any CPU
		{5A557BEA-254B-4990-B11F-7B6021800628}.Release|Any CPU.Build.0 = Release|Any CPU
		{5A557BEA-254B-4990-B11F-7B6021800628}.Release|ARM.ActiveCfg = Release|Any CPU
		{5A557BEA-254B-4990-B11F-7B6021800628}.Release|ARM.Build.0 = Release|Any CPU
		{5A557BEA-254B-4990-B11F-7B6021800628}.Release|ARM64.ActiveCfg = Release|Any CPU
		{5A557BEA-254B-4990-B11F-7B6021800628}.Release|ARM64.Build.0 = Release|Any CPU
		{5A557BEA-254B-4990-B11F-7B6021800628}.Release|x64.ActiveCfg = Release|Any CPU
		{5A557BEA-254B-4990-B11F-7B6021800628}.Release|x64.Build.0 = Release|Any CPU
		{5A557BEA-254B-4990-B11F-7B6021800628}.Release|x86.ActiveCfg = Release|Any CPU
		{5A557BEA-254B-4990-B11F-7B6021800628}.Release|x86.Build.0 = Release|Any CPU
		{B64A4E49-1C78-4D60-B11D-71D56CF2F7D4}.Debug|Any CPU.ActiveCfg = Debug|Any CPU
		{B64A4E49-1C78-4D60-B11D-71D56CF2F7D4}.Debug|Any CPU.Build.0 = Debug|Any CPU
		{B64A4E49-1C78-4D60-B11D-71D56CF2F7D4}.Debug|ARM.ActiveCfg = Debug|Any CPU
		{B64A4E49-1C78-4D60-B11D-71D56CF2F7D4}.Debug|ARM.Build.0 = Debug|Any CPU
		{B64A4E49-1C78-4D60-B11D-71D56CF2F7D4}.Debug|ARM64.ActiveCfg = Debug|Any CPU
		{B64A4E49-1C78-4D60-B11D-71D56CF2F7D4}.Debug|ARM64.Build.0 = Debug|Any CPU
		{B64A4E49-1C78-4D60-B11D-71D56CF2F7D4}.Debug|x64.ActiveCfg = Debug|Any CPU
		{B64A4E49-1C78-4D60-B11D-71D56CF2F7D4}.Debug|x64.Build.0 = Debug|Any CPU
		{B64A4E49-1C78-4D60-B11D-71D56CF2F7D4}.Debug|x86.ActiveCfg = Debug|Any CPU
		{B64A4E49-1C78-4D60-B11D-71D56CF2F7D4}.Debug|x86.Build.0 = Debug|Any CPU
		{B64A4E49-1C78-4D60-B11D-71D56CF2F7D4}.Release|Any CPU.ActiveCfg = Release|Any CPU
		{B64A4E49-1C78-4D60-B11D-71D56CF2F7D4}.Release|Any CPU.Build.0 = Release|Any CPU
		{B64A4E49-1C78-4D60-B11D-71D56CF2F7D4}.Release|ARM.ActiveCfg = Release|Any CPU
		{B64A4E49-1C78-4D60-B11D-71D56CF2F7D4}.Release|ARM.Build.0 = Release|Any CPU
		{B64A4E49-1C78-4D60-B11D-71D56CF2F7D4}.Release|ARM64.ActiveCfg = Release|Any CPU
		{B64A4E49-1C78-4D60-B11D-71D56CF2F7D4}.Release|ARM64.Build.0 = Release|Any CPU
		{B64A4E49-1C78-4D60-B11D-71D56CF2F7D4}.Release|x64.ActiveCfg = Release|Any CPU
		{B64A4E49-1C78-4D60-B11D-71D56CF2F7D4}.Release|x64.Build.0 = Release|Any CPU
		{B64A4E49-1C78-4D60-B11D-71D56CF2F7D4}.Release|x86.ActiveCfg = Release|Any CPU
		{B64A4E49-1C78-4D60-B11D-71D56CF2F7D4}.Release|x86.Build.0 = Release|Any CPU
	EndGlobalSection
	GlobalSection(SolutionProperties) = preSolution
		HideSolutionNode = FALSE
	EndGlobalSection
	GlobalSection(NestedProjects) = preSolution
		{C8DBFA0D-C8CB-4A5C-BBF0-BD38DE503A61} = {2F1F2732-0D42-4F78-9FDF-AD971C5B5D32}
		{580497C1-4829-45EB-A8A9-E410D7B5BE53} = {2F1F2732-0D42-4F78-9FDF-AD971C5B5D32}
		{88E8AE97-D78C-4DC3-9823-FAAD5FC4110F} = {580497C1-4829-45EB-A8A9-E410D7B5BE53}
		{C2228FA7-AAE7-40A9-B858-DD2B62871928} = {C8DBFA0D-C8CB-4A5C-BBF0-BD38DE503A61}
		{A69BDDA3-FBD0-4D2F-B614-CC69F6077E92} = {FD1136FA-C385-4C7E-A2D2-04065C0AFFDD}
		{04A6CB99-1D0F-42AC-AECB-EB71BAB00E8A} = {605C6ABB-B888-4B76-A91C-F4D877903AD0}
		{4D2C2ACD-3FC2-40F7-BEF5-E8CA2BDD3D29} = {605C6ABB-B888-4B76-A91C-F4D877903AD0}
		{59D7F386-8018-44BC-B2BD-6AB32A264EE1} = {2F1F2732-0D42-4F78-9FDF-AD971C5B5D32}
		{3196B90B-84BF-40BF-8EBF-F25CBE683266} = {41C16385-E0AC-4C89-A355-BA390B994F49}
		{F66BB9F4-ACBA-4766-8D7D-A6C7A3C817D0} = {41C16385-E0AC-4C89-A355-BA390B994F49}
		{504A3771-9987-4225-8843-07554EC7F714} = {41C16385-E0AC-4C89-A355-BA390B994F49}
		{329B2BBB-6E09-4932-AE2B-7D200BDEF627} = {41C16385-E0AC-4C89-A355-BA390B994F49}
		{9A150E68-CF3A-4B08-822D-AA897DEDB44C} = {41C16385-E0AC-4C89-A355-BA390B994F49}
		{3FBD3FA5-B4C9-4C24-BBEA-8C08752F93E3} = {41C16385-E0AC-4C89-A355-BA390B994F49}
		{334E6B0D-7E5C-4222-8A73-968B2BEBAFA4} = {41C16385-E0AC-4C89-A355-BA390B994F49}
		{42B422BB-4CD7-4F94-BAA6-51DDD5C8B82F} = {41C16385-E0AC-4C89-A355-BA390B994F49}
		{0723A6DA-6CD7-427C-908E-FA475F42B996} = {41C16385-E0AC-4C89-A355-BA390B994F49}
		{C70A5298-499A-4DF8-8E3A-86ECE0C65165} = {41C16385-E0AC-4C89-A355-BA390B994F49}
		{4754884F-0F04-4F11-8411-CEA878C00077} = {41C16385-E0AC-4C89-A355-BA390B994F49}
		{E36E1E56-C26D-4792-91E3-F4B84DFB313C} = {41C16385-E0AC-4C89-A355-BA390B994F49}
		{34A3190F-3971-4E04-A6CF-0098257643B7} = {41C16385-E0AC-4C89-A355-BA390B994F49}
		{D883863C-6C8E-4EA5-99F3-B153F6E25FFC} = {41C16385-E0AC-4C89-A355-BA390B994F49}
		{9E299165-5094-447E-98BB-5FC7FB653D95} = {41C16385-E0AC-4C89-A355-BA390B994F49}
		{76FB6F35-E3D9-4B8C-9A88-EB4DFB940E54} = {41C16385-E0AC-4C89-A355-BA390B994F49}
		{55253C44-E367-49A0-8D23-2710B0FBCDDF} = {831C2E64-7E48-4DFC-93D8-CAF6061E008D}
		{342FF263-E09B-43E5-9A9C-FE4A50B934A2} = {831C2E64-7E48-4DFC-93D8-CAF6061E008D}
		{E42ADC92-E019-43A0-BA49-54A8AE0AEFE3} = {831C2E64-7E48-4DFC-93D8-CAF6061E008D}
		{5A557BEA-254B-4990-B11F-7B6021800628} = {831C2E64-7E48-4DFC-93D8-CAF6061E008D}
		{B64A4E49-1C78-4D60-B11D-71D56CF2F7D4} = {831C2E64-7E48-4DFC-93D8-CAF6061E008D}
	EndGlobalSection
	GlobalSection(ExtensibilityGlobals) = postSolution
		SolutionGuid = {3578CA19-CBB6-40E9-A4CF-AF7440E45274}
	EndGlobalSection
EndGlobal
