
Microsoft Visual Studio Solution File, Format Version 12.00
# Visual Studio Version 17
VisualStudioVersion = 17.2.32630.192
MinimumVisualStudioVersion = 10.0.40219.1
Project("{9A19103F-16F7-4668-BE54-9A1E7A4F7556}") = "ViewFaceCore", "ViewFaceCore\ViewFaceCore.csproj", "{A80BBE13-C15C-40BB-B03F-85FAC11B03DF}"
EndProject
Project("{2150E333-8FDC-42A3-9474-1A3956D46DE8}") = "Extensions", "Extensions", "{E277C41E-DE26-47CB-B0C5-8689ADFDFB89}"
EndProject
Project("{D954291E-2A0B-460D-934E-DC6B0785DB48}") = "ViewFaceCore.Extension.Shared", "Extensions\ViewFaceCore.Extension.Shared\ViewFaceCore.Extension.Shared.shproj", "{0AC3FA3E-66D2-48BC-B56C-67428B758BF6}"
EndProject
Project("{9A19103F-16F7-4668-BE54-9A1E7A4F7556}") = "ViewFaceCore.Extension.SkiaSharp", "Extensions\ViewFaceCore.Extension.SkiaSharp\ViewFaceCore.Extension.SkiaSharp.csproj", "{084290C4-31D7-44F4-9F2A-1351857AA01F}"
EndProject
Project("{9A19103F-16F7-4668-BE54-9A1E7A4F7556}") = "ViewFaceCore.Extension.SystemDrawing", "Extensions\ViewFaceCore.Extension.SystemDrawing\ViewFaceCore.Extension.SystemDrawing.csproj", "{D5E1E633-99B7-4EC0-87E8-932DAD2E81EB}"
EndProject
Project("{9A19103F-16F7-4668-BE54-9A1E7A4F7556}") = "ViewFaceCore.Extension.ImageSharp", "Extensions\ViewFaceCore.Extension.ImageSharp\ViewFaceCore.Extension.ImageSharp.csproj", "{E143D261-E71F-442B-A747-45C062E2F932}"
EndProject
Project("{9A19103F-16F7-4668-BE54-9A1E7A4F7556}") = "ViewFaceCore.Extension.DependencyInjection", "Extensions\ViewFaceCore.Extension.DependencyInjection\ViewFaceCore.Extension.DependencyInjection.csproj", "{2557525D-875E-4E83-A985-D29433122685}"
EndProject
Global
	GlobalSection(SolutionConfigurationPlatforms) = preSolution
		Debug|Any CPU = Debug|Any CPU
		Debug|ARM = Debug|ARM
		Debug|ARM64 = Debug|ARM64
		Debug|x64 = Debug|x64
		Debug|x86 = Debug|x86
		Release|Any CPU = Release|Any CPU
		Release|ARM = Release|ARM
		Release|ARM64 = Release|ARM64
		Release|x64 = Release|x64
		Release|x86 = Release|x86
	EndGlobalSection
	GlobalSection(ProjectConfigurationPlatforms) = postSolution
		{A80BBE13-C15C-40BB-B03F-85FAC11B03DF}.Debug|Any CPU.ActiveCfg = Debug|Any CPU
		{A80BBE13-C15C-40BB-B03F-85FAC11B03DF}.Debug|Any CPU.Build.0 = Debug|Any CPU
		{A80BBE13-C15C-40BB-B03F-85FAC11B03DF}.Debug|ARM.ActiveCfg = Debug|Any CPU
		{A80BBE13-C15C-40BB-B03F-85FAC11B03DF}.Debug|ARM.Build.0 = Debug|Any CPU
		{A80BBE13-C15C-40BB-B03F-85FAC11B03DF}.Debug|ARM64.ActiveCfg = Debug|Any CPU
		{A80BBE13-C15C-40BB-B03F-85FAC11B03DF}.Debug|ARM64.Build.0 = Debug|Any CPU
		{A80BBE13-C15C-40BB-B03F-85FAC11B03DF}.Debug|x64.ActiveCfg = Debug|Any CPU
		{A80BBE13-C15C-40BB-B03F-85FAC11B03DF}.Debug|x64.Build.0 = Debug|Any CPU
		{A80BBE13-C15C-40BB-B03F-85FAC11B03DF}.Debug|x86.ActiveCfg = Debug|Any CPU
		{A80BBE13-C15C-40BB-B03F-85FAC11B03DF}.Debug|x86.Build.0 = Debug|Any CPU
		{A80BBE13-C15C-40BB-B03F-85FAC11B03DF}.Release|Any CPU.ActiveCfg = Release|Any CPU
		{A80BBE13-C15C-40BB-B03F-85FAC11B03DF}.Release|Any CPU.Build.0 = Release|Any CPU
		{A80BBE13-C15C-40BB-B03F-85FAC11B03DF}.Release|ARM.ActiveCfg = Release|Any CPU
		{A80BBE13-C15C-40BB-B03F-85FAC11B03DF}.Release|ARM.Build.0 = Release|Any CPU
		{A80BBE13-C15C-40BB-B03F-85FAC11B03DF}.Release|ARM64.ActiveCfg = Release|Any CPU
		{A80BBE13-C15C-40BB-B03F-85FAC11B03DF}.Release|ARM64.Build.0 = Release|Any CPU
		{A80BBE13-C15C-40BB-B03F-85FAC11B03DF}.Release|x64.ActiveCfg = Release|Any CPU
		{A80BBE13-C15C-40BB-B03F-85FAC11B03DF}.Release|x64.Build.0 = Release|Any CPU
		{A80BBE13-C15C-40BB-B03F-85FAC11B03DF}.Release|x86.ActiveCfg = Release|Any CPU
		{A80BBE13-C15C-40BB-B03F-85FAC11B03DF}.Release|x86.Build.0 = Release|Any CPU
		{084290C4-31D7-44F4-9F2A-1351857AA01F}.Debug|Any CPU.ActiveCfg = Debug|Any CPU
		{084290C4-31D7-44F4-9F2A-1351857AA01F}.Debug|Any CPU.Build.0 = Debug|Any CPU
		{084290C4-31D7-44F4-9F2A-1351857AA01F}.Debug|ARM.ActiveCfg = Debug|Any CPU
		{084290C4-31D7-44F4-9F2A-1351857AA01F}.Debug|ARM.Build.0 = Debug|Any CPU
		{084290C4-31D7-44F4-9F2A-1351857AA01F}.Debug|ARM64.ActiveCfg = Debug|Any CPU
		{084290C4-31D7-44F4-9F2A-1351857AA01F}.Debug|ARM64.Build.0 = Debug|Any CPU
		{084290C4-31D7-44F4-9F2A-1351857AA01F}.Debug|x64.ActiveCfg = Debug|Any CPU
		{084290C4-31D7-44F4-9F2A-1351857AA01F}.Debug|x64.Build.0 = Debug|Any CPU
		{084290C4-31D7-44F4-9F2A-1351857AA01F}.Debug|x86.ActiveCfg = Debug|Any CPU
		{084290C4-31D7-44F4-9F2A-1351857AA01F}.Debug|x86.Build.0 = Debug|Any CPU
		{084290C4-31D7-44F4-9F2A-1351857AA01F}.Release|Any CPU.ActiveCfg = Release|Any CPU
		{084290C4-31D7-44F4-9F2A-1351857AA01F}.Release|Any CPU.Build.0 = Release|Any CPU
		{084290C4-31D7-44F4-9F2A-1351857AA01F}.Release|ARM.ActiveCfg = Release|Any CPU
		{084290C4-31D7-44F4-9F2A-1351857AA01F}.Release|ARM.Build.0 = Release|Any CPU
		{084290C4-31D7-44F4-9F2A-1351857AA01F}.Release|ARM64.ActiveCfg = Release|Any CPU
		{084290C4-31D7-44F4-9F2A-1351857AA01F}.Release|ARM64.Build.0 = Release|Any CPU
		{084290C4-31D7-44F4-9F2A-1351857AA01F}.Release|x64.ActiveCfg = Release|Any CPU
		{084290C4-31D7-44F4-9F2A-1351857AA01F}.Release|x64.Build.0 = Release|Any CPU
		{084290C4-31D7-44F4-9F2A-1351857AA01F}.Release|x86.ActiveCfg = Release|Any CPU
		{084290C4-31D7-44F4-9F2A-1351857AA01F}.Release|x86.Build.0 = Release|Any CPU
		{D5E1E633-99B7-4EC0-87E8-932DAD2E81EB}.Debug|Any CPU.ActiveCfg = Debug|Any CPU
		{D5E1E633-99B7-4EC0-87E8-932DAD2E81EB}.Debug|Any CPU.Build.0 = Debug|Any CPU
		{D5E1E633-99B7-4EC0-87E8-932DAD2E81EB}.Debug|ARM.ActiveCfg = Debug|Any CPU
		{D5E1E633-99B7-4EC0-87E8-932DAD2E81EB}.Debug|ARM.Build.0 = Debug|Any CPU
		{D5E1E633-99B7-4EC0-87E8-932DAD2E81EB}.Debug|ARM64.ActiveCfg = Debug|Any CPU
		{D5E1E633-99B7-4EC0-87E8-932DAD2E81EB}.Debug|ARM64.Build.0 = Debug|Any CPU
		{D5E1E633-99B7-4EC0-87E8-932DAD2E81EB}.Debug|x64.ActiveCfg = Debug|Any CPU
		{D5E1E633-99B7-4EC0-87E8-932DAD2E81EB}.Debug|x64.Build.0 = Debug|Any CPU
		{D5E1E633-99B7-4EC0-87E8-932DAD2E81EB}.Debug|x86.ActiveCfg = Debug|Any CPU
		{D5E1E633-99B7-4EC0-87E8-932DAD2E81EB}.Debug|x86.Build.0 = Debug|Any CPU
		{D5E1E633-99B7-4EC0-87E8-932DAD2E81EB}.Release|Any CPU.ActiveCfg = Release|Any CPU
		{D5E1E633-99B7-4EC0-87E8-932DAD2E81EB}.Release|Any CPU.Build.0 = Release|Any CPU
		{D5E1E633-99B7-4EC0-87E8-932DAD2E81EB}.Release|ARM.ActiveCfg = Release|Any CPU
		{D5E1E633-99B7-4EC0-87E8-932DAD2E81EB}.Release|ARM.Build.0 = Release|Any CPU
		{D5E1E633-99B7-4EC0-87E8-932DAD2E81EB}.Release|ARM64.ActiveCfg = Release|Any CPU
		{D5E1E633-99B7-4EC0-87E8-932DAD2E81EB}.Release|ARM64.Build.0 = Release|Any CPU
		{D5E1E633-99B7-4EC0-87E8-932DAD2E81EB}.Release|x64.ActiveCfg = Release|Any CPU
		{D5E1E633-99B7-4EC0-87E8-932DAD2E81EB}.Release|x64.Build.0 = Release|Any CPU
		{D5E1E633-99B7-4EC0-87E8-932DAD2E81EB}.Release|x86.ActiveCfg = Release|Any CPU
		{D5E1E633-99B7-4EC0-87E8-932DAD2E81EB}.Release|x86.Build.0 = Release|Any CPU
		{E143D261-E71F-442B-A747-45C062E2F932}.Debug|Any CPU.ActiveCfg = Debug|Any CPU
		{E143D261-E71F-442B-A747-45C062E2F932}.Debug|Any CPU.Build.0 = Debug|Any CPU
		{E143D261-E71F-442B-A747-45C062E2F932}.Debug|ARM.ActiveCfg = Debug|Any CPU
		{E143D261-E71F-442B-A747-45C062E2F932}.Debug|ARM.Build.0 = Debug|Any CPU
		{E143D261-E71F-442B-A747-45C062E2F932}.Debug|ARM64.ActiveCfg = Debug|Any CPU
		{E143D261-E71F-442B-A747-45C062E2F932}.Debug|ARM64.Build.0 = Debug|Any CPU
		{E143D261-E71F-442B-A747-45C062E2F932}.Debug|x64.ActiveCfg = Debug|Any CPU
		{E143D261-E71F-442B-A747-45C062E2F932}.Debug|x64.Build.0 = Debug|Any CPU
		{E143D261-E71F-442B-A747-45C062E2F932}.Debug|x86.ActiveCfg = Debug|Any CPU
		{E143D261-E71F-442B-A747-45C062E2F932}.Debug|x86.Build.0 = Debug|Any CPU
		{E143D261-E71F-442B-A747-45C062E2F932}.Release|Any CPU.ActiveCfg = Release|Any CPU
		{E143D261-E71F-442B-A747-45C062E2F932}.Release|Any CPU.Build.0 = Release|Any CPU
		{E143D261-E71F-442B-A747-45C062E2F932}.Release|ARM.ActiveCfg = Release|Any CPU
		{E143D261-E71F-442B-A747-45C062E2F932}.Release|ARM.Build.0 = Release|Any CPU
		{E143D261-E71F-442B-A747-45C062E2F932}.Release|ARM64.ActiveCfg = Release|Any CPU
		{E143D261-E71F-442B-A747-45C062E2F932}.Release|ARM64.Build.0 = Release|Any CPU
		{E143D261-E71F-442B-A747-45C062E2F932}.Release|x64.ActiveCfg = Release|Any CPU
		{E143D261-E71F-442B-A747-45C062E2F932}.Release|x64.Build.0 = Release|Any CPU
		{E143D261-E71F-442B-A747-45C062E2F932}.Release|x86.ActiveCfg = Release|Any CPU
		{E143D261-E71F-442B-A747-45C062E2F932}.Release|x86.Build.0 = Release|Any CPU
		{2557525D-875E-4E83-A985-D29433122685}.Debug|Any CPU.ActiveCfg = Debug|Any CPU
		{2557525D-875E-4E83-A985-D29433122685}.Debug|Any CPU.Build.0 = Debug|Any CPU
		{2557525D-875E-4E83-A985-D29433122685}.Debug|ARM.ActiveCfg = Debug|Any CPU
		{2557525D-875E-4E83-A985-D29433122685}.Debug|ARM.Build.0 = Debug|Any CPU
		{2557525D-875E-4E83-A985-D29433122685}.Debug|ARM64.ActiveCfg = Debug|Any CPU
		{2557525D-875E-4E83-A985-D29433122685}.Debug|ARM64.Build.0 = Debug|Any CPU
		{2557525D-875E-4E83-A985-D29433122685}.Debug|x64.ActiveCfg = Debug|Any CPU
		{2557525D-875E-4E83-A985-D29433122685}.Debug|x64.Build.0 = Debug|Any CPU
		{2557525D-875E-4E83-A985-D29433122685}.Debug|x86.ActiveCfg = Debug|Any CPU
		{2557525D-875E-4E83-A985-D29433122685}.Debug|x86.Build.0 = Debug|Any CPU
		{2557525D-875E-4E83-A985-D29433122685}.Release|Any CPU.ActiveCfg = Release|Any CPU
		{2557525D-875E-4E83-A985-D29433122685}.Release|Any CPU.Build.0 = Release|Any CPU
		{2557525D-875E-4E83-A985-D29433122685}.Release|ARM.ActiveCfg = Release|Any CPU
		{2557525D-875E-4E83-A985-D29433122685}.Release|ARM.Build.0 = Release|Any CPU
		{2557525D-875E-4E83-A985-D29433122685}.Release|ARM64.ActiveCfg = Release|Any CPU
		{2557525D-875E-4E83-A985-D29433122685}.Release|ARM64.Build.0 = Release|Any CPU
		{2557525D-875E-4E83-A985-D29433122685}.Release|x64.ActiveCfg = Release|Any CPU
		{2557525D-875E-4E83-A985-D29433122685}.Release|x64.Build.0 = Release|Any CPU
		{2557525D-875E-4E83-A985-D29433122685}.Release|x86.ActiveCfg = Release|Any CPU
		{2557525D-875E-4E83-A985-D29433122685}.Release|x86.Build.0 = Release|Any CPU
	EndGlobalSection
	GlobalSection(SolutionProperties) = preSolution
		HideSolutionNode = FALSE
	EndGlobalSection
	GlobalSection(NestedProjects) = preSolution
		{0AC3FA3E-66D2-48BC-B56C-67428B758BF6} = {E277C41E-DE26-47CB-B0C5-8689ADFDFB89}
		{084290C4-31D7-44F4-9F2A-1351857AA01F} = {E277C41E-DE26-47CB-B0C5-8689ADFDFB89}
		{D5E1E633-99B7-4EC0-87E8-932DAD2E81EB} = {E277C41E-DE26-47CB-B0C5-8689ADFDFB89}
		{E143D261-E71F-442B-A747-45C062E2F932} = {E277C41E-DE26-47CB-B0C5-8689ADFDFB89}
		{2557525D-875E-4E83-A985-D29433122685} = {E277C41E-DE26-47CB-B0C5-8689ADFDFB89}
	EndGlobalSection
	GlobalSection(ExtensibilityGlobals) = postSolution
		SolutionGuid = {80AB26C7-63C8-4E0F-B40C-21B9AEE7EE41}
	EndGlobalSection
	GlobalSection(SharedMSBuildProjectFiles) = preSolution
		Extensions\ViewFaceCore.Extension.Shared\ViewFaceCore.Extension.Shared.projitems*{084290c4-31d7-44f4-9f2a-1351857aa01f}*SharedItemsImports = 5
		Extensions\ViewFaceCore.Extension.Shared\ViewFaceCore.Extension.Shared.projitems*{0ac3fa3e-66d2-48bc-b56c-67428b758bf6}*SharedItemsImports = 13
		Extensions\ViewFaceCore.Extension.Shared\ViewFaceCore.Extension.Shared.projitems*{d5e1e633-99b7-4ec0-87e8-932dad2e81eb}*SharedItemsImports = 5
		Extensions\ViewFaceCore.Extension.Shared\ViewFaceCore.Extension.Shared.projitems*{e143d261-e71f-442b-a747-45c062e2f932}*SharedItemsImports = 5
	EndGlobalSection
EndGlobal
