
Microsoft Visual Studio Solution File, Format Version 12.00
# Visual Studio Version 17
VisualStudioVersion = 17.2.32630.192
MinimumVisualStudioVersion = 10.0.40219.1
Project("{2150E333-8FDC-42A3-9474-1A3956D46DE8}") = "Bridges", "Bridges", "{96BEABC9-B5A5-450E-9379-B42DBFC716BC}"
EndProject
Project("{8BC9CEB8-8B4A-11D0-8D11-00A0C91BC942}") = "Shared", "Bridges\Shared\Shared.vcxitems", "{59D7F386-8018-44BC-B2BD-6AB32A264EE1}"
EndProject
Project("{2150E333-8FDC-42A3-9474-1A3956D46DE8}") = "Linux", "Linux", "{9C44AB7E-90CA-4C36-A1CA-1A82E4593B51}"
EndProject
Project("{2150E333-8FDC-42A3-9474-1A3956D46DE8}") = "Windows", "Windows", "{A9582183-EE81-4AD8-922D-7F6DDF1CE619}"
EndProject
Project("{8BC9CEB8-8B4A-11D0-8D11-00A0C91BC942}") = "ViewFaceBridge", "Bridges\Linux\ViewFaceBridge\ViewFaceBridge.vcxproj", "{C2228FA7-AAE7-40A9-B858-DD2B62871928}"
EndProject
Project("{8BC9CEB8-8B4A-11D0-8D11-00A0C91BC942}") = "ViewFaceBridge", "Bridges\Windows\ViewFaceBridge\ViewFaceBridge.vcxproj", "{88E8AE97-D78C-4DC3-9823-FAAD5FC4110F}"
EndProject
Project("{9A19103F-16F7-4668-BE54-9A1E7A4F7556}") = "ViewFaceCore", "ViewFaceCore\ViewFaceCore.csproj", "{A80BBE13-C15C-40BB-B03F-85FAC11B03DF}"
EndProject
Project("{2150E333-8FDC-42A3-9474-1A3956D46DE8}") = "Extensions", "Extensions", "{E277C41E-DE26-47CB-B0C5-8689ADFDFB89}"
EndProject
Project("{2150E333-8FDC-42A3-9474-1A3956D46DE8}") = "Examples", "Examples", "{2BEC960C-7BF8-4CD0-929A-1EAEFAE2BA0E}"
EndProject
Project("{2150E333-8FDC-42A3-9474-1A3956D46DE8}") = "Tests", "Tests", "{2780DF13-BDD3-4FC4-A5EB-FFB915255F05}"
EndProject
Project("{9A19103F-16F7-4668-BE54-9A1E7A4F7556}") = "ViewFaceCore.Extension.SkiaSharp", "Extensions\ViewFaceCore.Extension.SkiaSharp\ViewFaceCore.Extension.SkiaSharp.csproj", "{084290C4-31D7-44F4-9F2A-1351857AA01F}"
EndProject
Project("{9A19103F-16F7-4668-BE54-9A1E7A4F7556}") = "ViewFaceCore.Extension.SystemDrawing", "Extensions\ViewFaceCore.Extension.SystemDrawing\ViewFaceCore.Extension.SystemDrawing.csproj", "{D5E1E633-99B7-4EC0-87E8-932DAD2E81EB}"
EndProject
Project("{9A19103F-16F7-4668-BE54-9A1E7A4F7556}") = "ViewFaceCoreTest", "Tests\ViewFaceCoreTest\ViewFaceCoreTest.csproj", "{54B57E57-3FC8-4A31-8A7A-265DF8B67D47}"
EndProject
Project("{9A19103F-16F7-4668-BE54-9A1E7A4F7556}") = "ViewFaceCoreSkiaSharpTest", "Tests\ViewFaceCoreSkiaSharpTest\ViewFaceCoreSkiaSharpTest.csproj", "{B802D7A1-D523-495B-913D-D847EE7F2231}"
EndProject
Project("{2150E333-8FDC-42A3-9474-1A3956D46DE8}") = "Models", "Models", "{3090995F-608F-4181-A8B3-93A0F5C8B24D}"
EndProject
Project("{9A19103F-16F7-4668-BE54-9A1E7A4F7556}") = "ViewFaceCore.all_models", "Models\ViewFaceCore.all_models\ViewFaceCore.all_models.csproj", "{E93763B6-8A59-452C-903C-1F883DF64C40}"
EndProject
Project("{9A19103F-16F7-4668-BE54-9A1E7A4F7556}") = "ViewFaceCore.model.age_predictor", "Models\ViewFaceCore.model.age_predictor\ViewFaceCore.model.age_predictor.csproj", "{4593BDE5-3FC5-49BA-A135-B1E97DF360CA}"
EndProject
Project("{9A19103F-16F7-4668-BE54-9A1E7A4F7556}") = "ViewFaceCore.model.eye_state", "Models\ViewFaceCore.model.eye_state\ViewFaceCore.model.eye_state.csproj", "{685D8935-8CB8-441C-A01A-29E749525579}"
EndProject
Project("{9A19103F-16F7-4668-BE54-9A1E7A4F7556}") = "ViewFaceCore.model.face_detector", "Models\ViewFaceCore.model.face_detector\ViewFaceCore.model.face_detector.csproj", "{E1340EF2-01D1-4400-B110-0866F85F2656}"
EndProject
Project("{9A19103F-16F7-4668-BE54-9A1E7A4F7556}") = "ViewFaceCore.model.face_landmarker_mask_pts5", "Models\ViewFaceCore.model.face_landmarker_mask_pts5\ViewFaceCore.model.face_landmarker_mask_pts5.csproj", "{DDB7D4DB-5ED5-4653-A3E0-E3D5582824AF}"
EndProject
Project("{9A19103F-16F7-4668-BE54-9A1E7A4F7556}") = "ViewFaceCore.model.face_landmarker_pts5", "Models\ViewFaceCore.model.face_landmarker_pts5\ViewFaceCore.model.face_landmarker_pts5.csproj", "{6B4CEEDB-6B9C-4020-AFA6-9CD73C632909}"
EndProject
Project("{9A19103F-16F7-4668-BE54-9A1E7A4F7556}") = "ViewFaceCore.model.face_landmarker_pts68", "Models\ViewFaceCore.model.face_landmarker_pts68\ViewFaceCore.model.face_landmarker_pts68.csproj", "{9EF62666-582A-4D0C-8916-867F0BB6EFC9}"
EndProject
Project("{9A19103F-16F7-4668-BE54-9A1E7A4F7556}") = "ViewFaceCore.model.face_recognizer", "Models\ViewFaceCore.model.face_recognizer\ViewFaceCore.model.face_recognizer.csproj", "{FF1768E6-772D-428E-B94A-FE2C9987792B}"
EndProject
Project("{9A19103F-16F7-4668-BE54-9A1E7A4F7556}") = "ViewFaceCore.model.face_recognizer_light", "Models\ViewFaceCore.model.face_recognizer_light\ViewFaceCore.model.face_recognizer_light.csproj", "{C60AB143-B774-4369-BF61-93FA8AAEBE5F}"
EndProject
Project("{9A19103F-16F7-4668-BE54-9A1E7A4F7556}") = "ViewFaceCore.model.face_recognizer_mask", "Models\ViewFaceCore.model.face_recognizer_mask\ViewFaceCore.model.face_recognizer_mask.csproj", "{8E4D6129-359B-4FDA-AA02-B4A823AF9B84}"
EndProject
Project("{9A19103F-16F7-4668-BE54-9A1E7A4F7556}") = "ViewFaceCore.model.fas_first", "Models\ViewFaceCore.model.fas_first\ViewFaceCore.model.fas_first.csproj", "{D475BFE9-FA22-4028-B788-5FAFF9074780}"
EndProject
Project("{9A19103F-16F7-4668-BE54-9A1E7A4F7556}") = "ViewFaceCore.model.fas_second", "Models\ViewFaceCore.model.fas_second\ViewFaceCore.model.fas_second.csproj", "{87F0DEC6-DB10-4108-8713-52737D6B96E4}"
EndProject
Project("{9A19103F-16F7-4668-BE54-9A1E7A4F7556}") = "ViewFaceCore.model.gender_predictor", "Models\ViewFaceCore.model.gender_predictor\ViewFaceCore.model.gender_predictor.csproj", "{606B33EA-9188-4C76-B608-B5DC00A0EE5F}"
EndProject
Project("{9A19103F-16F7-4668-BE54-9A1E7A4F7556}") = "ViewFaceCore.model.mask_detector", "Models\ViewFaceCore.model.mask_detector\ViewFaceCore.model.mask_detector.csproj", "{E6724905-9A4B-49AE-9434-CC84325EA8E6}"
EndProject
Project("{9A19103F-16F7-4668-BE54-9A1E7A4F7556}") = "ViewFaceCore.model.pose_estimation", "Models\ViewFaceCore.model.pose_estimation\ViewFaceCore.model.pose_estimation.csproj", "{CBF6E286-8CA8-40E6-AB37-0D0F625478C9}"
EndProject
Project("{9A19103F-16F7-4668-BE54-9A1E7A4F7556}") = "ViewFaceCore.model.quality_lbn", "Models\ViewFaceCore.model.quality_lbn\ViewFaceCore.model.quality_lbn.csproj", "{93100EDA-6EE6-4DA0-9AE3-F3A9597F6A73}"
EndProject
Project("{9A19103F-16F7-4668-BE54-9A1E7A4F7556}") = "ViewFaceCore.Example.WebApp", "Examples\ViewFaceCore.Example.WebApp\ViewFaceCore.Example.WebApp.csproj", "{6ECB7270-4B9B-4BB2-BC6A-7E6E6DCFB1AD}"
EndProject
Project("{9A19103F-16F7-4668-BE54-9A1E7A4F7556}") = "ViewFaceCore.Extension.DependencyInjection", "Extensions\ViewFaceCore.Extension.DependencyInjection\ViewFaceCore.Extension.DependencyInjection.csproj", "{DB02C833-48CB-49E4-A84C-696CD3FB2BC1}"
EndProject
Project("{9A19103F-16F7-4668-BE54-9A1E7A4F7556}") = "ViewFaceCoreImageSharpTest", "Tests\ViewFaceCoreImageSharpTest\ViewFaceCoreImageSharpTest.csproj", "{66C73D7E-FEA6-48A1-A14C-3C0C7C455788}"
EndProject
Project("{9A19103F-16F7-4668-BE54-9A1E7A4F7556}") = "ViewFaceCore.Extension.ImageSharp", "Extensions\ViewFaceCore.Extension.ImageSharp\ViewFaceCore.Extension.ImageSharp.csproj", "{F9DA2529-A46A-4A24-AFF4-A55872796C45}"
EndProject
Project("{9A19103F-16F7-4668-BE54-9A1E7A4F7556}") = "ViewFaceCore.Example.ConsoleApp", "Examples\ViewFaceCore.Example.ConsoleApp\ViewFaceCore.Example.ConsoleApp.csproj", "{78A5E9E0-AAF6-49B6-AC64-1E49C4E8CC50}"
EndProject
Project("{FAE04EC0-301F-11D3-BF4B-00C04F79EFBC}") = "ViewFaceCore.Example.VideoForm", "Examples\ViewFaceCore.Example.VideoForm\ViewFaceCore.Example.VideoForm.csproj", "{828ECF52-ADCD-446B-A8A4-95033CDE4584}"
EndProject
Project("{9A19103F-16F7-4668-BE54-9A1E7A4F7556}") = "ViewFaceCore.Extension.SourceGenerators", "Extensions\ViewFaceCore.Extension.SourceGenerators\ViewFaceCore.Extension.SourceGenerators.csproj", "{38FAB6E0-0ED3-436C-A4DB-3790DA2CB780}"
EndProject
Project("{9A19103F-16F7-4668-BE54-9A1E7A4F7556}") = "ViewFaceCore.Extension.SourceGenerators.Test", "Tests\ViewFaceCore.Extension.SourceGenerators.Test\ViewFaceCore.Extension.SourceGenerators.Test.csproj", "{EB5C8CB2-44C8-4847-A4DA-1DAC30BBFC14}"
EndProject
Project("{9A19103F-16F7-4668-BE54-9A1E7A4F7556}") = "ConsoleAppTest", "Tests\ConsoleAppTest\ConsoleAppTest.csproj", "{1AAABD43-984B-42C7-A0CF-7E395CFED7B3}"
EndProject
Project("{2150E333-8FDC-42A3-9474-1A3956D46DE8}") = "Runtimes", "Runtimes", "{86D6D957-3218-4299-AB6F-3FB164BD1C6B}"
EndProject
Project("{9A19103F-16F7-4668-BE54-9A1E7A4F7556}") = "ViewFaceCore.runtime.linux.arm", "Runtimes\ViewFaceCore.runtime.linux.arm\ViewFaceCore.runtime.linux.arm.csproj", "{95716A14-D4FE-458B-A0A1-F6E3753CF43C}"
EndProject
Project("{9A19103F-16F7-4668-BE54-9A1E7A4F7556}") = "ViewFaceCore.runtime.linux.arm64", "Runtimes\ViewFaceCore.runtime.linux.arm64\ViewFaceCore.runtime.linux.arm64.csproj", "{306B0780-E977-4FA3-B8A4-22B922141442}"
EndProject
Project("{9A19103F-16F7-4668-BE54-9A1E7A4F7556}") = "ViewFaceCore.runtime.ubuntu.20.04.x64", "Runtimes\ViewFaceCore.runtime.ubuntu.20.04.x64\ViewFaceCore.runtime.ubuntu.20.04.x64.csproj", "{EAA397BC-2D9F-4053-82D7-45693E833AF7}"
EndProject
Project("{9A19103F-16F7-4668-BE54-9A1E7A4F7556}") = "ViewFaceCore.runtime.win.vc", "Runtimes\ViewFaceCore.runtime.win.vc\ViewFaceCore.runtime.win.vc.csproj", "{6E2655C7-73B9-4124-918C-1EAF9F712BCF}"
EndProject
Project("{9A19103F-16F7-4668-BE54-9A1E7A4F7556}") = "ViewFaceCore.runtime.win.x64", "Runtimes\ViewFaceCore.runtime.win.x64\ViewFaceCore.runtime.win.x64.csproj", "{CD4E142C-BD98-46A5-BC65-C4C71918DF88}"
EndProject
Project("{9A19103F-16F7-4668-BE54-9A1E7A4F7556}") = "ViewFaceCore.runtime.win.x86", "Runtimes\ViewFaceCore.runtime.win.x86\ViewFaceCore.runtime.win.x86.csproj", "{D95D1B95-238B-4F6D-A989-2F586B684D1F}"
EndProject
Project("{9A19103F-16F7-4668-BE54-9A1E7A4F7556}") = "ConsoleAppGpuTest", "Tests\ConsoleAppGpuTest\ConsoleAppGpuTest.csproj", "{89F29C46-D8A7-431B-9A34-ECB2504008AA}"
EndProject
Global
	GlobalSection(SolutionConfigurationPlatforms) = preSolution
		Debug|Any CPU = Debug|Any CPU
		Debug|ARM = Debug|ARM
		Debug|ARM64 = Debug|ARM64
		Debug|x64 = Debug|x64
		Debug|x86 = Debug|x86
		Release|Any CPU = Release|Any CPU
		Release|ARM = Release|ARM
		Release|ARM64 = Release|ARM64
		Release|x64 = Release|x64
		Release|x86 = Release|x86
	EndGlobalSection
	GlobalSection(ProjectConfigurationPlatforms) = postSolution
		{C2228FA7-AAE7-40A9-B858-DD2B62871928}.Debug|Any CPU.ActiveCfg = Debug|x64
		{C2228FA7-AAE7-40A9-B858-DD2B62871928}.Debug|Any CPU.Build.0 = Debug|x64
		{C2228FA7-AAE7-40A9-B858-DD2B62871928}.Debug|Any CPU.Deploy.0 = Debug|x64
		{C2228FA7-AAE7-40A9-B858-DD2B62871928}.Debug|ARM.ActiveCfg = Debug|ARM
		{C2228FA7-AAE7-40A9-B858-DD2B62871928}.Debug|ARM.Build.0 = Debug|ARM
		{C2228FA7-AAE7-40A9-B858-DD2B62871928}.Debug|ARM.Deploy.0 = Debug|ARM
		{C2228FA7-AAE7-40A9-B858-DD2B62871928}.Debug|ARM64.ActiveCfg = Debug|ARM64
		{C2228FA7-AAE7-40A9-B858-DD2B62871928}.Debug|ARM64.Build.0 = Debug|ARM64
		{C2228FA7-AAE7-40A9-B858-DD2B62871928}.Debug|ARM64.Deploy.0 = Debug|ARM64
		{C2228FA7-AAE7-40A9-B858-DD2B62871928}.Debug|x64.ActiveCfg = Debug|x64
		{C2228FA7-AAE7-40A9-B858-DD2B62871928}.Debug|x64.Build.0 = Debug|x64
		{C2228FA7-AAE7-40A9-B858-DD2B62871928}.Debug|x64.Deploy.0 = Debug|x64
		{C2228FA7-AAE7-40A9-B858-DD2B62871928}.Debug|x86.ActiveCfg = Debug|x86
		{C2228FA7-AAE7-40A9-B858-DD2B62871928}.Debug|x86.Build.0 = Debug|x86
		{C2228FA7-AAE7-40A9-B858-DD2B62871928}.Release|Any CPU.ActiveCfg = Release|x64
		{C2228FA7-AAE7-40A9-B858-DD2B62871928}.Release|Any CPU.Build.0 = Release|x64
		{C2228FA7-AAE7-40A9-B858-DD2B62871928}.Release|Any CPU.Deploy.0 = Release|x64
		{C2228FA7-AAE7-40A9-B858-DD2B62871928}.Release|ARM.ActiveCfg = Release|ARM
		{C2228FA7-AAE7-40A9-B858-DD2B62871928}.Release|ARM.Build.0 = Release|ARM
		{C2228FA7-AAE7-40A9-B858-DD2B62871928}.Release|ARM.Deploy.0 = Release|ARM
		{C2228FA7-AAE7-40A9-B858-DD2B62871928}.Release|ARM64.ActiveCfg = Release|ARM64
		{C2228FA7-AAE7-40A9-B858-DD2B62871928}.Release|ARM64.Build.0 = Release|ARM64
		{C2228FA7-AAE7-40A9-B858-DD2B62871928}.Release|ARM64.Deploy.0 = Release|ARM64
		{C2228FA7-AAE7-40A9-B858-DD2B62871928}.Release|x64.ActiveCfg = Release|x64
		{C2228FA7-AAE7-40A9-B858-DD2B62871928}.Release|x64.Build.0 = Release|x64
		{C2228FA7-AAE7-40A9-B858-DD2B62871928}.Release|x64.Deploy.0 = Release|x64
		{C2228FA7-AAE7-40A9-B858-DD2B62871928}.Release|x86.ActiveCfg = Release|x86
		{C2228FA7-AAE7-40A9-B858-DD2B62871928}.Release|x86.Build.0 = Release|x86
		{88E8AE97-D78C-4DC3-9823-FAAD5FC4110F}.Debug|Any CPU.ActiveCfg = Debug|x64
		{88E8AE97-D78C-4DC3-9823-FAAD5FC4110F}.Debug|Any CPU.Build.0 = Debug|x64
		{88E8AE97-D78C-4DC3-9823-FAAD5FC4110F}.Debug|ARM.ActiveCfg = Debug|x64
		{88E8AE97-D78C-4DC3-9823-FAAD5FC4110F}.Debug|ARM.Build.0 = Debug|x64
		{88E8AE97-D78C-4DC3-9823-FAAD5FC4110F}.Debug|ARM64.ActiveCfg = Debug|x64
		{88E8AE97-D78C-4DC3-9823-FAAD5FC4110F}.Debug|ARM64.Build.0 = Debug|x64
		{88E8AE97-D78C-4DC3-9823-FAAD5FC4110F}.Debug|x64.ActiveCfg = Debug|x64
		{88E8AE97-D78C-4DC3-9823-FAAD5FC4110F}.Debug|x64.Build.0 = Debug|x64
		{88E8AE97-D78C-4DC3-9823-FAAD5FC4110F}.Debug|x86.ActiveCfg = Debug|Win32
		{88E8AE97-D78C-4DC3-9823-FAAD5FC4110F}.Debug|x86.Build.0 = Debug|Win32
		{88E8AE97-D78C-4DC3-9823-FAAD5FC4110F}.Release|Any CPU.ActiveCfg = Release|x64
		{88E8AE97-D78C-4DC3-9823-FAAD5FC4110F}.Release|Any CPU.Build.0 = Release|x64
		{88E8AE97-D78C-4DC3-9823-FAAD5FC4110F}.Release|ARM.ActiveCfg = Release|x64
		{88E8AE97-D78C-4DC3-9823-FAAD5FC4110F}.Release|ARM.Build.0 = Release|x64
		{88E8AE97-D78C-4DC3-9823-FAAD5FC4110F}.Release|ARM64.ActiveCfg = Release|x64
		{88E8AE97-D78C-4DC3-9823-FAAD5FC4110F}.Release|ARM64.Build.0 = Release|x64
		{88E8AE97-D78C-4DC3-9823-FAAD5FC4110F}.Release|x64.ActiveCfg = Release|x64
		{88E8AE97-D78C-4DC3-9823-FAAD5FC4110F}.Release|x64.Build.0 = Release|x64
		{88E8AE97-D78C-4DC3-9823-FAAD5FC4110F}.Release|x86.ActiveCfg = Release|Win32
		{88E8AE97-D78C-4DC3-9823-FAAD5FC4110F}.Release|x86.Build.0 = Release|Win32
		{A80BBE13-C15C-40BB-B03F-85FAC11B03DF}.Debug|Any CPU.ActiveCfg = Debug|Any CPU
		{A80BBE13-C15C-40BB-B03F-85FAC11B03DF}.Debug|Any CPU.Build.0 = Debug|Any CPU
		{A80BBE13-C15C-40BB-B03F-85FAC11B03DF}.Debug|ARM.ActiveCfg = Debug|Any CPU
		{A80BBE13-C15C-40BB-B03F-85FAC11B03DF}.Debug|ARM.Build.0 = Debug|Any CPU
		{A80BBE13-C15C-40BB-B03F-85FAC11B03DF}.Debug|ARM64.ActiveCfg = Debug|Any CPU
		{A80BBE13-C15C-40BB-B03F-85FAC11B03DF}.Debug|ARM64.Build.0 = Debug|Any CPU
		{A80BBE13-C15C-40BB-B03F-85FAC11B03DF}.Debug|x64.ActiveCfg = Debug|x64
		{A80BBE13-C15C-40BB-B03F-85FAC11B03DF}.Debug|x86.ActiveCfg = Debug|x86
		{A80BBE13-C15C-40BB-B03F-85FAC11B03DF}.Debug|x86.Build.0 = Debug|x86
		{A80BBE13-C15C-40BB-B03F-85FAC11B03DF}.Release|Any CPU.ActiveCfg = Release|Any CPU
		{A80BBE13-C15C-40BB-B03F-85FAC11B03DF}.Release|Any CPU.Build.0 = Release|Any CPU
		{A80BBE13-C15C-40BB-B03F-85FAC11B03DF}.Release|ARM.ActiveCfg = Release|Any CPU
		{A80BBE13-C15C-40BB-B03F-85FAC11B03DF}.Release|ARM.Build.0 = Release|Any CPU
		{A80BBE13-C15C-40BB-B03F-85FAC11B03DF}.Release|ARM64.ActiveCfg = Release|Any CPU
		{A80BBE13-C15C-40BB-B03F-85FAC11B03DF}.Release|ARM64.Build.0 = Release|Any CPU
		{A80BBE13-C15C-40BB-B03F-85FAC11B03DF}.Release|x64.ActiveCfg = Release|Any CPU
		{A80BBE13-C15C-40BB-B03F-85FAC11B03DF}.Release|x86.ActiveCfg = Release|x86
		{A80BBE13-C15C-40BB-B03F-85FAC11B03DF}.Release|x86.Build.0 = Release|x86
		{084290C4-31D7-44F4-9F2A-1351857AA01F}.Debug|Any CPU.ActiveCfg = Debug|Any CPU
		{084290C4-31D7-44F4-9F2A-1351857AA01F}.Debug|Any CPU.Build.0 = Debug|Any CPU
		{084290C4-31D7-44F4-9F2A-1351857AA01F}.Debug|ARM.ActiveCfg = Debug|Any CPU
		{084290C4-31D7-44F4-9F2A-1351857AA01F}.Debug|ARM.Build.0 = Debug|Any CPU
		{084290C4-31D7-44F4-9F2A-1351857AA01F}.Debug|ARM64.ActiveCfg = Debug|Any CPU
		{084290C4-31D7-44F4-9F2A-1351857AA01F}.Debug|ARM64.Build.0 = Debug|Any CPU
		{084290C4-31D7-44F4-9F2A-1351857AA01F}.Debug|x64.ActiveCfg = Debug|x64
		{084290C4-31D7-44F4-9F2A-1351857AA01F}.Debug|x64.Build.0 = Debug|x64
		{084290C4-31D7-44F4-9F2A-1351857AA01F}.Debug|x86.ActiveCfg = Debug|x86
		{084290C4-31D7-44F4-9F2A-1351857AA01F}.Debug|x86.Build.0 = Debug|x86
		{084290C4-31D7-44F4-9F2A-1351857AA01F}.Release|Any CPU.ActiveCfg = Release|Any CPU
		{084290C4-31D7-44F4-9F2A-1351857AA01F}.Release|Any CPU.Build.0 = Release|Any CPU
		{084290C4-31D7-44F4-9F2A-1351857AA01F}.Release|ARM.ActiveCfg = Release|Any CPU
		{084290C4-31D7-44F4-9F2A-1351857AA01F}.Release|ARM.Build.0 = Release|Any CPU
		{084290C4-31D7-44F4-9F2A-1351857AA01F}.Release|ARM64.ActiveCfg = Release|Any CPU
		{084290C4-31D7-44F4-9F2A-1351857AA01F}.Release|ARM64.Build.0 = Release|Any CPU
		{084290C4-31D7-44F4-9F2A-1351857AA01F}.Release|x64.ActiveCfg = Release|x64
		{084290C4-31D7-44F4-9F2A-1351857AA01F}.Release|x64.Build.0 = Release|x64
		{084290C4-31D7-44F4-9F2A-1351857AA01F}.Release|x86.ActiveCfg = Release|x86
		{084290C4-31D7-44F4-9F2A-1351857AA01F}.Release|x86.Build.0 = Release|x86
		{D5E1E633-99B7-4EC0-87E8-932DAD2E81EB}.Debug|Any CPU.ActiveCfg = Debug|Any CPU
		{D5E1E633-99B7-4EC0-87E8-932DAD2E81EB}.Debug|Any CPU.Build.0 = Debug|Any CPU
		{D5E1E633-99B7-4EC0-87E8-932DAD2E81EB}.Debug|ARM.ActiveCfg = Debug|Any CPU
		{D5E1E633-99B7-4EC0-87E8-932DAD2E81EB}.Debug|ARM.Build.0 = Debug|Any CPU
		{D5E1E633-99B7-4EC0-87E8-932DAD2E81EB}.Debug|ARM64.ActiveCfg = Debug|Any CPU
		{D5E1E633-99B7-4EC0-87E8-932DAD2E81EB}.Debug|ARM64.Build.0 = Debug|Any CPU
		{D5E1E633-99B7-4EC0-87E8-932DAD2E81EB}.Debug|x64.ActiveCfg = Debug|x64
		{D5E1E633-99B7-4EC0-87E8-932DAD2E81EB}.Debug|x64.Build.0 = Debug|x64
		{D5E1E633-99B7-4EC0-87E8-932DAD2E81EB}.Debug|x86.ActiveCfg = Debug|x86
		{D5E1E633-99B7-4EC0-87E8-932DAD2E81EB}.Debug|x86.Build.0 = Debug|x86
		{D5E1E633-99B7-4EC0-87E8-932DAD2E81EB}.Release|Any CPU.ActiveCfg = Release|Any CPU
		{D5E1E633-99B7-4EC0-87E8-932DAD2E81EB}.Release|Any CPU.Build.0 = Release|Any CPU
		{D5E1E633-99B7-4EC0-87E8-932DAD2E81EB}.Release|ARM.ActiveCfg = Release|Any CPU
		{D5E1E633-99B7-4EC0-87E8-932DAD2E81EB}.Release|ARM.Build.0 = Release|Any CPU
		{D5E1E633-99B7-4EC0-87E8-932DAD2E81EB}.Release|ARM64.ActiveCfg = Release|Any CPU
		{D5E1E633-99B7-4EC0-87E8-932DAD2E81EB}.Release|ARM64.Build.0 = Release|Any CPU
		{D5E1E633-99B7-4EC0-87E8-932DAD2E81EB}.Release|x64.ActiveCfg = Release|x64
		{D5E1E633-99B7-4EC0-87E8-932DAD2E81EB}.Release|x64.Build.0 = Release|x64
		{D5E1E633-99B7-4EC0-87E8-932DAD2E81EB}.Release|x86.ActiveCfg = Release|x86
		{D5E1E633-99B7-4EC0-87E8-932DAD2E81EB}.Release|x86.Build.0 = Release|x86
		{54B57E57-3FC8-4A31-8A7A-265DF8B67D47}.Debug|Any CPU.ActiveCfg = Debug|Any CPU
		{54B57E57-3FC8-4A31-8A7A-265DF8B67D47}.Debug|Any CPU.Build.0 = Debug|Any CPU
		{54B57E57-3FC8-4A31-8A7A-265DF8B67D47}.Debug|ARM.ActiveCfg = Debug|Any CPU
		{54B57E57-3FC8-4A31-8A7A-265DF8B67D47}.Debug|ARM.Build.0 = Debug|Any CPU
		{54B57E57-3FC8-4A31-8A7A-265DF8B67D47}.Debug|ARM64.ActiveCfg = Debug|Any CPU
		{54B57E57-3FC8-4A31-8A7A-265DF8B67D47}.Debug|ARM64.Build.0 = Debug|Any CPU
		{54B57E57-3FC8-4A31-8A7A-265DF8B67D47}.Debug|x64.ActiveCfg = Debug|Any CPU
		{54B57E57-3FC8-4A31-8A7A-265DF8B67D47}.Debug|x64.Build.0 = Debug|Any CPU
		{54B57E57-3FC8-4A31-8A7A-265DF8B67D47}.Debug|x86.ActiveCfg = Debug|Any CPU
		{54B57E57-3FC8-4A31-8A7A-265DF8B67D47}.Debug|x86.Build.0 = Debug|Any CPU
		{54B57E57-3FC8-4A31-8A7A-265DF8B67D47}.Release|Any CPU.ActiveCfg = Release|Any CPU
		{54B57E57-3FC8-4A31-8A7A-265DF8B67D47}.Release|Any CPU.Build.0 = Release|Any CPU
		{54B57E57-3FC8-4A31-8A7A-265DF8B67D47}.Release|ARM.ActiveCfg = Release|Any CPU
		{54B57E57-3FC8-4A31-8A7A-265DF8B67D47}.Release|ARM.Build.0 = Release|Any CPU
		{54B57E57-3FC8-4A31-8A7A-265DF8B67D47}.Release|ARM64.ActiveCfg = Release|Any CPU
		{54B57E57-3FC8-4A31-8A7A-265DF8B67D47}.Release|ARM64.Build.0 = Release|Any CPU
		{54B57E57-3FC8-4A31-8A7A-265DF8B67D47}.Release|x64.ActiveCfg = Release|Any CPU
		{54B57E57-3FC8-4A31-8A7A-265DF8B67D47}.Release|x64.Build.0 = Release|Any CPU
		{54B57E57-3FC8-4A31-8A7A-265DF8B67D47}.Release|x86.ActiveCfg = Release|Any CPU
		{54B57E57-3FC8-4A31-8A7A-265DF8B67D47}.Release|x86.Build.0 = Release|Any CPU
		{B802D7A1-D523-495B-913D-D847EE7F2231}.Debug|Any CPU.ActiveCfg = Debug|Any CPU
		{B802D7A1-D523-495B-913D-D847EE7F2231}.Debug|Any CPU.Build.0 = Debug|Any CPU
		{B802D7A1-D523-495B-913D-D847EE7F2231}.Debug|ARM.ActiveCfg = Debug|Any CPU
		{B802D7A1-D523-495B-913D-D847EE7F2231}.Debug|ARM.Build.0 = Debug|Any CPU
		{B802D7A1-D523-495B-913D-D847EE7F2231}.Debug|ARM64.ActiveCfg = Debug|Any CPU
		{B802D7A1-D523-495B-913D-D847EE7F2231}.Debug|ARM64.Build.0 = Debug|Any CPU
		{B802D7A1-D523-495B-913D-D847EE7F2231}.Debug|x64.ActiveCfg = Debug|Any CPU
		{B802D7A1-D523-495B-913D-D847EE7F2231}.Debug|x64.Build.0 = Debug|Any CPU
		{B802D7A1-D523-495B-913D-D847EE7F2231}.Debug|x86.ActiveCfg = Debug|Any CPU
		{B802D7A1-D523-495B-913D-D847EE7F2231}.Debug|x86.Build.0 = Debug|Any CPU
		{B802D7A1-D523-495B-913D-D847EE7F2231}.Release|Any CPU.ActiveCfg = Release|Any CPU
		{B802D7A1-D523-495B-913D-D847EE7F2231}.Release|Any CPU.Build.0 = Release|Any CPU
		{B802D7A1-D523-495B-913D-D847EE7F2231}.Release|ARM.ActiveCfg = Release|Any CPU
		{B802D7A1-D523-495B-913D-D847EE7F2231}.Release|ARM.Build.0 = Release|Any CPU
		{B802D7A1-D523-495B-913D-D847EE7F2231}.Release|ARM64.ActiveCfg = Release|Any CPU
		{B802D7A1-D523-495B-913D-D847EE7F2231}.Release|ARM64.Build.0 = Release|Any CPU
		{B802D7A1-D523-495B-913D-D847EE7F2231}.Release|x64.ActiveCfg = Release|Any CPU
		{B802D7A1-D523-495B-913D-D847EE7F2231}.Release|x64.Build.0 = Release|Any CPU
		{B802D7A1-D523-495B-913D-D847EE7F2231}.Release|x86.ActiveCfg = Release|Any CPU
		{B802D7A1-D523-495B-913D-D847EE7F2231}.Release|x86.Build.0 = Release|Any CPU
		{E93763B6-8A59-452C-903C-1F883DF64C40}.Debug|Any CPU.ActiveCfg = Debug|Any CPU
		{E93763B6-8A59-452C-903C-1F883DF64C40}.Debug|Any CPU.Build.0 = Debug|Any CPU
		{E93763B6-8A59-452C-903C-1F883DF64C40}.Debug|ARM.ActiveCfg = Debug|Any CPU
		{E93763B6-8A59-452C-903C-1F883DF64C40}.Debug|ARM.Build.0 = Debug|Any CPU
		{E93763B6-8A59-452C-903C-1F883DF64C40}.Debug|ARM64.ActiveCfg = Debug|Any CPU
		{E93763B6-8A59-452C-903C-1F883DF64C40}.Debug|ARM64.Build.0 = Debug|Any CPU
		{E93763B6-8A59-452C-903C-1F883DF64C40}.Debug|x64.ActiveCfg = Debug|Any CPU
		{E93763B6-8A59-452C-903C-1F883DF64C40}.Debug|x64.Build.0 = Debug|Any CPU
		{E93763B6-8A59-452C-903C-1F883DF64C40}.Debug|x86.ActiveCfg = Debug|Any CPU
		{E93763B6-8A59-452C-903C-1F883DF64C40}.Debug|x86.Build.0 = Debug|Any CPU
		{E93763B6-8A59-452C-903C-1F883DF64C40}.Release|Any CPU.ActiveCfg = Release|Any CPU
		{E93763B6-8A59-452C-903C-1F883DF64C40}.Release|Any CPU.Build.0 = Release|Any CPU
		{E93763B6-8A59-452C-903C-1F883DF64C40}.Release|ARM.ActiveCfg = Release|Any CPU
		{E93763B6-8A59-452C-903C-1F883DF64C40}.Release|ARM.Build.0 = Release|Any CPU
		{E93763B6-8A59-452C-903C-1F883DF64C40}.Release|ARM64.ActiveCfg = Release|Any CPU
		{E93763B6-8A59-452C-903C-1F883DF64C40}.Release|ARM64.Build.0 = Release|Any CPU
		{E93763B6-8A59-452C-903C-1F883DF64C40}.Release|x64.ActiveCfg = Release|Any CPU
		{E93763B6-8A59-452C-903C-1F883DF64C40}.Release|x64.Build.0 = Release|Any CPU
		{E93763B6-8A59-452C-903C-1F883DF64C40}.Release|x86.ActiveCfg = Release|Any CPU
		{E93763B6-8A59-452C-903C-1F883DF64C40}.Release|x86.Build.0 = Release|Any CPU
		{4593BDE5-3FC5-49BA-A135-B1E97DF360CA}.Debug|Any CPU.ActiveCfg = Debug|Any CPU
		{4593BDE5-3FC5-49BA-A135-B1E97DF360CA}.Debug|Any CPU.Build.0 = Debug|Any CPU
		{4593BDE5-3FC5-49BA-A135-B1E97DF360CA}.Debug|ARM.ActiveCfg = Debug|Any CPU
		{4593BDE5-3FC5-49BA-A135-B1E97DF360CA}.Debug|ARM.Build.0 = Debug|Any CPU
		{4593BDE5-3FC5-49BA-A135-B1E97DF360CA}.Debug|ARM64.ActiveCfg = Debug|Any CPU
		{4593BDE5-3FC5-49BA-A135-B1E97DF360CA}.Debug|ARM64.Build.0 = Debug|Any CPU
		{4593BDE5-3FC5-49BA-A135-B1E97DF360CA}.Debug|x64.ActiveCfg = Debug|Any CPU
		{4593BDE5-3FC5-49BA-A135-B1E97DF360CA}.Debug|x64.Build.0 = Debug|Any CPU
		{4593BDE5-3FC5-49BA-A135-B1E97DF360CA}.Debug|x86.ActiveCfg = Debug|Any CPU
		{4593BDE5-3FC5-49BA-A135-B1E97DF360CA}.Debug|x86.Build.0 = Debug|Any CPU
		{4593BDE5-3FC5-49BA-A135-B1E97DF360CA}.Release|Any CPU.ActiveCfg = Release|Any CPU
		{4593BDE5-3FC5-49BA-A135-B1E97DF360CA}.Release|Any CPU.Build.0 = Release|Any CPU
		{4593BDE5-3FC5-49BA-A135-B1E97DF360CA}.Release|ARM.ActiveCfg = Release|Any CPU
		{4593BDE5-3FC5-49BA-A135-B1E97DF360CA}.Release|ARM.Build.0 = Release|Any CPU
		{4593BDE5-3FC5-49BA-A135-B1E97DF360CA}.Release|ARM64.ActiveCfg = Release|Any CPU
		{4593BDE5-3FC5-49BA-A135-B1E97DF360CA}.Release|ARM64.Build.0 = Release|Any CPU
		{4593BDE5-3FC5-49BA-A135-B1E97DF360CA}.Release|x64.ActiveCfg = Release|Any CPU
		{4593BDE5-3FC5-49BA-A135-B1E97DF360CA}.Release|x64.Build.0 = Release|Any CPU
		{4593BDE5-3FC5-49BA-A135-B1E97DF360CA}.Release|x86.ActiveCfg = Release|Any CPU
		{4593BDE5-3FC5-49BA-A135-B1E97DF360CA}.Release|x86.Build.0 = Release|Any CPU
		{685D8935-8CB8-441C-A01A-29E749525579}.Debug|Any CPU.ActiveCfg = Debug|Any CPU
		{685D8935-8CB8-441C-A01A-29E749525579}.Debug|Any CPU.Build.0 = Debug|Any CPU
		{685D8935-8CB8-441C-A01A-29E749525579}.Debug|ARM.ActiveCfg = Debug|Any CPU
		{685D8935-8CB8-441C-A01A-29E749525579}.Debug|ARM.Build.0 = Debug|Any CPU
		{685D8935-8CB8-441C-A01A-29E749525579}.Debug|ARM64.ActiveCfg = Debug|Any CPU
		{685D8935-8CB8-441C-A01A-29E749525579}.Debug|ARM64.Build.0 = Debug|Any CPU
		{685D8935-8CB8-441C-A01A-29E749525579}.Debug|x64.ActiveCfg = Debug|Any CPU
		{685D8935-8CB8-441C-A01A-29E749525579}.Debug|x64.Build.0 = Debug|Any CPU
		{685D8935-8CB8-441C-A01A-29E749525579}.Debug|x86.ActiveCfg = Debug|Any CPU
		{685D8935-8CB8-441C-A01A-29E749525579}.Debug|x86.Build.0 = Debug|Any CPU
		{685D8935-8CB8-441C-A01A-29E749525579}.Release|Any CPU.ActiveCfg = Release|Any CPU
		{685D8935-8CB8-441C-A01A-29E749525579}.Release|Any CPU.Build.0 = Release|Any CPU
		{685D8935-8CB8-441C-A01A-29E749525579}.Release|ARM.ActiveCfg = Release|Any CPU
		{685D8935-8CB8-441C-A01A-29E749525579}.Release|ARM.Build.0 = Release|Any CPU
		{685D8935-8CB8-441C-A01A-29E749525579}.Release|ARM64.ActiveCfg = Release|Any CPU
		{685D8935-8CB8-441C-A01A-29E749525579}.Release|ARM64.Build.0 = Release|Any CPU
		{685D8935-8CB8-441C-A01A-29E749525579}.Release|x64.ActiveCfg = Release|Any CPU
		{685D8935-8CB8-441C-A01A-29E749525579}.Release|x64.Build.0 = Release|Any CPU
		{685D8935-8CB8-441C-A01A-29E749525579}.Release|x86.ActiveCfg = Release|Any CPU
		{685D8935-8CB8-441C-A01A-29E749525579}.Release|x86.Build.0 = Release|Any CPU
		{E1340EF2-01D1-4400-B110-0866F85F2656}.Debug|Any CPU.ActiveCfg = Debug|Any CPU
		{E1340EF2-01D1-4400-B110-0866F85F2656}.Debug|Any CPU.Build.0 = Debug|Any CPU
		{E1340EF2-01D1-4400-B110-0866F85F2656}.Debug|ARM.ActiveCfg = Debug|Any CPU
		{E1340EF2-01D1-4400-B110-0866F85F2656}.Debug|ARM.Build.0 = Debug|Any CPU
		{E1340EF2-01D1-4400-B110-0866F85F2656}.Debug|ARM64.ActiveCfg = Debug|Any CPU
		{E1340EF2-01D1-4400-B110-0866F85F2656}.Debug|ARM64.Build.0 = Debug|Any CPU
		{E1340EF2-01D1-4400-B110-0866F85F2656}.Debug|x64.ActiveCfg = Debug|Any CPU
		{E1340EF2-01D1-4400-B110-0866F85F2656}.Debug|x64.Build.0 = Debug|Any CPU
		{E1340EF2-01D1-4400-B110-0866F85F2656}.Debug|x86.ActiveCfg = Debug|Any CPU
		{E1340EF2-01D1-4400-B110-0866F85F2656}.Debug|x86.Build.0 = Debug|Any CPU
		{E1340EF2-01D1-4400-B110-0866F85F2656}.Release|Any CPU.ActiveCfg = Release|Any CPU
		{E1340EF2-01D1-4400-B110-0866F85F2656}.Release|Any CPU.Build.0 = Release|Any CPU
		{E1340EF2-01D1-4400-B110-0866F85F2656}.Release|ARM.ActiveCfg = Release|Any CPU
		{E1340EF2-01D1-4400-B110-0866F85F2656}.Release|ARM.Build.0 = Release|Any CPU
		{E1340EF2-01D1-4400-B110-0866F85F2656}.Release|ARM64.ActiveCfg = Release|Any CPU
		{E1340EF2-01D1-4400-B110-0866F85F2656}.Release|ARM64.Build.0 = Release|Any CPU
		{E1340EF2-01D1-4400-B110-0866F85F2656}.Release|x64.ActiveCfg = Release|Any CPU
		{E1340EF2-01D1-4400-B110-0866F85F2656}.Release|x64.Build.0 = Release|Any CPU
		{E1340EF2-01D1-4400-B110-0866F85F2656}.Release|x86.ActiveCfg = Release|Any CPU
		{E1340EF2-01D1-4400-B110-0866F85F2656}.Release|x86.Build.0 = Release|Any CPU
		{DDB7D4DB-5ED5-4653-A3E0-E3D5582824AF}.Debug|Any CPU.ActiveCfg = Debug|Any CPU
		{DDB7D4DB-5ED5-4653-A3E0-E3D5582824AF}.Debug|Any CPU.Build.0 = Debug|Any CPU
		{DDB7D4DB-5ED5-4653-A3E0-E3D5582824AF}.Debug|ARM.ActiveCfg = Debug|Any CPU
		{DDB7D4DB-5ED5-4653-A3E0-E3D5582824AF}.Debug|ARM.Build.0 = Debug|Any CPU
		{DDB7D4DB-5ED5-4653-A3E0-E3D5582824AF}.Debug|ARM64.ActiveCfg = Debug|Any CPU
		{DDB7D4DB-5ED5-4653-A3E0-E3D5582824AF}.Debug|ARM64.Build.0 = Debug|Any CPU
		{DDB7D4DB-5ED5-4653-A3E0-E3D5582824AF}.Debug|x64.ActiveCfg = Debug|Any CPU
		{DDB7D4DB-5ED5-4653-A3E0-E3D5582824AF}.Debug|x64.Build.0 = Debug|Any CPU
		{DDB7D4DB-5ED5-4653-A3E0-E3D5582824AF}.Debug|x86.ActiveCfg = Debug|Any CPU
		{DDB7D4DB-5ED5-4653-A3E0-E3D5582824AF}.Debug|x86.Build.0 = Debug|Any CPU
		{DDB7D4DB-5ED5-4653-A3E0-E3D5582824AF}.Release|Any CPU.ActiveCfg = Release|Any CPU
		{DDB7D4DB-5ED5-4653-A3E0-E3D5582824AF}.Release|Any CPU.Build.0 = Release|Any CPU
		{DDB7D4DB-5ED5-4653-A3E0-E3D5582824AF}.Release|ARM.ActiveCfg = Release|Any CPU
		{DDB7D4DB-5ED5-4653-A3E0-E3D5582824AF}.Release|ARM.Build.0 = Release|Any CPU
		{DDB7D4DB-5ED5-4653-A3E0-E3D5582824AF}.Release|ARM64.ActiveCfg = Release|Any CPU
		{DDB7D4DB-5ED5-4653-A3E0-E3D5582824AF}.Release|ARM64.Build.0 = Release|Any CPU
		{DDB7D4DB-5ED5-4653-A3E0-E3D5582824AF}.Release|x64.ActiveCfg = Release|Any CPU
		{DDB7D4DB-5ED5-4653-A3E0-E3D5582824AF}.Release|x64.Build.0 = Release|Any CPU
		{DDB7D4DB-5ED5-4653-A3E0-E3D5582824AF}.Release|x86.ActiveCfg = Release|Any CPU
		{DDB7D4DB-5ED5-4653-A3E0-E3D5582824AF}.Release|x86.Build.0 = Release|Any CPU
		{6B4CEEDB-6B9C-4020-AFA6-9CD73C632909}.Debug|Any CPU.ActiveCfg = Debug|Any CPU
		{6B4CEEDB-6B9C-4020-AFA6-9CD73C632909}.Debug|Any CPU.Build.0 = Debug|Any CPU
		{6B4CEEDB-6B9C-4020-AFA6-9CD73C632909}.Debug|ARM.ActiveCfg = Debug|Any CPU
		{6B4CEEDB-6B9C-4020-AFA6-9CD73C632909}.Debug|ARM.Build.0 = Debug|Any CPU
		{6B4CEEDB-6B9C-4020-AFA6-9CD73C632909}.Debug|ARM64.ActiveCfg = Debug|Any CPU
		{6B4CEEDB-6B9C-4020-AFA6-9CD73C632909}.Debug|ARM64.Build.0 = Debug|Any CPU
		{6B4CEEDB-6B9C-4020-AFA6-9CD73C632909}.Debug|x64.ActiveCfg = Debug|Any CPU
		{6B4CEEDB-6B9C-4020-AFA6-9CD73C632909}.Debug|x64.Build.0 = Debug|Any CPU
		{6B4CEEDB-6B9C-4020-AFA6-9CD73C632909}.Debug|x86.ActiveCfg = Debug|Any CPU
		{6B4CEEDB-6B9C-4020-AFA6-9CD73C632909}.Debug|x86.Build.0 = Debug|Any CPU
		{6B4CEEDB-6B9C-4020-AFA6-9CD73C632909}.Release|Any CPU.ActiveCfg = Release|Any CPU
		{6B4CEEDB-6B9C-4020-AFA6-9CD73C632909}.Release|Any CPU.Build.0 = Release|Any CPU
		{6B4CEEDB-6B9C-4020-AFA6-9CD73C632909}.Release|ARM.ActiveCfg = Release|Any CPU
		{6B4CEEDB-6B9C-4020-AFA6-9CD73C632909}.Release|ARM.Build.0 = Release|Any CPU
		{6B4CEEDB-6B9C-4020-AFA6-9CD73C632909}.Release|ARM64.ActiveCfg = Release|Any CPU
		{6B4CEEDB-6B9C-4020-AFA6-9CD73C632909}.Release|ARM64.Build.0 = Release|Any CPU
		{6B4CEEDB-6B9C-4020-AFA6-9CD73C632909}.Release|x64.ActiveCfg = Release|Any CPU
		{6B4CEEDB-6B9C-4020-AFA6-9CD73C632909}.Release|x64.Build.0 = Release|Any CPU
		{6B4CEEDB-6B9C-4020-AFA6-9CD73C632909}.Release|x86.ActiveCfg = Release|Any CPU
		{6B4CEEDB-6B9C-4020-AFA6-9CD73C632909}.Release|x86.Build.0 = Release|Any CPU
		{9EF62666-582A-4D0C-8916-867F0BB6EFC9}.Debug|Any CPU.ActiveCfg = Debug|Any CPU
		{9EF62666-582A-4D0C-8916-867F0BB6EFC9}.Debug|Any CPU.Build.0 = Debug|Any CPU
		{9EF62666-582A-4D0C-8916-867F0BB6EFC9}.Debug|ARM.ActiveCfg = Debug|Any CPU
		{9EF62666-582A-4D0C-8916-867F0BB6EFC9}.Debug|ARM.Build.0 = Debug|Any CPU
		{9EF62666-582A-4D0C-8916-867F0BB6EFC9}.Debug|ARM64.ActiveCfg = Debug|Any CPU
		{9EF62666-582A-4D0C-8916-867F0BB6EFC9}.Debug|ARM64.Build.0 = Debug|Any CPU
		{9EF62666-582A-4D0C-8916-867F0BB6EFC9}.Debug|x64.ActiveCfg = Debug|Any CPU
		{9EF62666-582A-4D0C-8916-867F0BB6EFC9}.Debug|x64.Build.0 = Debug|Any CPU
		{9EF62666-582A-4D0C-8916-867F0BB6EFC9}.Debug|x86.ActiveCfg = Debug|Any CPU
		{9EF62666-582A-4D0C-8916-867F0BB6EFC9}.Debug|x86.Build.0 = Debug|Any CPU
		{9EF62666-582A-4D0C-8916-867F0BB6EFC9}.Release|Any CPU.ActiveCfg = Release|Any CPU
		{9EF62666-582A-4D0C-8916-867F0BB6EFC9}.Release|Any CPU.Build.0 = Release|Any CPU
		{9EF62666-582A-4D0C-8916-867F0BB6EFC9}.Release|ARM.ActiveCfg = Release|Any CPU
		{9EF62666-582A-4D0C-8916-867F0BB6EFC9}.Release|ARM.Build.0 = Release|Any CPU
		{9EF62666-582A-4D0C-8916-867F0BB6EFC9}.Release|ARM64.ActiveCfg = Release|Any CPU
		{9EF62666-582A-4D0C-8916-867F0BB6EFC9}.Release|ARM64.Build.0 = Release|Any CPU
		{9EF62666-582A-4D0C-8916-867F0BB6EFC9}.Release|x64.ActiveCfg = Release|Any CPU
		{9EF62666-582A-4D0C-8916-867F0BB6EFC9}.Release|x64.Build.0 = Release|Any CPU
		{9EF62666-582A-4D0C-8916-867F0BB6EFC9}.Release|x86.ActiveCfg = Release|Any CPU
		{9EF62666-582A-4D0C-8916-867F0BB6EFC9}.Release|x86.Build.0 = Release|Any CPU
		{FF1768E6-772D-428E-B94A-FE2C9987792B}.Debug|Any CPU.ActiveCfg = Debug|Any CPU
		{FF1768E6-772D-428E-B94A-FE2C9987792B}.Debug|Any CPU.Build.0 = Debug|Any CPU
		{FF1768E6-772D-428E-B94A-FE2C9987792B}.Debug|ARM.ActiveCfg = Debug|Any CPU
		{FF1768E6-772D-428E-B94A-FE2C9987792B}.Debug|ARM.Build.0 = Debug|Any CPU
		{FF1768E6-772D-428E-B94A-FE2C9987792B}.Debug|ARM64.ActiveCfg = Debug|Any CPU
		{FF1768E6-772D-428E-B94A-FE2C9987792B}.Debug|ARM64.Build.0 = Debug|Any CPU
		{FF1768E6-772D-428E-B94A-FE2C9987792B}.Debug|x64.ActiveCfg = Debug|Any CPU
		{FF1768E6-772D-428E-B94A-FE2C9987792B}.Debug|x64.Build.0 = Debug|Any CPU
		{FF1768E6-772D-428E-B94A-FE2C9987792B}.Debug|x86.ActiveCfg = Debug|Any CPU
		{FF1768E6-772D-428E-B94A-FE2C9987792B}.Debug|x86.Build.0 = Debug|Any CPU
		{FF1768E6-772D-428E-B94A-FE2C9987792B}.Release|Any CPU.ActiveCfg = Release|Any CPU
		{FF1768E6-772D-428E-B94A-FE2C9987792B}.Release|Any CPU.Build.0 = Release|Any CPU
		{FF1768E6-772D-428E-B94A-FE2C9987792B}.Release|ARM.ActiveCfg = Release|Any CPU
		{FF1768E6-772D-428E-B94A-FE2C9987792B}.Release|ARM.Build.0 = Release|Any CPU
		{FF1768E6-772D-428E-B94A-FE2C9987792B}.Release|ARM64.ActiveCfg = Release|Any CPU
		{FF1768E6-772D-428E-B94A-FE2C9987792B}.Release|ARM64.Build.0 = Release|Any CPU
		{FF1768E6-772D-428E-B94A-FE2C9987792B}.Release|x64.ActiveCfg = Release|Any CPU
		{FF1768E6-772D-428E-B94A-FE2C9987792B}.Release|x64.Build.0 = Release|Any CPU
		{FF1768E6-772D-428E-B94A-FE2C9987792B}.Release|x86.ActiveCfg = Release|Any CPU
		{FF1768E6-772D-428E-B94A-FE2C9987792B}.Release|x86.Build.0 = Release|Any CPU
		{C60AB143-B774-4369-BF61-93FA8AAEBE5F}.Debug|Any CPU.ActiveCfg = Debug|Any CPU
		{C60AB143-B774-4369-BF61-93FA8AAEBE5F}.Debug|Any CPU.Build.0 = Debug|Any CPU
		{C60AB143-B774-4369-BF61-93FA8AAEBE5F}.Debug|ARM.ActiveCfg = Debug|Any CPU
		{C60AB143-B774-4369-BF61-93FA8AAEBE5F}.Debug|ARM.Build.0 = Debug|Any CPU
		{C60AB143-B774-4369-BF61-93FA8AAEBE5F}.Debug|ARM64.ActiveCfg = Debug|Any CPU
		{C60AB143-B774-4369-BF61-93FA8AAEBE5F}.Debug|ARM64.Build.0 = Debug|Any CPU
		{C60AB143-B774-4369-BF61-93FA8AAEBE5F}.Debug|x64.ActiveCfg = Debug|Any CPU
		{C60AB143-B774-4369-BF61-93FA8AAEBE5F}.Debug|x64.Build.0 = Debug|Any CPU
		{C60AB143-B774-4369-BF61-93FA8AAEBE5F}.Debug|x86.ActiveCfg = Debug|Any CPU
		{C60AB143-B774-4369-BF61-93FA8AAEBE5F}.Debug|x86.Build.0 = Debug|Any CPU
		{C60AB143-B774-4369-BF61-93FA8AAEBE5F}.Release|Any CPU.ActiveCfg = Release|Any CPU
		{C60AB143-B774-4369-BF61-93FA8AAEBE5F}.Release|Any CPU.Build.0 = Release|Any CPU
		{C60AB143-B774-4369-BF61-93FA8AAEBE5F}.Release|ARM.ActiveCfg = Release|Any CPU
		{C60AB143-B774-4369-BF61-93FA8AAEBE5F}.Release|ARM.Build.0 = Release|Any CPU
		{C60AB143-B774-4369-BF61-93FA8AAEBE5F}.Release|ARM64.ActiveCfg = Release|Any CPU
		{C60AB143-B774-4369-BF61-93FA8AAEBE5F}.Release|ARM64.Build.0 = Release|Any CPU
		{C60AB143-B774-4369-BF61-93FA8AAEBE5F}.Release|x64.ActiveCfg = Release|Any CPU
		{C60AB143-B774-4369-BF61-93FA8AAEBE5F}.Release|x64.Build.0 = Release|Any CPU
		{C60AB143-B774-4369-BF61-93FA8AAEBE5F}.Release|x86.ActiveCfg = Release|Any CPU
		{C60AB143-B774-4369-BF61-93FA8AAEBE5F}.Release|x86.Build.0 = Release|Any CPU
		{8E4D6129-359B-4FDA-AA02-B4A823AF9B84}.Debug|Any CPU.ActiveCfg = Debug|Any CPU
		{8E4D6129-359B-4FDA-AA02-B4A823AF9B84}.Debug|Any CPU.Build.0 = Debug|Any CPU
		{8E4D6129-359B-4FDA-AA02-B4A823AF9B84}.Debug|ARM.ActiveCfg = Debug|Any CPU
		{8E4D6129-359B-4FDA-AA02-B4A823AF9B84}.Debug|ARM.Build.0 = Debug|Any CPU
		{8E4D6129-359B-4FDA-AA02-B4A823AF9B84}.Debug|ARM64.ActiveCfg = Debug|Any CPU
		{8E4D6129-359B-4FDA-AA02-B4A823AF9B84}.Debug|ARM64.Build.0 = Debug|Any CPU
		{8E4D6129-359B-4FDA-AA02-B4A823AF9B84}.Debug|x64.ActiveCfg = Debug|Any CPU
		{8E4D6129-359B-4FDA-AA02-B4A823AF9B84}.Debug|x64.Build.0 = Debug|Any CPU
		{8E4D6129-359B-4FDA-AA02-B4A823AF9B84}.Debug|x86.ActiveCfg = Debug|Any CPU
		{8E4D6129-359B-4FDA-AA02-B4A823AF9B84}.Debug|x86.Build.0 = Debug|Any CPU
		{8E4D6129-359B-4FDA-AA02-B4A823AF9B84}.Release|Any CPU.ActiveCfg = Release|Any CPU
		{8E4D6129-359B-4FDA-AA02-B4A823AF9B84}.Release|Any CPU.Build.0 = Release|Any CPU
		{8E4D6129-359B-4FDA-AA02-B4A823AF9B84}.Release|ARM.ActiveCfg = Release|Any CPU
		{8E4D6129-359B-4FDA-AA02-B4A823AF9B84}.Release|ARM.Build.0 = Release|Any CPU
		{8E4D6129-359B-4FDA-AA02-B4A823AF9B84}.Release|ARM64.ActiveCfg = Release|Any CPU
		{8E4D6129-359B-4FDA-AA02-B4A823AF9B84}.Release|ARM64.Build.0 = Release|Any CPU
		{8E4D6129-359B-4FDA-AA02-B4A823AF9B84}.Release|x64.ActiveCfg = Release|Any CPU
		{8E4D6129-359B-4FDA-AA02-B4A823AF9B84}.Release|x64.Build.0 = Release|Any CPU
		{8E4D6129-359B-4FDA-AA02-B4A823AF9B84}.Release|x86.ActiveCfg = Release|Any CPU
		{8E4D6129-359B-4FDA-AA02-B4A823AF9B84}.Release|x86.Build.0 = Release|Any CPU
		{D475BFE9-FA22-4028-B788-5FAFF9074780}.Debug|Any CPU.ActiveCfg = Debug|Any CPU
		{D475BFE9-FA22-4028-B788-5FAFF9074780}.Debug|Any CPU.Build.0 = Debug|Any CPU
		{D475BFE9-FA22-4028-B788-5FAFF9074780}.Debug|ARM.ActiveCfg = Debug|Any CPU
		{D475BFE9-FA22-4028-B788-5FAFF9074780}.Debug|ARM.Build.0 = Debug|Any CPU
		{D475BFE9-FA22-4028-B788-5FAFF9074780}.Debug|ARM64.ActiveCfg = Debug|Any CPU
		{D475BFE9-FA22-4028-B788-5FAFF9074780}.Debug|ARM64.Build.0 = Debug|Any CPU
		{D475BFE9-FA22-4028-B788-5FAFF9074780}.Debug|x64.ActiveCfg = Debug|Any CPU
		{D475BFE9-FA22-4028-B788-5FAFF9074780}.Debug|x64.Build.0 = Debug|Any CPU
		{D475BFE9-FA22-4028-B788-5FAFF9074780}.Debug|x86.ActiveCfg = Debug|Any CPU
		{D475BFE9-FA22-4028-B788-5FAFF9074780}.Debug|x86.Build.0 = Debug|Any CPU
		{D475BFE9-FA22-4028-B788-5FAFF9074780}.Release|Any CPU.ActiveCfg = Release|Any CPU
		{D475BFE9-FA22-4028-B788-5FAFF9074780}.Release|Any CPU.Build.0 = Release|Any CPU
		{D475BFE9-FA22-4028-B788-5FAFF9074780}.Release|ARM.ActiveCfg = Release|Any CPU
		{D475BFE9-FA22-4028-B788-5FAFF9074780}.Release|ARM.Build.0 = Release|Any CPU
		{D475BFE9-FA22-4028-B788-5FAFF9074780}.Release|ARM64.ActiveCfg = Release|Any CPU
		{D475BFE9-FA22-4028-B788-5FAFF9074780}.Release|ARM64.Build.0 = Release|Any CPU
		{D475BFE9-FA22-4028-B788-5FAFF9074780}.Release|x64.ActiveCfg = Release|Any CPU
		{D475BFE9-FA22-4028-B788-5FAFF9074780}.Release|x64.Build.0 = Release|Any CPU
		{D475BFE9-FA22-4028-B788-5FAFF9074780}.Release|x86.ActiveCfg = Release|Any CPU
		{D475BFE9-FA22-4028-B788-5FAFF9074780}.Release|x86.Build.0 = Release|Any CPU
		{87F0DEC6-DB10-4108-8713-52737D6B96E4}.Debug|Any CPU.ActiveCfg = Debug|Any CPU
		{87F0DEC6-DB10-4108-8713-52737D6B96E4}.Debug|Any CPU.Build.0 = Debug|Any CPU
		{87F0DEC6-DB10-4108-8713-52737D6B96E4}.Debug|ARM.ActiveCfg = Debug|Any CPU
		{87F0DEC6-DB10-4108-8713-52737D6B96E4}.Debug|ARM.Build.0 = Debug|Any CPU
		{87F0DEC6-DB10-4108-8713-52737D6B96E4}.Debug|ARM64.ActiveCfg = Debug|Any CPU
		{87F0DEC6-DB10-4108-8713-52737D6B96E4}.Debug|ARM64.Build.0 = Debug|Any CPU
		{87F0DEC6-DB10-4108-8713-52737D6B96E4}.Debug|x64.ActiveCfg = Debug|Any CPU
		{87F0DEC6-DB10-4108-8713-52737D6B96E4}.Debug|x64.Build.0 = Debug|Any CPU
		{87F0DEC6-DB10-4108-8713-52737D6B96E4}.Debug|x86.ActiveCfg = Debug|Any CPU
		{87F0DEC6-DB10-4108-8713-52737D6B96E4}.Debug|x86.Build.0 = Debug|Any CPU
		{87F0DEC6-DB10-4108-8713-52737D6B96E4}.Release|Any CPU.ActiveCfg = Release|Any CPU
		{87F0DEC6-DB10-4108-8713-52737D6B96E4}.Release|Any CPU.Build.0 = Release|Any CPU
		{87F0DEC6-DB10-4108-8713-52737D6B96E4}.Release|ARM.ActiveCfg = Release|Any CPU
		{87F0DEC6-DB10-4108-8713-52737D6B96E4}.Release|ARM.Build.0 = Release|Any CPU
		{87F0DEC6-DB10-4108-8713-52737D6B96E4}.Release|ARM64.ActiveCfg = Release|Any CPU
		{87F0DEC6-DB10-4108-8713-52737D6B96E4}.Release|ARM64.Build.0 = Release|Any CPU
		{87F0DEC6-DB10-4108-8713-52737D6B96E4}.Release|x64.ActiveCfg = Release|Any CPU
		{87F0DEC6-DB10-4108-8713-52737D6B96E4}.Release|x64.Build.0 = Release|Any CPU
		{87F0DEC6-DB10-4108-8713-52737D6B96E4}.Release|x86.ActiveCfg = Release|Any CPU
		{87F0DEC6-DB10-4108-8713-52737D6B96E4}.Release|x86.Build.0 = Release|Any CPU
		{606B33EA-9188-4C76-B608-B5DC00A0EE5F}.Debug|Any CPU.ActiveCfg = Debug|Any CPU
		{606B33EA-9188-4C76-B608-B5DC00A0EE5F}.Debug|Any CPU.Build.0 = Debug|Any CPU
		{606B33EA-9188-4C76-B608-B5DC00A0EE5F}.Debug|ARM.ActiveCfg = Debug|Any CPU
		{606B33EA-9188-4C76-B608-B5DC00A0EE5F}.Debug|ARM.Build.0 = Debug|Any CPU
		{606B33EA-9188-4C76-B608-B5DC00A0EE5F}.Debug|ARM64.ActiveCfg = Debug|Any CPU
		{606B33EA-9188-4C76-B608-B5DC00A0EE5F}.Debug|ARM64.Build.0 = Debug|Any CPU
		{606B33EA-9188-4C76-B608-B5DC00A0EE5F}.Debug|x64.ActiveCfg = Debug|Any CPU
		{606B33EA-9188-4C76-B608-B5DC00A0EE5F}.Debug|x64.Build.0 = Debug|Any CPU
		{606B33EA-9188-4C76-B608-B5DC00A0EE5F}.Debug|x86.ActiveCfg = Debug|Any CPU
		{606B33EA-9188-4C76-B608-B5DC00A0EE5F}.Debug|x86.Build.0 = Debug|Any CPU
		{606B33EA-9188-4C76-B608-B5DC00A0EE5F}.Release|Any CPU.ActiveCfg = Release|Any CPU
		{606B33EA-9188-4C76-B608-B5DC00A0EE5F}.Release|Any CPU.Build.0 = Release|Any CPU
		{606B33EA-9188-4C76-B608-B5DC00A0EE5F}.Release|ARM.ActiveCfg = Release|Any CPU
		{606B33EA-9188-4C76-B608-B5DC00A0EE5F}.Release|ARM.Build.0 = Release|Any CPU
		{606B33EA-9188-4C76-B608-B5DC00A0EE5F}.Release|ARM64.ActiveCfg = Release|Any CPU
		{606B33EA-9188-4C76-B608-B5DC00A0EE5F}.Release|ARM64.Build.0 = Release|Any CPU
		{606B33EA-9188-4C76-B608-B5DC00A0EE5F}.Release|x64.ActiveCfg = Release|Any CPU
		{606B33EA-9188-4C76-B608-B5DC00A0EE5F}.Release|x64.Build.0 = Release|Any CPU
		{606B33EA-9188-4C76-B608-B5DC00A0EE5F}.Release|x86.ActiveCfg = Release|Any CPU
		{606B33EA-9188-4C76-B608-B5DC00A0EE5F}.Release|x86.Build.0 = Release|Any CPU
		{E6724905-9A4B-49AE-9434-CC84325EA8E6}.Debug|Any CPU.ActiveCfg = Debug|Any CPU
		{E6724905-9A4B-49AE-9434-CC84325EA8E6}.Debug|Any CPU.Build.0 = Debug|Any CPU
		{E6724905-9A4B-49AE-9434-CC84325EA8E6}.Debug|ARM.ActiveCfg = Debug|Any CPU
		{E6724905-9A4B-49AE-9434-CC84325EA8E6}.Debug|ARM.Build.0 = Debug|Any CPU
		{E6724905-9A4B-49AE-9434-CC84325EA8E6}.Debug|ARM64.ActiveCfg = Debug|Any CPU
		{E6724905-9A4B-49AE-9434-CC84325EA8E6}.Debug|ARM64.Build.0 = Debug|Any CPU
		{E6724905-9A4B-49AE-9434-CC84325EA8E6}.Debug|x64.ActiveCfg = Debug|Any CPU
		{E6724905-9A4B-49AE-9434-CC84325EA8E6}.Debug|x64.Build.0 = Debug|Any CPU
		{E6724905-9A4B-49AE-9434-CC84325EA8E6}.Debug|x86.ActiveCfg = Debug|Any CPU
		{E6724905-9A4B-49AE-9434-CC84325EA8E6}.Debug|x86.Build.0 = Debug|Any CPU
		{E6724905-9A4B-49AE-9434-CC84325EA8E6}.Release|Any CPU.ActiveCfg = Release|Any CPU
		{E6724905-9A4B-49AE-9434-CC84325EA8E6}.Release|Any CPU.Build.0 = Release|Any CPU
		{E6724905-9A4B-49AE-9434-CC84325EA8E6}.Release|ARM.ActiveCfg = Release|Any CPU
		{E6724905-9A4B-49AE-9434-CC84325EA8E6}.Release|ARM.Build.0 = Release|Any CPU
		{E6724905-9A4B-49AE-9434-CC84325EA8E6}.Release|ARM64.ActiveCfg = Release|Any CPU
		{E6724905-9A4B-49AE-9434-CC84325EA8E6}.Release|ARM64.Build.0 = Release|Any CPU
		{E6724905-9A4B-49AE-9434-CC84325EA8E6}.Release|x64.ActiveCfg = Release|Any CPU
		{E6724905-9A4B-49AE-9434-CC84325EA8E6}.Release|x64.Build.0 = Release|Any CPU
		{E6724905-9A4B-49AE-9434-CC84325EA8E6}.Release|x86.ActiveCfg = Release|Any CPU
		{E6724905-9A4B-49AE-9434-CC84325EA8E6}.Release|x86.Build.0 = Release|Any CPU
		{CBF6E286-8CA8-40E6-AB37-0D0F625478C9}.Debug|Any CPU.ActiveCfg = Debug|Any CPU
		{CBF6E286-8CA8-40E6-AB37-0D0F625478C9}.Debug|Any CPU.Build.0 = Debug|Any CPU
		{CBF6E286-8CA8-40E6-AB37-0D0F625478C9}.Debug|ARM.ActiveCfg = Debug|Any CPU
		{CBF6E286-8CA8-40E6-AB37-0D0F625478C9}.Debug|ARM.Build.0 = Debug|Any CPU
		{CBF6E286-8CA8-40E6-AB37-0D0F625478C9}.Debug|ARM64.ActiveCfg = Debug|Any CPU
		{CBF6E286-8CA8-40E6-AB37-0D0F625478C9}.Debug|ARM64.Build.0 = Debug|Any CPU
		{CBF6E286-8CA8-40E6-AB37-0D0F625478C9}.Debug|x64.ActiveCfg = Debug|Any CPU
		{CBF6E286-8CA8-40E6-AB37-0D0F625478C9}.Debug|x64.Build.0 = Debug|Any CPU
		{CBF6E286-8CA8-40E6-AB37-0D0F625478C9}.Debug|x86.ActiveCfg = Debug|Any CPU
		{CBF6E286-8CA8-40E6-AB37-0D0F625478C9}.Debug|x86.Build.0 = Debug|Any CPU
		{CBF6E286-8CA8-40E6-AB37-0D0F625478C9}.Release|Any CPU.ActiveCfg = Release|Any CPU
		{CBF6E286-8CA8-40E6-AB37-0D0F625478C9}.Release|Any CPU.Build.0 = Release|Any CPU
		{CBF6E286-8CA8-40E6-AB37-0D0F625478C9}.Release|ARM.ActiveCfg = Release|Any CPU
		{CBF6E286-8CA8-40E6-AB37-0D0F625478C9}.Release|ARM.Build.0 = Release|Any CPU
		{CBF6E286-8CA8-40E6-AB37-0D0F625478C9}.Release|ARM64.ActiveCfg = Release|Any CPU
		{CBF6E286-8CA8-40E6-AB37-0D0F625478C9}.Release|ARM64.Build.0 = Release|Any CPU
		{CBF6E286-8CA8-40E6-AB37-0D0F625478C9}.Release|x64.ActiveCfg = Release|Any CPU
		{CBF6E286-8CA8-40E6-AB37-0D0F625478C9}.Release|x64.Build.0 = Release|Any CPU
		{CBF6E286-8CA8-40E6-AB37-0D0F625478C9}.Release|x86.ActiveCfg = Release|Any CPU
		{CBF6E286-8CA8-40E6-AB37-0D0F625478C9}.Release|x86.Build.0 = Release|Any CPU
		{93100EDA-6EE6-4DA0-9AE3-F3A9597F6A73}.Debug|Any CPU.ActiveCfg = Debug|Any CPU
		{93100EDA-6EE6-4DA0-9AE3-F3A9597F6A73}.Debug|Any CPU.Build.0 = Debug|Any CPU
		{93100EDA-6EE6-4DA0-9AE3-F3A9597F6A73}.Debug|ARM.ActiveCfg = Debug|Any CPU
		{93100EDA-6EE6-4DA0-9AE3-F3A9597F6A73}.Debug|ARM.Build.0 = Debug|Any CPU
		{93100EDA-6EE6-4DA0-9AE3-F3A9597F6A73}.Debug|ARM64.ActiveCfg = Debug|Any CPU
		{93100EDA-6EE6-4DA0-9AE3-F3A9597F6A73}.Debug|ARM64.Build.0 = Debug|Any CPU
		{93100EDA-6EE6-4DA0-9AE3-F3A9597F6A73}.Debug|x64.ActiveCfg = Debug|Any CPU
		{93100EDA-6EE6-4DA0-9AE3-F3A9597F6A73}.Debug|x64.Build.0 = Debug|Any CPU
		{93100EDA-6EE6-4DA0-9AE3-F3A9597F6A73}.Debug|x86.ActiveCfg = Debug|Any CPU
		{93100EDA-6EE6-4DA0-9AE3-F3A9597F6A73}.Debug|x86.Build.0 = Debug|Any CPU
		{93100EDA-6EE6-4DA0-9AE3-F3A9597F6A73}.Release|Any CPU.ActiveCfg = Release|Any CPU
		{93100EDA-6EE6-4DA0-9AE3-F3A9597F6A73}.Release|Any CPU.Build.0 = Release|Any CPU
		{93100EDA-6EE6-4DA0-9AE3-F3A9597F6A73}.Release|ARM.ActiveCfg = Release|Any CPU
		{93100EDA-6EE6-4DA0-9AE3-F3A9597F6A73}.Release|ARM.Build.0 = Release|Any CPU
		{93100EDA-6EE6-4DA0-9AE3-F3A9597F6A73}.Release|ARM64.ActiveCfg = Release|Any CPU
		{93100EDA-6EE6-4DA0-9AE3-F3A9597F6A73}.Release|ARM64.Build.0 = Release|Any CPU
		{93100EDA-6EE6-4DA0-9AE3-F3A9597F6A73}.Release|x64.ActiveCfg = Release|Any CPU
		{93100EDA-6EE6-4DA0-9AE3-F3A9597F6A73}.Release|x64.Build.0 = Release|Any CPU
		{93100EDA-6EE6-4DA0-9AE3-F3A9597F6A73}.Release|x86.ActiveCfg = Release|Any CPU
		{93100EDA-6EE6-4DA0-9AE3-F3A9597F6A73}.Release|x86.Build.0 = Release|Any CPU
		{6ECB7270-4B9B-4BB2-BC6A-7E6E6DCFB1AD}.Debug|Any CPU.ActiveCfg = Debug|Any CPU
		{6ECB7270-4B9B-4BB2-BC6A-7E6E6DCFB1AD}.Debug|Any CPU.Build.0 = Debug|Any CPU
		{6ECB7270-4B9B-4BB2-BC6A-7E6E6DCFB1AD}.Debug|ARM.ActiveCfg = Debug|Any CPU
		{6ECB7270-4B9B-4BB2-BC6A-7E6E6DCFB1AD}.Debug|ARM.Build.0 = Debug|Any CPU
		{6ECB7270-4B9B-4BB2-BC6A-7E6E6DCFB1AD}.Debug|ARM64.ActiveCfg = Debug|Any CPU
		{6ECB7270-4B9B-4BB2-BC6A-7E6E6DCFB1AD}.Debug|ARM64.Build.0 = Debug|Any CPU
		{6ECB7270-4B9B-4BB2-BC6A-7E6E6DCFB1AD}.Debug|x64.ActiveCfg = Debug|x64
		{6ECB7270-4B9B-4BB2-BC6A-7E6E6DCFB1AD}.Debug|x64.Build.0 = Debug|x64
		{6ECB7270-4B9B-4BB2-BC6A-7E6E6DCFB1AD}.Debug|x86.ActiveCfg = Debug|x86
		{6ECB7270-4B9B-4BB2-BC6A-7E6E6DCFB1AD}.Debug|x86.Build.0 = Debug|x86
		{6ECB7270-4B9B-4BB2-BC6A-7E6E6DCFB1AD}.Release|Any CPU.ActiveCfg = Release|Any CPU
		{6ECB7270-4B9B-4BB2-BC6A-7E6E6DCFB1AD}.Release|Any CPU.Build.0 = Release|Any CPU
		{6ECB7270-4B9B-4BB2-BC6A-7E6E6DCFB1AD}.Release|ARM.ActiveCfg = Release|Any CPU
		{6ECB7270-4B9B-4BB2-BC6A-7E6E6DCFB1AD}.Release|ARM.Build.0 = Release|Any CPU
		{6ECB7270-4B9B-4BB2-BC6A-7E6E6DCFB1AD}.Release|ARM64.ActiveCfg = Release|Any CPU
		{6ECB7270-4B9B-4BB2-BC6A-7E6E6DCFB1AD}.Release|ARM64.Build.0 = Release|Any CPU
		{6ECB7270-4B9B-4BB2-BC6A-7E6E6DCFB1AD}.Release|x64.ActiveCfg = Release|x64
		{6ECB7270-4B9B-4BB2-BC6A-7E6E6DCFB1AD}.Release|x64.Build.0 = Release|x64
		{6ECB7270-4B9B-4BB2-BC6A-7E6E6DCFB1AD}.Release|x86.ActiveCfg = Release|x86
		{6ECB7270-4B9B-4BB2-BC6A-7E6E6DCFB1AD}.Release|x86.Build.0 = Release|x86
		{DB02C833-48CB-49E4-A84C-696CD3FB2BC1}.Debug|Any CPU.ActiveCfg = Debug|Any CPU
		{DB02C833-48CB-49E4-A84C-696CD3FB2BC1}.Debug|Any CPU.Build.0 = Debug|Any CPU
		{DB02C833-48CB-49E4-A84C-696CD3FB2BC1}.Debug|ARM.ActiveCfg = Debug|Any CPU
		{DB02C833-48CB-49E4-A84C-696CD3FB2BC1}.Debug|ARM.Build.0 = Debug|Any CPU
		{DB02C833-48CB-49E4-A84C-696CD3FB2BC1}.Debug|ARM64.ActiveCfg = Debug|Any CPU
		{DB02C833-48CB-49E4-A84C-696CD3FB2BC1}.Debug|ARM64.Build.0 = Debug|Any CPU
		{DB02C833-48CB-49E4-A84C-696CD3FB2BC1}.Debug|x64.ActiveCfg = Debug|x64
		{DB02C833-48CB-49E4-A84C-696CD3FB2BC1}.Debug|x64.Build.0 = Debug|x64
		{DB02C833-48CB-49E4-A84C-696CD3FB2BC1}.Debug|x86.ActiveCfg = Debug|x86
		{DB02C833-48CB-49E4-A84C-696CD3FB2BC1}.Debug|x86.Build.0 = Debug|x86
		{DB02C833-48CB-49E4-A84C-696CD3FB2BC1}.Release|Any CPU.ActiveCfg = Release|Any CPU
		{DB02C833-48CB-49E4-A84C-696CD3FB2BC1}.Release|Any CPU.Build.0 = Release|Any CPU
		{DB02C833-48CB-49E4-A84C-696CD3FB2BC1}.Release|ARM.ActiveCfg = Release|Any CPU
		{DB02C833-48CB-49E4-A84C-696CD3FB2BC1}.Release|ARM.Build.0 = Release|Any CPU
		{DB02C833-48CB-49E4-A84C-696CD3FB2BC1}.Release|ARM64.ActiveCfg = Release|Any CPU
		{DB02C833-48CB-49E4-A84C-696CD3FB2BC1}.Release|ARM64.Build.0 = Release|Any CPU
		{DB02C833-48CB-49E4-A84C-696CD3FB2BC1}.Release|x64.ActiveCfg = Release|x64
		{DB02C833-48CB-49E4-A84C-696CD3FB2BC1}.Release|x64.Build.0 = Release|x64
		{DB02C833-48CB-49E4-A84C-696CD3FB2BC1}.Release|x86.ActiveCfg = Release|x86
		{DB02C833-48CB-49E4-A84C-696CD3FB2BC1}.Release|x86.Build.0 = Release|x86
		{66C73D7E-FEA6-48A1-A14C-3C0C7C455788}.Debug|Any CPU.ActiveCfg = Debug|Any CPU
		{66C73D7E-FEA6-48A1-A14C-3C0C7C455788}.Debug|Any CPU.Build.0 = Debug|Any CPU
		{66C73D7E-FEA6-48A1-A14C-3C0C7C455788}.Debug|ARM.ActiveCfg = Debug|Any CPU
		{66C73D7E-FEA6-48A1-A14C-3C0C7C455788}.Debug|ARM.Build.0 = Debug|Any CPU
		{66C73D7E-FEA6-48A1-A14C-3C0C7C455788}.Debug|ARM64.ActiveCfg = Debug|Any CPU
		{66C73D7E-FEA6-48A1-A14C-3C0C7C455788}.Debug|ARM64.Build.0 = Debug|Any CPU
		{66C73D7E-FEA6-48A1-A14C-3C0C7C455788}.Debug|x64.ActiveCfg = Debug|Any CPU
		{66C73D7E-FEA6-48A1-A14C-3C0C7C455788}.Debug|x64.Build.0 = Debug|Any CPU
		{66C73D7E-FEA6-48A1-A14C-3C0C7C455788}.Debug|x86.ActiveCfg = Debug|Any CPU
		{66C73D7E-FEA6-48A1-A14C-3C0C7C455788}.Debug|x86.Build.0 = Debug|Any CPU
		{66C73D7E-FEA6-48A1-A14C-3C0C7C455788}.Release|Any CPU.ActiveCfg = Release|Any CPU
		{66C73D7E-FEA6-48A1-A14C-3C0C7C455788}.Release|Any CPU.Build.0 = Release|Any CPU
		{66C73D7E-FEA6-48A1-A14C-3C0C7C455788}.Release|ARM.ActiveCfg = Release|Any CPU
		{66C73D7E-FEA6-48A1-A14C-3C0C7C455788}.Release|ARM.Build.0 = Release|Any CPU
		{66C73D7E-FEA6-48A1-A14C-3C0C7C455788}.Release|ARM64.ActiveCfg = Release|Any CPU
		{66C73D7E-FEA6-48A1-A14C-3C0C7C455788}.Release|ARM64.Build.0 = Release|Any CPU
		{66C73D7E-FEA6-48A1-A14C-3C0C7C455788}.Release|x64.ActiveCfg = Release|Any CPU
		{66C73D7E-FEA6-48A1-A14C-3C0C7C455788}.Release|x64.Build.0 = Release|Any CPU
		{66C73D7E-FEA6-48A1-A14C-3C0C7C455788}.Release|x86.ActiveCfg = Release|Any CPU
		{66C73D7E-FEA6-48A1-A14C-3C0C7C455788}.Release|x86.Build.0 = Release|Any CPU
		{F9DA2529-A46A-4A24-AFF4-A55872796C45}.Debug|Any CPU.ActiveCfg = Debug|Any CPU
		{F9DA2529-A46A-4A24-AFF4-A55872796C45}.Debug|Any CPU.Build.0 = Debug|Any CPU
		{F9DA2529-A46A-4A24-AFF4-A55872796C45}.Debug|ARM.ActiveCfg = Debug|Any CPU
		{F9DA2529-A46A-4A24-AFF4-A55872796C45}.Debug|ARM.Build.0 = Debug|Any CPU
		{F9DA2529-A46A-4A24-AFF4-A55872796C45}.Debug|ARM64.ActiveCfg = Debug|Any CPU
		{F9DA2529-A46A-4A24-AFF4-A55872796C45}.Debug|ARM64.Build.0 = Debug|Any CPU
		{F9DA2529-A46A-4A24-AFF4-A55872796C45}.Debug|x64.ActiveCfg = Debug|x64
		{F9DA2529-A46A-4A24-AFF4-A55872796C45}.Debug|x64.Build.0 = Debug|x64
		{F9DA2529-A46A-4A24-AFF4-A55872796C45}.Debug|x86.ActiveCfg = Debug|x86
		{F9DA2529-A46A-4A24-AFF4-A55872796C45}.Debug|x86.Build.0 = Debug|x86
		{F9DA2529-A46A-4A24-AFF4-A55872796C45}.Release|Any CPU.ActiveCfg = Release|Any CPU
		{F9DA2529-A46A-4A24-AFF4-A55872796C45}.Release|Any CPU.Build.0 = Release|Any CPU
		{F9DA2529-A46A-4A24-AFF4-A55872796C45}.Release|ARM.ActiveCfg = Release|Any CPU
		{F9DA2529-A46A-4A24-AFF4-A55872796C45}.Release|ARM.Build.0 = Release|Any CPU
		{F9DA2529-A46A-4A24-AFF4-A55872796C45}.Release|ARM64.ActiveCfg = Release|Any CPU
		{F9DA2529-A46A-4A24-AFF4-A55872796C45}.Release|ARM64.Build.0 = Release|Any CPU
		{F9DA2529-A46A-4A24-AFF4-A55872796C45}.Release|x64.ActiveCfg = Release|x64
		{F9DA2529-A46A-4A24-AFF4-A55872796C45}.Release|x64.Build.0 = Release|x64
		{F9DA2529-A46A-4A24-AFF4-A55872796C45}.Release|x86.ActiveCfg = Release|x86
		{F9DA2529-A46A-4A24-AFF4-A55872796C45}.Release|x86.Build.0 = Release|x86
		{78A5E9E0-AAF6-49B6-AC64-1E49C4E8CC50}.Debug|Any CPU.ActiveCfg = Debug|Any CPU
		{78A5E9E0-AAF6-49B6-AC64-1E49C4E8CC50}.Debug|Any CPU.Build.0 = Debug|Any CPU
		{78A5E9E0-AAF6-49B6-AC64-1E49C4E8CC50}.Debug|ARM.ActiveCfg = Debug|Any CPU
		{78A5E9E0-AAF6-49B6-AC64-1E49C4E8CC50}.Debug|ARM.Build.0 = Debug|Any CPU
		{78A5E9E0-AAF6-49B6-AC64-1E49C4E8CC50}.Debug|ARM64.ActiveCfg = Debug|Any CPU
		{78A5E9E0-AAF6-49B6-AC64-1E49C4E8CC50}.Debug|ARM64.Build.0 = Debug|Any CPU
		{78A5E9E0-AAF6-49B6-AC64-1E49C4E8CC50}.Debug|x64.ActiveCfg = Debug|x64
		{78A5E9E0-AAF6-49B6-AC64-1E49C4E8CC50}.Debug|x64.Build.0 = Debug|x64
		{78A5E9E0-AAF6-49B6-AC64-1E49C4E8CC50}.Debug|x86.ActiveCfg = Debug|x86
		{78A5E9E0-AAF6-49B6-AC64-1E49C4E8CC50}.Debug|x86.Build.0 = Debug|x86
		{78A5E9E0-AAF6-49B6-AC64-1E49C4E8CC50}.Release|Any CPU.ActiveCfg = Release|Any CPU
		{78A5E9E0-AAF6-49B6-AC64-1E49C4E8CC50}.Release|Any CPU.Build.0 = Release|Any CPU
		{78A5E9E0-AAF6-49B6-AC64-1E49C4E8CC50}.Release|ARM.ActiveCfg = Release|Any CPU
		{78A5E9E0-AAF6-49B6-AC64-1E49C4E8CC50}.Release|ARM.Build.0 = Release|Any CPU
		{78A5E9E0-AAF6-49B6-AC64-1E49C4E8CC50}.Release|ARM64.ActiveCfg = Release|Any CPU
		{78A5E9E0-AAF6-49B6-AC64-1E49C4E8CC50}.Release|ARM64.Build.0 = Release|Any CPU
		{78A5E9E0-AAF6-49B6-AC64-1E49C4E8CC50}.Release|x64.ActiveCfg = Release|x64
		{78A5E9E0-AAF6-49B6-AC64-1E49C4E8CC50}.Release|x64.Build.0 = Release|x64
		{78A5E9E0-AAF6-49B6-AC64-1E49C4E8CC50}.Release|x86.ActiveCfg = Release|x86
		{78A5E9E0-AAF6-49B6-AC64-1E49C4E8CC50}.Release|x86.Build.0 = Release|x86
		{828ECF52-ADCD-446B-A8A4-95033CDE4584}.Debug|Any CPU.ActiveCfg = Debug|Any CPU
		{828ECF52-ADCD-446B-A8A4-95033CDE4584}.Debug|Any CPU.Build.0 = Debug|Any CPU
		{828ECF52-ADCD-446B-A8A4-95033CDE4584}.Debug|ARM.ActiveCfg = Debug|Any CPU
		{828ECF52-ADCD-446B-A8A4-95033CDE4584}.Debug|ARM.Build.0 = Debug|Any CPU
		{828ECF52-ADCD-446B-A8A4-95033CDE4584}.Debug|ARM64.ActiveCfg = Debug|Any CPU
		{828ECF52-ADCD-446B-A8A4-95033CDE4584}.Debug|ARM64.Build.0 = Debug|Any CPU
		{828ECF52-ADCD-446B-A8A4-95033CDE4584}.Debug|x64.ActiveCfg = Debug|x64
		{828ECF52-ADCD-446B-A8A4-95033CDE4584}.Debug|x64.Build.0 = Debug|x64
		{828ECF52-ADCD-446B-A8A4-95033CDE4584}.Debug|x86.ActiveCfg = Debug|x86
		{828ECF52-ADCD-446B-A8A4-95033CDE4584}.Debug|x86.Build.0 = Debug|x86
		{828ECF52-ADCD-446B-A8A4-95033CDE4584}.Release|Any CPU.ActiveCfg = Release|Any CPU
		{828ECF52-ADCD-446B-A8A4-95033CDE4584}.Release|Any CPU.Build.0 = Release|Any CPU
		{828ECF52-ADCD-446B-A8A4-95033CDE4584}.Release|ARM.ActiveCfg = Release|Any CPU
		{828ECF52-ADCD-446B-A8A4-95033CDE4584}.Release|ARM.Build.0 = Release|Any CPU
		{828ECF52-ADCD-446B-A8A4-95033CDE4584}.Release|ARM64.ActiveCfg = Release|Any CPU
		{828ECF52-ADCD-446B-A8A4-95033CDE4584}.Release|ARM64.Build.0 = Release|Any CPU
		{828ECF52-ADCD-446B-A8A4-95033CDE4584}.Release|x64.ActiveCfg = Release|x64
		{828ECF52-ADCD-446B-A8A4-95033CDE4584}.Release|x64.Build.0 = Release|x64
		{828ECF52-ADCD-446B-A8A4-95033CDE4584}.Release|x86.ActiveCfg = Release|x86
		{828ECF52-ADCD-446B-A8A4-95033CDE4584}.Release|x86.Build.0 = Release|x86
		{38FAB6E0-0ED3-436C-A4DB-3790DA2CB780}.Debug|Any CPU.ActiveCfg = Debug|Any CPU
		{38FAB6E0-0ED3-436C-A4DB-3790DA2CB780}.Debug|Any CPU.Build.0 = Debug|Any CPU
		{38FAB6E0-0ED3-436C-A4DB-3790DA2CB780}.Debug|ARM.ActiveCfg = Debug|Any CPU
		{38FAB6E0-0ED3-436C-A4DB-3790DA2CB780}.Debug|ARM.Build.0 = Debug|Any CPU
		{38FAB6E0-0ED3-436C-A4DB-3790DA2CB780}.Debug|ARM64.ActiveCfg = Debug|Any CPU
		{38FAB6E0-0ED3-436C-A4DB-3790DA2CB780}.Debug|ARM64.Build.0 = Debug|Any CPU
		{38FAB6E0-0ED3-436C-A4DB-3790DA2CB780}.Debug|x64.ActiveCfg = Debug|Any CPU
		{38FAB6E0-0ED3-436C-A4DB-3790DA2CB780}.Debug|x64.Build.0 = Debug|Any CPU
		{38FAB6E0-0ED3-436C-A4DB-3790DA2CB780}.Debug|x86.ActiveCfg = Debug|Any CPU
		{38FAB6E0-0ED3-436C-A4DB-3790DA2CB780}.Debug|x86.Build.0 = Debug|Any CPU
		{38FAB6E0-0ED3-436C-A4DB-3790DA2CB780}.Release|Any CPU.ActiveCfg = Release|Any CPU
		{38FAB6E0-0ED3-436C-A4DB-3790DA2CB780}.Release|Any CPU.Build.0 = Release|Any CPU
		{38FAB6E0-0ED3-436C-A4DB-3790DA2CB780}.Release|ARM.ActiveCfg = Release|Any CPU
		{38FAB6E0-0ED3-436C-A4DB-3790DA2CB780}.Release|ARM.Build.0 = Release|Any CPU
		{38FAB6E0-0ED3-436C-A4DB-3790DA2CB780}.Release|ARM64.ActiveCfg = Release|Any CPU
		{38FAB6E0-0ED3-436C-A4DB-3790DA2CB780}.Release|ARM64.Build.0 = Release|Any CPU
		{38FAB6E0-0ED3-436C-A4DB-3790DA2CB780}.Release|x64.ActiveCfg = Release|Any CPU
		{38FAB6E0-0ED3-436C-A4DB-3790DA2CB780}.Release|x64.Build.0 = Release|Any CPU
		{38FAB6E0-0ED3-436C-A4DB-3790DA2CB780}.Release|x86.ActiveCfg = Release|Any CPU
		{38FAB6E0-0ED3-436C-A4DB-3790DA2CB780}.Release|x86.Build.0 = Release|Any CPU
		{EB5C8CB2-44C8-4847-A4DA-1DAC30BBFC14}.Debug|Any CPU.ActiveCfg = Debug|Any CPU
		{EB5C8CB2-44C8-4847-A4DA-1DAC30BBFC14}.Debug|Any CPU.Build.0 = Debug|Any CPU
		{EB5C8CB2-44C8-4847-A4DA-1DAC30BBFC14}.Debug|ARM.ActiveCfg = Debug|Any CPU
		{EB5C8CB2-44C8-4847-A4DA-1DAC30BBFC14}.Debug|ARM.Build.0 = Debug|Any CPU
		{EB5C8CB2-44C8-4847-A4DA-1DAC30BBFC14}.Debug|ARM64.ActiveCfg = Debug|Any CPU
		{EB5C8CB2-44C8-4847-A4DA-1DAC30BBFC14}.Debug|ARM64.Build.0 = Debug|Any CPU
		{EB5C8CB2-44C8-4847-A4DA-1DAC30BBFC14}.Debug|x64.ActiveCfg = Debug|Any CPU
		{EB5C8CB2-44C8-4847-A4DA-1DAC30BBFC14}.Debug|x64.Build.0 = Debug|Any CPU
		{EB5C8CB2-44C8-4847-A4DA-1DAC30BBFC14}.Debug|x86.ActiveCfg = Debug|Any CPU
		{EB5C8CB2-44C8-4847-A4DA-1DAC30BBFC14}.Debug|x86.Build.0 = Debug|Any CPU
		{EB5C8CB2-44C8-4847-A4DA-1DAC30BBFC14}.Release|Any CPU.ActiveCfg = Release|Any CPU
		{EB5C8CB2-44C8-4847-A4DA-1DAC30BBFC14}.Release|Any CPU.Build.0 = Release|Any CPU
		{EB5C8CB2-44C8-4847-A4DA-1DAC30BBFC14}.Release|ARM.ActiveCfg = Release|Any CPU
		{EB5C8CB2-44C8-4847-A4DA-1DAC30BBFC14}.Release|ARM.Build.0 = Release|Any CPU
		{EB5C8CB2-44C8-4847-A4DA-1DAC30BBFC14}.Release|ARM64.ActiveCfg = Release|Any CPU
		{EB5C8CB2-44C8-4847-A4DA-1DAC30BBFC14}.Release|ARM64.Build.0 = Release|Any CPU
		{EB5C8CB2-44C8-4847-A4DA-1DAC30BBFC14}.Release|x64.ActiveCfg = Release|Any CPU
		{EB5C8CB2-44C8-4847-A4DA-1DAC30BBFC14}.Release|x64.Build.0 = Release|Any CPU
		{EB5C8CB2-44C8-4847-A4DA-1DAC30BBFC14}.Release|x86.ActiveCfg = Release|Any CPU
		{EB5C8CB2-44C8-4847-A4DA-1DAC30BBFC14}.Release|x86.Build.0 = Release|Any CPU
		{1AAABD43-984B-42C7-A0CF-7E395CFED7B3}.Debug|Any CPU.ActiveCfg = Debug|Any CPU
		{1AAABD43-984B-42C7-A0CF-7E395CFED7B3}.Debug|Any CPU.Build.0 = Debug|Any CPU
		{1AAABD43-984B-42C7-A0CF-7E395CFED7B3}.Debug|ARM.ActiveCfg = Debug|Any CPU
		{1AAABD43-984B-42C7-A0CF-7E395CFED7B3}.Debug|ARM.Build.0 = Debug|Any CPU
		{1AAABD43-984B-42C7-A0CF-7E395CFED7B3}.Debug|ARM64.ActiveCfg = Debug|Any CPU
		{1AAABD43-984B-42C7-A0CF-7E395CFED7B3}.Debug|ARM64.Build.0 = Debug|Any CPU
		{1AAABD43-984B-42C7-A0CF-7E395CFED7B3}.Debug|x64.ActiveCfg = Debug|Any CPU
		{1AAABD43-984B-42C7-A0CF-7E395CFED7B3}.Debug|x64.Build.0 = Debug|Any CPU
		{1AAABD43-984B-42C7-A0CF-7E395CFED7B3}.Debug|x86.ActiveCfg = Debug|Any CPU
		{1AAABD43-984B-42C7-A0CF-7E395CFED7B3}.Debug|x86.Build.0 = Debug|Any CPU
		{1AAABD43-984B-42C7-A0CF-7E395CFED7B3}.Release|Any CPU.ActiveCfg = Release|Any CPU
		{1AAABD43-984B-42C7-A0CF-7E395CFED7B3}.Release|Any CPU.Build.0 = Release|Any CPU
		{1AAABD43-984B-42C7-A0CF-7E395CFED7B3}.Release|ARM.ActiveCfg = Release|Any CPU
		{1AAABD43-984B-42C7-A0CF-7E395CFED7B3}.Release|ARM.Build.0 = Release|Any CPU
		{1AAABD43-984B-42C7-A0CF-7E395CFED7B3}.Release|ARM64.ActiveCfg = Release|Any CPU
		{1AAABD43-984B-42C7-A0CF-7E395CFED7B3}.Release|ARM64.Build.0 = Release|Any CPU
		{1AAABD43-984B-42C7-A0CF-7E395CFED7B3}.Release|x64.ActiveCfg = Release|Any CPU
		{1AAABD43-984B-42C7-A0CF-7E395CFED7B3}.Release|x64.Build.0 = Release|Any CPU
		{1AAABD43-984B-42C7-A0CF-7E395CFED7B3}.Release|x86.ActiveCfg = Release|Any CPU
		{1AAABD43-984B-42C7-A0CF-7E395CFED7B3}.Release|x86.Build.0 = Release|Any CPU
		{95716A14-D4FE-458B-A0A1-F6E3753CF43C}.Debug|Any CPU.ActiveCfg = Debug|Any CPU
		{95716A14-D4FE-458B-A0A1-F6E3753CF43C}.Debug|Any CPU.Build.0 = Debug|Any CPU
		{95716A14-D4FE-458B-A0A1-F6E3753CF43C}.Debug|ARM.ActiveCfg = Debug|Any CPU
		{95716A14-D4FE-458B-A0A1-F6E3753CF43C}.Debug|ARM.Build.0 = Debug|Any CPU
		{95716A14-D4FE-458B-A0A1-F6E3753CF43C}.Debug|ARM64.ActiveCfg = Debug|Any CPU
		{95716A14-D4FE-458B-A0A1-F6E3753CF43C}.Debug|ARM64.Build.0 = Debug|Any CPU
		{95716A14-D4FE-458B-A0A1-F6E3753CF43C}.Debug|x64.ActiveCfg = Debug|Any CPU
		{95716A14-D4FE-458B-A0A1-F6E3753CF43C}.Debug|x64.Build.0 = Debug|Any CPU
		{95716A14-D4FE-458B-A0A1-F6E3753CF43C}.Debug|x86.ActiveCfg = Debug|Any CPU
		{95716A14-D4FE-458B-A0A1-F6E3753CF43C}.Debug|x86.Build.0 = Debug|Any CPU
		{95716A14-D4FE-458B-A0A1-F6E3753CF43C}.Release|Any CPU.ActiveCfg = Release|Any CPU
		{95716A14-D4FE-458B-A0A1-F6E3753CF43C}.Release|Any CPU.Build.0 = Release|Any CPU
		{95716A14-D4FE-458B-A0A1-F6E3753CF43C}.Release|ARM.ActiveCfg = Release|Any CPU
		{95716A14-D4FE-458B-A0A1-F6E3753CF43C}.Release|ARM.Build.0 = Release|Any CPU
		{95716A14-D4FE-458B-A0A1-F6E3753CF43C}.Release|ARM64.ActiveCfg = Release|Any CPU
		{95716A14-D4FE-458B-A0A1-F6E3753CF43C}.Release|ARM64.Build.0 = Release|Any CPU
		{95716A14-D4FE-458B-A0A1-F6E3753CF43C}.Release|x64.ActiveCfg = Release|Any CPU
		{95716A14-D4FE-458B-A0A1-F6E3753CF43C}.Release|x64.Build.0 = Release|Any CPU
		{95716A14-D4FE-458B-A0A1-F6E3753CF43C}.Release|x86.ActiveCfg = Release|Any CPU
		{95716A14-D4FE-458B-A0A1-F6E3753CF43C}.Release|x86.Build.0 = Release|Any CPU
		{306B0780-E977-4FA3-B8A4-22B922141442}.Debug|Any CPU.ActiveCfg = Debug|Any CPU
		{306B0780-E977-4FA3-B8A4-22B922141442}.Debug|Any CPU.Build.0 = Debug|Any CPU
		{306B0780-E977-4FA3-B8A4-22B922141442}.Debug|ARM.ActiveCfg = Debug|Any CPU
		{306B0780-E977-4FA3-B8A4-22B922141442}.Debug|ARM.Build.0 = Debug|Any CPU
		{306B0780-E977-4FA3-B8A4-22B922141442}.Debug|ARM64.ActiveCfg = Debug|Any CPU
		{306B0780-E977-4FA3-B8A4-22B922141442}.Debug|ARM64.Build.0 = Debug|Any CPU
		{306B0780-E977-4FA3-B8A4-22B922141442}.Debug|x64.ActiveCfg = Debug|Any CPU
		{306B0780-E977-4FA3-B8A4-22B922141442}.Debug|x64.Build.0 = Debug|Any CPU
		{306B0780-E977-4FA3-B8A4-22B922141442}.Debug|x86.ActiveCfg = Debug|Any CPU
		{306B0780-E977-4FA3-B8A4-22B922141442}.Debug|x86.Build.0 = Debug|Any CPU
		{306B0780-E977-4FA3-B8A4-22B922141442}.Release|Any CPU.ActiveCfg = Release|Any CPU
		{306B0780-E977-4FA3-B8A4-22B922141442}.Release|Any CPU.Build.0 = Release|Any CPU
		{306B0780-E977-4FA3-B8A4-22B922141442}.Release|ARM.ActiveCfg = Release|Any CPU
		{306B0780-E977-4FA3-B8A4-22B922141442}.Release|ARM.Build.0 = Release|Any CPU
		{306B0780-E977-4FA3-B8A4-22B922141442}.Release|ARM64.ActiveCfg = Release|Any CPU
		{306B0780-E977-4FA3-B8A4-22B922141442}.Release|ARM64.Build.0 = Release|Any CPU
		{306B0780-E977-4FA3-B8A4-22B922141442}.Release|x64.ActiveCfg = Release|Any CPU
		{306B0780-E977-4FA3-B8A4-22B922141442}.Release|x64.Build.0 = Release|Any CPU
		{306B0780-E977-4FA3-B8A4-22B922141442}.Release|x86.ActiveCfg = Release|Any CPU
		{306B0780-E977-4FA3-B8A4-22B922141442}.Release|x86.Build.0 = Release|Any CPU
		{EAA397BC-2D9F-4053-82D7-45693E833AF7}.Debug|Any CPU.ActiveCfg = Debug|Any CPU
		{EAA397BC-2D9F-4053-82D7-45693E833AF7}.Debug|Any CPU.Build.0 = Debug|Any CPU
		{EAA397BC-2D9F-4053-82D7-45693E833AF7}.Debug|ARM.ActiveCfg = Debug|Any CPU
		{EAA397BC-2D9F-4053-82D7-45693E833AF7}.Debug|ARM.Build.0 = Debug|Any CPU
		{EAA397BC-2D9F-4053-82D7-45693E833AF7}.Debug|ARM64.ActiveCfg = Debug|Any CPU
		{EAA397BC-2D9F-4053-82D7-45693E833AF7}.Debug|ARM64.Build.0 = Debug|Any CPU
		{EAA397BC-2D9F-4053-82D7-45693E833AF7}.Debug|x64.ActiveCfg = Debug|Any CPU
		{EAA397BC-2D9F-4053-82D7-45693E833AF7}.Debug|x64.Build.0 = Debug|Any CPU
		{EAA397BC-2D9F-4053-82D7-45693E833AF7}.Debug|x86.ActiveCfg = Debug|Any CPU
		{EAA397BC-2D9F-4053-82D7-45693E833AF7}.Debug|x86.Build.0 = Debug|Any CPU
		{EAA397BC-2D9F-4053-82D7-45693E833AF7}.Release|Any CPU.ActiveCfg = Release|Any CPU
		{EAA397BC-2D9F-4053-82D7-45693E833AF7}.Release|Any CPU.Build.0 = Release|Any CPU
		{EAA397BC-2D9F-4053-82D7-45693E833AF7}.Release|ARM.ActiveCfg = Release|Any CPU
		{EAA397BC-2D9F-4053-82D7-45693E833AF7}.Release|ARM.Build.0 = Release|Any CPU
		{EAA397BC-2D9F-4053-82D7-45693E833AF7}.Release|ARM64.ActiveCfg = Release|Any CPU
		{EAA397BC-2D9F-4053-82D7-45693E833AF7}.Release|ARM64.Build.0 = Release|Any CPU
		{EAA397BC-2D9F-4053-82D7-45693E833AF7}.Release|x64.ActiveCfg = Release|Any CPU
		{EAA397BC-2D9F-4053-82D7-45693E833AF7}.Release|x64.Build.0 = Release|Any CPU
		{EAA397BC-2D9F-4053-82D7-45693E833AF7}.Release|x86.ActiveCfg = Release|Any CPU
		{EAA397BC-2D9F-4053-82D7-45693E833AF7}.Release|x86.Build.0 = Release|Any CPU
		{6E2655C7-73B9-4124-918C-1EAF9F712BCF}.Debug|Any CPU.ActiveCfg = Debug|Any CPU
		{6E2655C7-73B9-4124-918C-1EAF9F712BCF}.Debug|Any CPU.Build.0 = Debug|Any CPU
		{6E2655C7-73B9-4124-918C-1EAF9F712BCF}.Debug|ARM.ActiveCfg = Debug|Any CPU
		{6E2655C7-73B9-4124-918C-1EAF9F712BCF}.Debug|ARM.Build.0 = Debug|Any CPU
		{6E2655C7-73B9-4124-918C-1EAF9F712BCF}.Debug|ARM64.ActiveCfg = Debug|Any CPU
		{6E2655C7-73B9-4124-918C-1EAF9F712BCF}.Debug|ARM64.Build.0 = Debug|Any CPU
		{6E2655C7-73B9-4124-918C-1EAF9F712BCF}.Debug|x64.ActiveCfg = Debug|Any CPU
		{6E2655C7-73B9-4124-918C-1EAF9F712BCF}.Debug|x64.Build.0 = Debug|Any CPU
		{6E2655C7-73B9-4124-918C-1EAF9F712BCF}.Debug|x86.ActiveCfg = Debug|Any CPU
		{6E2655C7-73B9-4124-918C-1EAF9F712BCF}.Debug|x86.Build.0 = Debug|Any CPU
		{6E2655C7-73B9-4124-918C-1EAF9F712BCF}.Release|Any CPU.ActiveCfg = Release|Any CPU
		{6E2655C7-73B9-4124-918C-1EAF9F712BCF}.Release|Any CPU.Build.0 = Release|Any CPU
		{6E2655C7-73B9-4124-918C-1EAF9F712BCF}.Release|ARM.ActiveCfg = Release|Any CPU
		{6E2655C7-73B9-4124-918C-1EAF9F712BCF}.Release|ARM.Build.0 = Release|Any CPU
		{6E2655C7-73B9-4124-918C-1EAF9F712BCF}.Release|ARM64.ActiveCfg = Release|Any CPU
		{6E2655C7-73B9-4124-918C-1EAF9F712BCF}.Release|ARM64.Build.0 = Release|Any CPU
		{6E2655C7-73B9-4124-918C-1EAF9F712BCF}.Release|x64.ActiveCfg = Release|Any CPU
		{6E2655C7-73B9-4124-918C-1EAF9F712BCF}.Release|x64.Build.0 = Release|Any CPU
		{6E2655C7-73B9-4124-918C-1EAF9F712BCF}.Release|x86.ActiveCfg = Release|Any CPU
		{6E2655C7-73B9-4124-918C-1EAF9F712BCF}.Release|x86.Build.0 = Release|Any CPU
		{CD4E142C-BD98-46A5-BC65-C4C71918DF88}.Debug|Any CPU.ActiveCfg = Debug|Any CPU
		{CD4E142C-BD98-46A5-BC65-C4C71918DF88}.Debug|Any CPU.Build.0 = Debug|Any CPU
		{CD4E142C-BD98-46A5-BC65-C4C71918DF88}.Debug|ARM.ActiveCfg = Debug|Any CPU
		{CD4E142C-BD98-46A5-BC65-C4C71918DF88}.Debug|ARM.Build.0 = Debug|Any CPU
		{CD4E142C-BD98-46A5-BC65-C4C71918DF88}.Debug|ARM64.ActiveCfg = Debug|Any CPU
		{CD4E142C-BD98-46A5-BC65-C4C71918DF88}.Debug|ARM64.Build.0 = Debug|Any CPU
		{CD4E142C-BD98-46A5-BC65-C4C71918DF88}.Debug|x64.ActiveCfg = Debug|Any CPU
		{CD4E142C-BD98-46A5-BC65-C4C71918DF88}.Debug|x64.Build.0 = Debug|Any CPU
		{CD4E142C-BD98-46A5-BC65-C4C71918DF88}.Debug|x86.ActiveCfg = Debug|Any CPU
		{CD4E142C-BD98-46A5-BC65-C4C71918DF88}.Debug|x86.Build.0 = Debug|Any CPU
		{CD4E142C-BD98-46A5-BC65-C4C71918DF88}.Release|Any CPU.ActiveCfg = Release|Any CPU
		{CD4E142C-BD98-46A5-BC65-C4C71918DF88}.Release|Any CPU.Build.0 = Release|Any CPU
		{CD4E142C-BD98-46A5-BC65-C4C71918DF88}.Release|ARM.ActiveCfg = Release|Any CPU
		{CD4E142C-BD98-46A5-BC65-C4C71918DF88}.Release|ARM.Build.0 = Release|Any CPU
		{CD4E142C-BD98-46A5-BC65-C4C71918DF88}.Release|ARM64.ActiveCfg = Release|Any CPU
		{CD4E142C-BD98-46A5-BC65-C4C71918DF88}.Release|ARM64.Build.0 = Release|Any CPU
		{CD4E142C-BD98-46A5-BC65-C4C71918DF88}.Release|x64.ActiveCfg = Release|Any CPU
		{CD4E142C-BD98-46A5-BC65-C4C71918DF88}.Release|x64.Build.0 = Release|Any CPU
		{CD4E142C-BD98-46A5-BC65-C4C71918DF88}.Release|x86.ActiveCfg = Release|Any CPU
		{CD4E142C-BD98-46A5-BC65-C4C71918DF88}.Release|x86.Build.0 = Release|Any CPU
		{D95D1B95-238B-4F6D-A989-2F586B684D1F}.Debug|Any CPU.ActiveCfg = Debug|Any CPU
		{D95D1B95-238B-4F6D-A989-2F586B684D1F}.Debug|Any CPU.Build.0 = Debug|Any CPU
		{D95D1B95-238B-4F6D-A989-2F586B684D1F}.Debug|ARM.ActiveCfg = Debug|Any CPU
		{D95D1B95-238B-4F6D-A989-2F586B684D1F}.Debug|ARM.Build.0 = Debug|Any CPU
		{D95D1B95-238B-4F6D-A989-2F586B684D1F}.Debug|ARM64.ActiveCfg = Debug|Any CPU
		{D95D1B95-238B-4F6D-A989-2F586B684D1F}.Debug|ARM64.Build.0 = Debug|Any CPU
		{D95D1B95-238B-4F6D-A989-2F586B684D1F}.Debug|x64.ActiveCfg = Debug|Any CPU
		{D95D1B95-238B-4F6D-A989-2F586B684D1F}.Debug|x64.Build.0 = Debug|Any CPU
		{D95D1B95-238B-4F6D-A989-2F586B684D1F}.Debug|x86.ActiveCfg = Debug|Any CPU
		{D95D1B95-238B-4F6D-A989-2F586B684D1F}.Debug|x86.Build.0 = Debug|Any CPU
		{D95D1B95-238B-4F6D-A989-2F586B684D1F}.Release|Any CPU.ActiveCfg = Release|Any CPU
		{D95D1B95-238B-4F6D-A989-2F586B684D1F}.Release|Any CPU.Build.0 = Release|Any CPU
		{D95D1B95-238B-4F6D-A989-2F586B684D1F}.Release|ARM.ActiveCfg = Release|Any CPU
		{D95D1B95-238B-4F6D-A989-2F586B684D1F}.Release|ARM.Build.0 = Release|Any CPU
		{D95D1B95-238B-4F6D-A989-2F586B684D1F}.Release|ARM64.ActiveCfg = Release|Any CPU
		{D95D1B95-238B-4F6D-A989-2F586B684D1F}.Release|ARM64.Build.0 = Release|Any CPU
		{D95D1B95-238B-4F6D-A989-2F586B684D1F}.Release|x64.ActiveCfg = Release|Any CPU
		{D95D1B95-238B-4F6D-A989-2F586B684D1F}.Release|x64.Build.0 = Release|Any CPU
		{D95D1B95-238B-4F6D-A989-2F586B684D1F}.Release|x86.ActiveCfg = Release|Any CPU
		{D95D1B95-238B-4F6D-A989-2F586B684D1F}.Release|x86.Build.0 = Release|Any CPU
		{89F29C46-D8A7-431B-9A34-ECB2504008AA}.Debug|Any CPU.ActiveCfg = Debug|Any CPU
		{89F29C46-D8A7-431B-9A34-ECB2504008AA}.Debug|Any CPU.Build.0 = Debug|Any CPU
		{89F29C46-D8A7-431B-9A34-ECB2504008AA}.Debug|ARM.ActiveCfg = Debug|Any CPU
		{89F29C46-D8A7-431B-9A34-ECB2504008AA}.Debug|ARM.Build.0 = Debug|Any CPU
		{89F29C46-D8A7-431B-9A34-ECB2504008AA}.Debug|ARM64.ActiveCfg = Debug|Any CPU
		{89F29C46-D8A7-431B-9A34-ECB2504008AA}.Debug|ARM64.Build.0 = Debug|Any CPU
		{89F29C46-D8A7-431B-9A34-ECB2504008AA}.Debug|x64.ActiveCfg = Debug|Any CPU
		{89F29C46-D8A7-431B-9A34-ECB2504008AA}.Debug|x64.Build.0 = Debug|Any CPU
		{89F29C46-D8A7-431B-9A34-ECB2504008AA}.Debug|x86.ActiveCfg = Debug|Any CPU
		{89F29C46-D8A7-431B-9A34-ECB2504008AA}.Debug|x86.Build.0 = Debug|Any CPU
		{89F29C46-D8A7-431B-9A34-ECB2504008AA}.Release|Any CPU.ActiveCfg = Release|Any CPU
		{89F29C46-D8A7-431B-9A34-ECB2504008AA}.Release|Any CPU.Build.0 = Release|Any CPU
		{89F29C46-D8A7-431B-9A34-ECB2504008AA}.Release|ARM.ActiveCfg = Release|Any CPU
		{89F29C46-D8A7-431B-9A34-ECB2504008AA}.Release|ARM.Build.0 = Release|Any CPU
		{89F29C46-D8A7-431B-9A34-ECB2504008AA}.Release|ARM64.ActiveCfg = Release|Any CPU
		{89F29C46-D8A7-431B-9A34-ECB2504008AA}.Release|ARM64.Build.0 = Release|Any CPU
		{89F29C46-D8A7-431B-9A34-ECB2504008AA}.Release|x64.ActiveCfg = Release|Any CPU
		{89F29C46-D8A7-431B-9A34-ECB2504008AA}.Release|x64.Build.0 = Release|Any CPU
		{89F29C46-D8A7-431B-9A34-ECB2504008AA}.Release|x86.ActiveCfg = Release|Any CPU
		{89F29C46-D8A7-431B-9A34-ECB2504008AA}.Release|x86.Build.0 = Release|Any CPU
	EndGlobalSection
	GlobalSection(SolutionProperties) = preSolution
		HideSolutionNode = FALSE
	EndGlobalSection
	GlobalSection(NestedProjects) = preSolution
		{59D7F386-8018-44BC-B2BD-6AB32A264EE1} = {96BEABC9-B5A5-450E-9379-B42DBFC716BC}
		{9C44AB7E-90CA-4C36-A1CA-1A82E4593B51} = {96BEABC9-B5A5-450E-9379-B42DBFC716BC}
		{A9582183-EE81-4AD8-922D-7F6DDF1CE619} = {96BEABC9-B5A5-450E-9379-B42DBFC716BC}
		{C2228FA7-AAE7-40A9-B858-DD2B62871928} = {9C44AB7E-90CA-4C36-A1CA-1A82E4593B51}
		{88E8AE97-D78C-4DC3-9823-FAAD5FC4110F} = {A9582183-EE81-4AD8-922D-7F6DDF1CE619}
		{084290C4-31D7-44F4-9F2A-1351857AA01F} = {E277C41E-DE26-47CB-B0C5-8689ADFDFB89}
		{D5E1E633-99B7-4EC0-87E8-932DAD2E81EB} = {E277C41E-DE26-47CB-B0C5-8689ADFDFB89}
		{54B57E57-3FC8-4A31-8A7A-265DF8B67D47} = {2780DF13-BDD3-4FC4-A5EB-FFB915255F05}
		{B802D7A1-D523-495B-913D-D847EE7F2231} = {2780DF13-BDD3-4FC4-A5EB-FFB915255F05}
		{E93763B6-8A59-452C-903C-1F883DF64C40} = {3090995F-608F-4181-A8B3-93A0F5C8B24D}
		{4593BDE5-3FC5-49BA-A135-B1E97DF360CA} = {3090995F-608F-4181-A8B3-93A0F5C8B24D}
		{685D8935-8CB8-441C-A01A-29E749525579} = {3090995F-608F-4181-A8B3-93A0F5C8B24D}
		{E1340EF2-01D1-4400-B110-0866F85F2656} = {3090995F-608F-4181-A8B3-93A0F5C8B24D}
		{DDB7D4DB-5ED5-4653-A3E0-E3D5582824AF} = {3090995F-608F-4181-A8B3-93A0F5C8B24D}
		{6B4CEEDB-6B9C-4020-AFA6-9CD73C632909} = {3090995F-608F-4181-A8B3-93A0F5C8B24D}
		{9EF62666-582A-4D0C-8916-867F0BB6EFC9} = {3090995F-608F-4181-A8B3-93A0F5C8B24D}
		{FF1768E6-772D-428E-B94A-FE2C9987792B} = {3090995F-608F-4181-A8B3-93A0F5C8B24D}
		{C60AB143-B774-4369-BF61-93FA8AAEBE5F} = {3090995F-608F-4181-A8B3-93A0F5C8B24D}
		{8E4D6129-359B-4FDA-AA02-B4A823AF9B84} = {3090995F-608F-4181-A8B3-93A0F5C8B24D}
		{D475BFE9-FA22-4028-B788-5FAFF9074780} = {3090995F-608F-4181-A8B3-93A0F5C8B24D}
		{87F0DEC6-DB10-4108-8713-52737D6B96E4} = {3090995F-608F-4181-A8B3-93A0F5C8B24D}
		{606B33EA-9188-4C76-B608-B5DC00A0EE5F} = {3090995F-608F-4181-A8B3-93A0F5C8B24D}
		{E6724905-9A4B-49AE-9434-CC84325EA8E6} = {3090995F-608F-4181-A8B3-93A0F5C8B24D}
		{CBF6E286-8CA8-40E6-AB37-0D0F625478C9} = {3090995F-608F-4181-A8B3-93A0F5C8B24D}
		{93100EDA-6EE6-4DA0-9AE3-F3A9597F6A73} = {3090995F-608F-4181-A8B3-93A0F5C8B24D}
		{6ECB7270-4B9B-4BB2-BC6A-7E6E6DCFB1AD} = {2BEC960C-7BF8-4CD0-929A-1EAEFAE2BA0E}
		{DB02C833-48CB-49E4-A84C-696CD3FB2BC1} = {E277C41E-DE26-47CB-B0C5-8689ADFDFB89}
		{66C73D7E-FEA6-48A1-A14C-3C0C7C455788} = {2780DF13-BDD3-4FC4-A5EB-FFB915255F05}
		{F9DA2529-A46A-4A24-AFF4-A55872796C45} = {E277C41E-DE26-47CB-B0C5-8689ADFDFB89}
		{78A5E9E0-AAF6-49B6-AC64-1E49C4E8CC50} = {2BEC960C-7BF8-4CD0-929A-1EAEFAE2BA0E}
		{828ECF52-ADCD-446B-A8A4-95033CDE4584} = {2BEC960C-7BF8-4CD0-929A-1EAEFAE2BA0E}
		{38FAB6E0-0ED3-436C-A4DB-3790DA2CB780} = {E277C41E-DE26-47CB-B0C5-8689ADFDFB89}
		{EB5C8CB2-44C8-4847-A4DA-1DAC30BBFC14} = {2780DF13-BDD3-4FC4-A5EB-FFB915255F05}
		{1AAABD43-984B-42C7-A0CF-7E395CFED7B3} = {2780DF13-BDD3-4FC4-A5EB-FFB915255F05}
		{95716A14-D4FE-458B-A0A1-F6E3753CF43C} = {86D6D957-3218-4299-AB6F-3FB164BD1C6B}
		{306B0780-E977-4FA3-B8A4-22B922141442} = {86D6D957-3218-4299-AB6F-3FB164BD1C6B}
		{EAA397BC-2D9F-4053-82D7-45693E833AF7} = {86D6D957-3218-4299-AB6F-3FB164BD1C6B}
		{6E2655C7-73B9-4124-918C-1EAF9F712BCF} = {86D6D957-3218-4299-AB6F-3FB164BD1C6B}
		{CD4E142C-BD98-46A5-BC65-C4C71918DF88} = {86D6D957-3218-4299-AB6F-3FB164BD1C6B}
		{D95D1B95-238B-4F6D-A989-2F586B684D1F} = {86D6D957-3218-4299-AB6F-3FB164BD1C6B}
		{89F29C46-D8A7-431B-9A34-ECB2504008AA} = {2780DF13-BDD3-4FC4-A5EB-FFB915255F05}
	EndGlobalSection
	GlobalSection(ExtensibilityGlobals) = postSolution
		SolutionGuid = {80AB26C7-63C8-4E0F-B40C-21B9AEE7EE41}
	EndGlobalSection
	GlobalSection(SharedMSBuildProjectFiles) = preSolution
		Bridges\Shared\Shared.vcxitems*{59d7f386-8018-44bc-b2bd-6ab32a264ee1}*SharedItemsImports = 9
		Bridges\Shared\Shared.vcxitems*{88e8ae97-d78c-4dc3-9823-faad5fc4110f}*SharedItemsImports = 4
		Bridges\Shared\Shared.vcxitems*{c2228fa7-aae7-40a9-b858-dd2b62871928}*SharedItemsImports = 4
	EndGlobalSection
EndGlobal
