
Microsoft Visual Studio Solution File, Format Version 12.00
# Visual Studio Version 17
VisualStudioVersion = 17.2.32630.192
MinimumVisualStudioVersion = 10.0.40219.1
Project("{2150E333-8FDC-42A3-9474-1A3956D46DE8}") = "Runtimes", "Runtimes", "{2979B369-318B-4DE4-A115-75D00294725E}"
EndProject
Project("{9A19103F-16F7-4668-BE54-9A1E7A4F7556}") = "ViewFaceCore.runtime.linux.arm", "..\Runtimes\ViewFaceCore.runtime.linux.arm\ViewFaceCore.runtime.linux.arm.csproj", "{15865546-0F5D-47B1-8A75-EE71F44335CF}"
EndProject
Project("{9A19103F-16F7-4668-BE54-9A1E7A4F7556}") = "ViewFaceCore.runtime.linux.arm64", "..\Runtimes\ViewFaceCore.runtime.linux.arm64\ViewFaceCore.runtime.linux.arm64.csproj", "{FBA3CDDA-AFBD-4894-9506-276A6BA1C639}"
EndProject
Project("{9A19103F-16F7-4668-BE54-9A1E7A4F7556}") = "ViewFaceCore.runtime.ubuntu.20.04.x64", "..\Runtimes\ViewFaceCore.runtime.ubuntu.20.04.x64\ViewFaceCore.runtime.ubuntu.20.04.x64.csproj", "{4EFC0241-3640-4A86-A20F-2A77D241A831}"
EndProject
Project("{9A19103F-16F7-4668-BE54-9A1E7A4F7556}") = "ViewFaceCore.runtime.win.vc", "..\Runtimes\ViewFaceCore.runtime.win.vc\ViewFaceCore.runtime.win.vc.csproj", "{9C25A9CE-43AC-4AD0-A125-5D138A76A000}"
EndProject
Project("{9A19103F-16F7-4668-BE54-9A1E7A4F7556}") = "ViewFaceCore.runtime.win.x64", "..\Runtimes\ViewFaceCore.runtime.win.x64\ViewFaceCore.runtime.win.x64.csproj", "{1CED5CC3-5FCA-4E84-8706-04E509FE2E61}"
EndProject
Project("{9A19103F-16F7-4668-BE54-9A1E7A4F7556}") = "ViewFaceCore.runtime.win.x86", "..\Runtimes\ViewFaceCore.runtime.win.x86\ViewFaceCore.runtime.win.x86.csproj", "{A2A4F270-F7EA-40E4-B0AC-BE3E912B7FAD}"
EndProject
Global
	GlobalSection(SolutionConfigurationPlatforms) = preSolution
		Debug|Any CPU = Debug|Any CPU
		Debug|ARM = Debug|ARM
		Debug|ARM64 = Debug|ARM64
		Debug|x64 = Debug|x64
		Debug|x86 = Debug|x86
		Release|Any CPU = Release|Any CPU
		Release|ARM = Release|ARM
		Release|ARM64 = Release|ARM64
		Release|x64 = Release|x64
		Release|x86 = Release|x86
	EndGlobalSection
	GlobalSection(ProjectConfigurationPlatforms) = postSolution
		{15865546-0F5D-47B1-8A75-EE71F44335CF}.Debug|Any CPU.ActiveCfg = Debug|Any CPU
		{15865546-0F5D-47B1-8A75-EE71F44335CF}.Debug|Any CPU.Build.0 = Debug|Any CPU
		{15865546-0F5D-47B1-8A75-EE71F44335CF}.Debug|ARM.ActiveCfg = Debug|Any CPU
		{15865546-0F5D-47B1-8A75-EE71F44335CF}.Debug|ARM.Build.0 = Debug|Any CPU
		{15865546-0F5D-47B1-8A75-EE71F44335CF}.Debug|ARM64.ActiveCfg = Debug|Any CPU
		{15865546-0F5D-47B1-8A75-EE71F44335CF}.Debug|ARM64.Build.0 = Debug|Any CPU
		{15865546-0F5D-47B1-8A75-EE71F44335CF}.Debug|x64.ActiveCfg = Debug|Any CPU
		{15865546-0F5D-47B1-8A75-EE71F44335CF}.Debug|x64.Build.0 = Debug|Any CPU
		{15865546-0F5D-47B1-8A75-EE71F44335CF}.Debug|x86.ActiveCfg = Debug|Any CPU
		{15865546-0F5D-47B1-8A75-EE71F44335CF}.Debug|x86.Build.0 = Debug|Any CPU
		{15865546-0F5D-47B1-8A75-EE71F44335CF}.Release|Any CPU.ActiveCfg = Release|Any CPU
		{15865546-0F5D-47B1-8A75-EE71F44335CF}.Release|Any CPU.Build.0 = Release|Any CPU
		{15865546-0F5D-47B1-8A75-EE71F44335CF}.Release|ARM.ActiveCfg = Release|Any CPU
		{15865546-0F5D-47B1-8A75-EE71F44335CF}.Release|ARM.Build.0 = Release|Any CPU
		{15865546-0F5D-47B1-8A75-EE71F44335CF}.Release|ARM64.ActiveCfg = Release|Any CPU
		{15865546-0F5D-47B1-8A75-EE71F44335CF}.Release|ARM64.Build.0 = Release|Any CPU
		{15865546-0F5D-47B1-8A75-EE71F44335CF}.Release|x64.ActiveCfg = Release|Any CPU
		{15865546-0F5D-47B1-8A75-EE71F44335CF}.Release|x64.Build.0 = Release|Any CPU
		{15865546-0F5D-47B1-8A75-EE71F44335CF}.Release|x86.ActiveCfg = Release|Any CPU
		{15865546-0F5D-47B1-8A75-EE71F44335CF}.Release|x86.Build.0 = Release|Any CPU
		{FBA3CDDA-AFBD-4894-9506-276A6BA1C639}.Debug|Any CPU.ActiveCfg = Debug|Any CPU
		{FBA3CDDA-AFBD-4894-9506-276A6BA1C639}.Debug|Any CPU.Build.0 = Debug|Any CPU
		{FBA3CDDA-AFBD-4894-9506-276A6BA1C639}.Debug|ARM.ActiveCfg = Debug|Any CPU
		{FBA3CDDA-AFBD-4894-9506-276A6BA1C639}.Debug|ARM.Build.0 = Debug|Any CPU
		{FBA3CDDA-AFBD-4894-9506-276A6BA1C639}.Debug|ARM64.ActiveCfg = Debug|Any CPU
		{FBA3CDDA-AFBD-4894-9506-276A6BA1C639}.Debug|ARM64.Build.0 = Debug|Any CPU
		{FBA3CDDA-AFBD-4894-9506-276A6BA1C639}.Debug|x64.ActiveCfg = Debug|Any CPU
		{FBA3CDDA-AFBD-4894-9506-276A6BA1C639}.Debug|x64.Build.0 = Debug|Any CPU
		{FBA3CDDA-AFBD-4894-9506-276A6BA1C639}.Debug|x86.ActiveCfg = Debug|Any CPU
		{FBA3CDDA-AFBD-4894-9506-276A6BA1C639}.Debug|x86.Build.0 = Debug|Any CPU
		{FBA3CDDA-AFBD-4894-9506-276A6BA1C639}.Release|Any CPU.ActiveCfg = Release|Any CPU
		{FBA3CDDA-AFBD-4894-9506-276A6BA1C639}.Release|Any CPU.Build.0 = Release|Any CPU
		{FBA3CDDA-AFBD-4894-9506-276A6BA1C639}.Release|ARM.ActiveCfg = Release|Any CPU
		{FBA3CDDA-AFBD-4894-9506-276A6BA1C639}.Release|ARM.Build.0 = Release|Any CPU
		{FBA3CDDA-AFBD-4894-9506-276A6BA1C639}.Release|ARM64.ActiveCfg = Release|Any CPU
		{FBA3CDDA-AFBD-4894-9506-276A6BA1C639}.Release|ARM64.Build.0 = Release|Any CPU
		{FBA3CDDA-AFBD-4894-9506-276A6BA1C639}.Release|x64.ActiveCfg = Release|Any CPU
		{FBA3CDDA-AFBD-4894-9506-276A6BA1C639}.Release|x64.Build.0 = Release|Any CPU
		{FBA3CDDA-AFBD-4894-9506-276A6BA1C639}.Release|x86.ActiveCfg = Release|Any CPU
		{FBA3CDDA-AFBD-4894-9506-276A6BA1C639}.Release|x86.Build.0 = Release|Any CPU
		{4EFC0241-3640-4A86-A20F-2A77D241A831}.Debug|Any CPU.ActiveCfg = Debug|Any CPU
		{4EFC0241-3640-4A86-A20F-2A77D241A831}.Debug|Any CPU.Build.0 = Debug|Any CPU
		{4EFC0241-3640-4A86-A20F-2A77D241A831}.Debug|ARM.ActiveCfg = Debug|Any CPU
		{4EFC0241-3640-4A86-A20F-2A77D241A831}.Debug|ARM.Build.0 = Debug|Any CPU
		{4EFC0241-3640-4A86-A20F-2A77D241A831}.Debug|ARM64.ActiveCfg = Debug|Any CPU
		{4EFC0241-3640-4A86-A20F-2A77D241A831}.Debug|ARM64.Build.0 = Debug|Any CPU
		{4EFC0241-3640-4A86-A20F-2A77D241A831}.Debug|x64.ActiveCfg = Debug|Any CPU
		{4EFC0241-3640-4A86-A20F-2A77D241A831}.Debug|x64.Build.0 = Debug|Any CPU
		{4EFC0241-3640-4A86-A20F-2A77D241A831}.Debug|x86.ActiveCfg = Debug|Any CPU
		{4EFC0241-3640-4A86-A20F-2A77D241A831}.Debug|x86.Build.0 = Debug|Any CPU
		{4EFC0241-3640-4A86-A20F-2A77D241A831}.Release|Any CPU.ActiveCfg = Release|Any CPU
		{4EFC0241-3640-4A86-A20F-2A77D241A831}.Release|Any CPU.Build.0 = Release|Any CPU
		{4EFC0241-3640-4A86-A20F-2A77D241A831}.Release|ARM.ActiveCfg = Release|Any CPU
		{4EFC0241-3640-4A86-A20F-2A77D241A831}.Release|ARM.Build.0 = Release|Any CPU
		{4EFC0241-3640-4A86-A20F-2A77D241A831}.Release|ARM64.ActiveCfg = Release|Any CPU
		{4EFC0241-3640-4A86-A20F-2A77D241A831}.Release|ARM64.Build.0 = Release|Any CPU
		{4EFC0241-3640-4A86-A20F-2A77D241A831}.Release|x64.ActiveCfg = Release|Any CPU
		{4EFC0241-3640-4A86-A20F-2A77D241A831}.Release|x64.Build.0 = Release|Any CPU
		{4EFC0241-3640-4A86-A20F-2A77D241A831}.Release|x86.ActiveCfg = Release|Any CPU
		{4EFC0241-3640-4A86-A20F-2A77D241A831}.Release|x86.Build.0 = Release|Any CPU
		{9C25A9CE-43AC-4AD0-A125-5D138A76A000}.Debug|Any CPU.ActiveCfg = Debug|Any CPU
		{9C25A9CE-43AC-4AD0-A125-5D138A76A000}.Debug|Any CPU.Build.0 = Debug|Any CPU
		{9C25A9CE-43AC-4AD0-A125-5D138A76A000}.Debug|ARM.ActiveCfg = Debug|Any CPU
		{9C25A9CE-43AC-4AD0-A125-5D138A76A000}.Debug|ARM.Build.0 = Debug|Any CPU
		{9C25A9CE-43AC-4AD0-A125-5D138A76A000}.Debug|ARM64.ActiveCfg = Debug|Any CPU
		{9C25A9CE-43AC-4AD0-A125-5D138A76A000}.Debug|ARM64.Build.0 = Debug|Any CPU
		{9C25A9CE-43AC-4AD0-A125-5D138A76A000}.Debug|x64.ActiveCfg = Debug|Any CPU
		{9C25A9CE-43AC-4AD0-A125-5D138A76A000}.Debug|x64.Build.0 = Debug|Any CPU
		{9C25A9CE-43AC-4AD0-A125-5D138A76A000}.Debug|x86.ActiveCfg = Debug|Any CPU
		{9C25A9CE-43AC-4AD0-A125-5D138A76A000}.Debug|x86.Build.0 = Debug|Any CPU
		{9C25A9CE-43AC-4AD0-A125-5D138A76A000}.Release|Any CPU.ActiveCfg = Release|Any CPU
		{9C25A9CE-43AC-4AD0-A125-5D138A76A000}.Release|Any CPU.Build.0 = Release|Any CPU
		{9C25A9CE-43AC-4AD0-A125-5D138A76A000}.Release|ARM.ActiveCfg = Release|Any CPU
		{9C25A9CE-43AC-4AD0-A125-5D138A76A000}.Release|ARM.Build.0 = Release|Any CPU
		{9C25A9CE-43AC-4AD0-A125-5D138A76A000}.Release|ARM64.ActiveCfg = Release|Any CPU
		{9C25A9CE-43AC-4AD0-A125-5D138A76A000}.Release|ARM64.Build.0 = Release|Any CPU
		{9C25A9CE-43AC-4AD0-A125-5D138A76A000}.Release|x64.ActiveCfg = Release|Any CPU
		{9C25A9CE-43AC-4AD0-A125-5D138A76A000}.Release|x64.Build.0 = Release|Any CPU
		{9C25A9CE-43AC-4AD0-A125-5D138A76A000}.Release|x86.ActiveCfg = Release|Any CPU
		{9C25A9CE-43AC-4AD0-A125-5D138A76A000}.Release|x86.Build.0 = Release|Any CPU
		{1CED5CC3-5FCA-4E84-8706-04E509FE2E61}.Debug|Any CPU.ActiveCfg = Debug|Any CPU
		{1CED5CC3-5FCA-4E84-8706-04E509FE2E61}.Debug|Any CPU.Build.0 = Debug|Any CPU
		{1CED5CC3-5FCA-4E84-8706-04E509FE2E61}.Debug|ARM.ActiveCfg = Debug|Any CPU
		{1CED5CC3-5FCA-4E84-8706-04E509FE2E61}.Debug|ARM.Build.0 = Debug|Any CPU
		{1CED5CC3-5FCA-4E84-8706-04E509FE2E61}.Debug|ARM64.ActiveCfg = Debug|Any CPU
		{1CED5CC3-5FCA-4E84-8706-04E509FE2E61}.Debug|ARM64.Build.0 = Debug|Any CPU
		{1CED5CC3-5FCA-4E84-8706-04E509FE2E61}.Debug|x64.ActiveCfg = Debug|Any CPU
		{1CED5CC3-5FCA-4E84-8706-04E509FE2E61}.Debug|x64.Build.0 = Debug|Any CPU
		{1CED5CC3-5FCA-4E84-8706-04E509FE2E61}.Debug|x86.ActiveCfg = Debug|Any CPU
		{1CED5CC3-5FCA-4E84-8706-04E509FE2E61}.Debug|x86.Build.0 = Debug|Any CPU
		{1CED5CC3-5FCA-4E84-8706-04E509FE2E61}.Release|Any CPU.ActiveCfg = Release|Any CPU
		{1CED5CC3-5FCA-4E84-8706-04E509FE2E61}.Release|Any CPU.Build.0 = Release|Any CPU
		{1CED5CC3-5FCA-4E84-8706-04E509FE2E61}.Release|ARM.ActiveCfg = Release|Any CPU
		{1CED5CC3-5FCA-4E84-8706-04E509FE2E61}.Release|ARM.Build.0 = Release|Any CPU
		{1CED5CC3-5FCA-4E84-8706-04E509FE2E61}.Release|ARM64.ActiveCfg = Release|Any CPU
		{1CED5CC3-5FCA-4E84-8706-04E509FE2E61}.Release|ARM64.Build.0 = Release|Any CPU
		{1CED5CC3-5FCA-4E84-8706-04E509FE2E61}.Release|x64.ActiveCfg = Release|Any CPU
		{1CED5CC3-5FCA-4E84-8706-04E509FE2E61}.Release|x64.Build.0 = Release|Any CPU
		{1CED5CC3-5FCA-4E84-8706-04E509FE2E61}.Release|x86.ActiveCfg = Release|Any CPU
		{1CED5CC3-5FCA-4E84-8706-04E509FE2E61}.Release|x86.Build.0 = Release|Any CPU
		{A2A4F270-F7EA-40E4-B0AC-BE3E912B7FAD}.Debug|Any CPU.ActiveCfg = Debug|Any CPU
		{A2A4F270-F7EA-40E4-B0AC-BE3E912B7FAD}.Debug|Any CPU.Build.0 = Debug|Any CPU
		{A2A4F270-F7EA-40E4-B0AC-BE3E912B7FAD}.Debug|ARM.ActiveCfg = Debug|Any CPU
		{A2A4F270-F7EA-40E4-B0AC-BE3E912B7FAD}.Debug|ARM.Build.0 = Debug|Any CPU
		{A2A4F270-F7EA-40E4-B0AC-BE3E912B7FAD}.Debug|ARM64.ActiveCfg = Debug|Any CPU
		{A2A4F270-F7EA-40E4-B0AC-BE3E912B7FAD}.Debug|ARM64.Build.0 = Debug|Any CPU
		{A2A4F270-F7EA-40E4-B0AC-BE3E912B7FAD}.Debug|x64.ActiveCfg = Debug|Any CPU
		{A2A4F270-F7EA-40E4-B0AC-BE3E912B7FAD}.Debug|x64.Build.0 = Debug|Any CPU
		{A2A4F270-F7EA-40E4-B0AC-BE3E912B7FAD}.Debug|x86.ActiveCfg = Debug|Any CPU
		{A2A4F270-F7EA-40E4-B0AC-BE3E912B7FAD}.Debug|x86.Build.0 = Debug|Any CPU
		{A2A4F270-F7EA-40E4-B0AC-BE3E912B7FAD}.Release|Any CPU.ActiveCfg = Release|Any CPU
		{A2A4F270-F7EA-40E4-B0AC-BE3E912B7FAD}.Release|Any CPU.Build.0 = Release|Any CPU
		{A2A4F270-F7EA-40E4-B0AC-BE3E912B7FAD}.Release|ARM.ActiveCfg = Release|Any CPU
		{A2A4F270-F7EA-40E4-B0AC-BE3E912B7FAD}.Release|ARM.Build.0 = Release|Any CPU
		{A2A4F270-F7EA-40E4-B0AC-BE3E912B7FAD}.Release|ARM64.ActiveCfg = Release|Any CPU
		{A2A4F270-F7EA-40E4-B0AC-BE3E912B7FAD}.Release|ARM64.Build.0 = Release|Any CPU
		{A2A4F270-F7EA-40E4-B0AC-BE3E912B7FAD}.Release|x64.ActiveCfg = Release|Any CPU
		{A2A4F270-F7EA-40E4-B0AC-BE3E912B7FAD}.Release|x64.Build.0 = Release|Any CPU
		{A2A4F270-F7EA-40E4-B0AC-BE3E912B7FAD}.Release|x86.ActiveCfg = Release|Any CPU
		{A2A4F270-F7EA-40E4-B0AC-BE3E912B7FAD}.Release|x86.Build.0 = Release|Any CPU
	EndGlobalSection
	GlobalSection(SolutionProperties) = preSolution
		HideSolutionNode = FALSE
	EndGlobalSection
	GlobalSection(NestedProjects) = preSolution
		{15865546-0F5D-47B1-8A75-EE71F44335CF} = {2979B369-318B-4DE4-A115-75D00294725E}
		{FBA3CDDA-AFBD-4894-9506-276A6BA1C639} = {2979B369-318B-4DE4-A115-75D00294725E}
		{4EFC0241-3640-4A86-A20F-2A77D241A831} = {2979B369-318B-4DE4-A115-75D00294725E}
		{9C25A9CE-43AC-4AD0-A125-5D138A76A000} = {2979B369-318B-4DE4-A115-75D00294725E}
		{1CED5CC3-5FCA-4E84-8706-04E509FE2E61} = {2979B369-318B-4DE4-A115-75D00294725E}
		{A2A4F270-F7EA-40E4-B0AC-BE3E912B7FAD} = {2979B369-318B-4DE4-A115-75D00294725E}
	EndGlobalSection
	GlobalSection(ExtensibilityGlobals) = postSolution
		SolutionGuid = {80AB26C7-63C8-4E0F-B40C-21B9AEE7EE41}
	EndGlobalSection
EndGlobal
